dependencies:
- name: mariadb
  repository: https://charts.eu-de-2.cloud.sap
  version: 0.3.33
- name: memcached
  repository: https://charts.eu-de-2.cloud.sap
  version: 0.0.6
- name: mysql_metrics
  repository: https://charts.eu-de-2.cloud.sap
  version: 0.2.7
- name: rabbitmq
  repository: https://charts.eu-de-2.cloud.sap
  version: 0.2.8
- name: rabbitmq
  repository: https://charts.eu-de-2.cloud.sap
  version: 0.2.8
- name: region_check
  repository: https://charts.eu-de-2.cloud.sap
  version: 0.1.2
- name: utils
  repository: https://charts.eu-de-2.cloud.sap
  version: 0.3.1
digest: sha256:750a6428a4eb46811cd18c6e4a09d4ce629810e2f2a306fd5a1f0d086d9f172d
generated: "2022-02-09T15:51:04.193307+01:00"
