dependencies:
- name: mariadb
  repository: https://charts.eu-de-2.cloud.sap
  version: 0.3.10
- name: memcached
  repository: https://charts.eu-de-2.cloud.sap
  version: 0.0.3
- name: mysql_metrics
  repository: https://charts.eu-de-2.cloud.sap
  version: 0.2.3
- name: rabbitmq
  repository: https://charts.eu-de-2.cloud.sap
  version: 0.1.9
- name: rabbitmq
  repository: https://charts.eu-de-2.cloud.sap
  version: 0.1.9
- name: region_check
  repository: https://charts.eu-de-2.cloud.sap
  version: 0.1.2
- name: utils
  repository: file://../../openstack/utils
  version: 0.1.1
digest: sha256:2e81a909f5083702725d5ffe7edfa8c0c5979f2a9ae4eab7b2f5206a41a1a951
generated: 2021-05-07T12:45:11.636486459+02:00
