dependencies:
- name: owner-info
  repository: oci://keppel.eu-de-1.cloud.sap/ccloud-helm
  version: 1.0.0
- name: chorus
  repository: oci://harbor.clyso.com/chorus
  version: 0.4.0
digest: sha256:43696d3f3b0c928709bd4b62e6c8cd89548eb458d70ee32a777ef6fa4d9a4013
generated: "2026-10-08T15:10:26.682668+02:00"
