dependencies:
- name: labels-injector
  repository: oci://keppel.eu-de-1.cloud.sap/ccloud-ghcr-io-mirror/cobaltcore-dev/charts
  version: 0.1.1
- name: owner-info
  repository: oci://keppel.eu-de-1.cloud.sap/ccloud-helm
  version: 1.0.0
digest: sha256:35679fb91d3632d8b82a9fa4bacbf2aa77fe746d883bcb38f6972a477820caa4
generated: "2025-12-10T14:08:00.050785-05:00"
