dependencies:
- name: labels-injector
  repository: oci://keppel.eu-de-1.cloud.sap/ccloud-ghcr-io-mirror/cobaltcore-dev/charts
  version: 0.1.4
- name: owner-info
  repository: oci://keppel.eu-de-1.cloud.sap/ccloud-helm
  version: 1.0.0
digest: sha256:718fc5fbf14b52ba6f26d5a721314132e84d4043566e16f3fe28049a65d7111a
generated: "2026-01-29T21:29:32.455084771Z"
