dependencies:
- name: labels-injector
  repository: oci://keppel.eu-de-1.cloud.sap/ccloud-helm
  version: 0.1.0
- name: owner-info
  repository: oci://keppel.eu-de-1.cloud.sap/ccloud-helm
  version: 1.0.0
digest: sha256:9b818cfe6d453445faf7a6ae0f6e2c14cdd6af7ed303f3811f5916f0d04c9b72
generated: "2025-07-09T14:44:59.149245298+02:00"
