dependencies:
- name: cc-rbac
  repository: https://charts.eu-de-2.cloud.sap
  version: 0.2.7
- name: ccauth
  repository: https://charts.eu-de-2.cloud.sap
  version: 0.1.3
- name: disco
  repository: https://charts.eu-de-2.cloud.sap
  version: 2.0.2
- name: kube-fip-controller
  repository: https://charts.eu-de-2.cloud.sap
  version: 1.0.3
- name: ingress-nginx
  repository: https://kubernetes.github.io/ingress-nginx
  version: 4.5.2
- name: ingress-nginx
  repository: https://kubernetes.github.io/ingress-nginx
  version: 4.5.2
- name: node-problem-detector
  repository: https://charts.eu-de-2.cloud.sap
  version: 1.3.10
- name: prometheus-crds
  repository: https://charts.eu-de-2.cloud.sap
  version: 4.0.0
- name: cert-manager
  repository: https://charts.jetstack.io
  version: v1.11.0
- name: digicert-issuer
  repository: https://charts.eu-de-2.cloud.sap
  version: 2.2.2
- name: metrics-server
  repository: https://kubernetes-sigs.github.io/metrics-server
  version: 3.8.3
- name: vertical-pod-autoscaler
  repository: https://charts.eu-de-2.cloud.sap
  version: 3.0.0
- name: maintenance-controller
  repository: https://charts.eu-de-2.cloud.sap
  version: 0.6.1
- name: ldap-named-user
  repository: https://charts.eu-de-2.cloud.sap
  version: 0.1.0
- name: owner-info
  repository: https://charts.eu-de-2.cloud.sap
  version: 0.2.0
- name: owner-label-injector
  repository: https://charts.eu-de-2.cloud.sap
  version: 0.0.8
- name: endpoint-watcher
  repository: https://charts.eu-de-2.cloud.sap
  version: 0.1.0
- name: vpa-butler
  repository: https://charts.eu-de-2.cloud.sap
  version: 0.2.0
- name: toolbox-prepull
  repository: https://charts.eu-de-2.cloud.sap
  version: 1.0.6
digest: sha256:eb08f76427b13af9a03e8d27e2a3a5786882f272dd58eaafc3af068f28386eb5
generated: "2023-06-23T12:27:19.926255+03:00"
