dependencies:
- name: container-linux-update-operator
  repository: https://charts.eu-de-2.cloud.sap
  version: v0.0.1
- name: dex
  repository: https://charts.eu-de-2.cloud.sap
  version: 0.8.0
- name: kubernetes-dashboard
  repository: https://kubernetes-charts.storage.googleapis.com
  version: 1.10.0
- name: nginx-ingress
  repository: https://kubernetes-charts.storage.googleapis.com
  version: 1.24.1
- name: node-problem-detector
  repository: https://charts.eu-de-2.cloud.sap
  version: 1.2.1
- name: vice-president
  repository: https://charts.eu-de-2.cloud.sap
  version: 1.0.9
- name: sysctl
  repository: https://charts.eu-de-2.cloud.sap
  version: 0.0.1
- name: disco
  repository: https://charts.eu-de-2.cloud.sap
  version: 1.1.2
digest: sha256:019b54a0c3f08ebb56e11e0af7b691bda78a7bd0b56a634e9928ded1aa3e9cc5
generated: 2019-10-08T11:52:21.564093513+02:00
