dependencies:
- name: cc-rbac
  repository: https://charts.eu-de-2.cloud.sap
  version: 0.1.0
- name: ccauth
  repository: https://charts.eu-de-2.cloud.sap
  version: 0.0.5
- name: disco
  repository: https://charts.eu-de-2.cloud.sap
  version: 1.3.6
- name: kube-fip-controller
  repository: https://charts.eu-de-2.cloud.sap
  version: 0.1.10
- name: nginx-ingress
  repository: https://kubernetes-charts.storage.googleapis.com
  version: 1.24.1
- name: node-problem-detector
  repository: https://charts.eu-de-2.cloud.sap
  version: 1.2.2
- name: prometheus-crds
  repository: https://charts.eu-de-2.cloud.sap
  version: 1.0.0
- name: vice-president
  repository: https://charts.eu-de-2.cloud.sap
  version: 1.1.4
digest: sha256:f0058db663b41db4292f63175f3b48964358b1e714341b81ea183dc6ca5bd5bc
generated: "2020-02-08T07:25:20.841119381Z"
