dependencies:
- name: prometheus-server
  repository: https://charts.eu-de-2.cloud.sap
  version: 7.2.5
- name: thanos
  repository: https://charts.eu-de-2.cloud.sap
  version: 0.4.10
- name: owner-info
  repository: https://charts.eu-de-2.cloud.sap
  version: 0.2.0
digest: sha256:2d7828a6a11fec98ab8656f4cd953a6521cc97ec711ad69b90cc8819741fe124
generated: "2023-08-24T15:21:09.895955+02:00"
