dependencies:
- name: dual-deployment-operator
  repository: oci://keppel.global.cloud.sap/i-cant-believe-its-not-cloud-infrastructure-dev/helm-dual-deployment-operator
  version: 0.1.0
digest: sha256:ca766e81bce84ee8c97b3206706e35041eb631b5fc03243f878fa214b4772d1b
generated: "2026-09-23T13:36:00.159498+02:00"
