dependencies:
- name: utils
  repository: oci://keppel.eu-de-1.cloud.sap/ccloud-helm
  version: 0.19.7
- name: owner-info
  repository: oci://keppel.eu-de-1.cloud.sap/ccloud-helm
  version: 1.0.0
- name: kvm-cinder-netapp-operator
  repository: oci://keppel.eu-de-1.cloud.sap/ccloud-helm
  version: 0.4.3
digest: sha256:568d4a95fbcaa2280ad4b4e511b1e097b315a71e8a846cd1c007df00424777df
generated: "2026-02-25T15:22:39.661549772+01:00"
