dependencies:
- name: utils
  repository: oci://keppel.eu-de-1.cloud.sap/ccloud-helm
  version: 0.19.7
- name: owner-info
  repository: oci://keppel.eu-de-1.cloud.sap/ccloud-helm
  version: 1.0.0
- name: kvm-cinder-netapp-operator
  repository: oci://keppel.eu-de-1.cloud.sap/ccloud-helm
  version: 0.4.5
digest: sha256:3c5897ad64f202da4d80b815f3a221a443c8ac28862eddbb99ba290b2f61c881
generated: "2026-04-08T16:31:56.698940958+02:00"
