dependencies:
- name: utils
  repository: oci://keppel.eu-de-1.cloud.sap/ccloud-helm
  version: 0.19.7
- name: owner-info
  repository: oci://keppel.eu-de-1.cloud.sap/ccloud-helm
  version: 1.0.0
- name: kvm-cinder-netapp-operator
  repository: oci://keppel.eu-de-1.cloud.sap/ccloud-helm
  version: 0.4.1
digest: sha256:8e75c0ab0863be2351f73d4c2f060adcd1a469285ecc67f5220a2cbc107bb7cb
generated: "2026-02-02T14:32:13.557542+01:00"
