dependencies:
- name: owner-info
  repository: oci://keppel.eu-de-1.cloud.sap/ccloud-helm
  version: 1.0.0
- name: vertical-pod-autoscaler
  repository: oci://keppel.eu-de-1.cloud.sap/ccloud-helm
  version: 4.0.6
- name: vpa-butler
  repository: oci://keppel.eu-de-1.cloud.sap/ccloud-helm
  version: 0.3.9
- name: descheduler
  repository: oci://keppel.eu-de-1.cloud.sap/ccloud-helm
  version: 0.23.8
digest: sha256:8ff583053b34ead2bec99d268944495450c9f23ff8f1746b6d0bf4cde30a2188
generated: "2025-01-21T17:00:23.139238+01:00"
