dependencies:
- name: owner-info
  repository: oci://keppel.eu-de-1.cloud.sap/ccloud-helm
  version: 1.0.0
- name: vertical-pod-autoscaler
  repository: oci://keppel.eu-de-1.cloud.sap/ccloud-helm
  version: 4.1.1
- name: vpa-butler
  repository: oci://keppel.eu-de-1.cloud.sap/ccloud-helm
  version: 0.3.11
- name: descheduler
  repository: oci://keppel.eu-de-1.cloud.sap/ccloud-helm
  version: 0.23.8
digest: sha256:860e6476f25bf92ec0d9782c779a57e7d3d6f701d57ed43f438baffd6a089ee6
generated: "2025-05-09T08:42:28.089130133Z"
