dependencies:
- name: owner-info
  repository: oci://keppel.eu-de-1.cloud.sap/ccloud-helm
  version: 1.0.0
- name: vertical-pod-autoscaler
  repository: oci://keppel.eu-de-1.cloud.sap/ccloud-helm
  version: 4.2.0
- name: vpa-butler
  repository: oci://keppel.eu-de-1.cloud.sap/ccloud-helm
  version: 0.3.11
- name: descheduler
  repository: oci://keppel.eu-de-1.cloud.sap/ccloud-helm
  version: 0.23.8
digest: sha256:9357ab37c361647f3f49d6d2aa136332c9e97bf582c6c09d1e7bed89bddc42f4
generated: "2025-10-08T14:17:58.7151749Z"
