dependencies:
- name: absent-metrics-operator
  repository: oci://keppel.eu-de-1.cloud.sap/ccloud-helm
  version: 1.0.4
- name: kube-state-metrics
  repository: https://prometheus-community.github.io/helm-charts
  version: 5.30.1
- name: kube-state-metrics-exporter
  repository: oci://keppel.eu-de-1.cloud.sap/ccloud-helm
  version: 1.0.0
- name: ntp-exporter
  repository: oci://keppel.eu-de-1.cloud.sap/ccloud-helm
  version: 2.6.2
- name: oomkill-exporter
  repository: oci://keppel.eu-de-1.cloud.sap/ccloud-helm
  version: 1.1.0
- name: prometheus-crds
  repository: oci://keppel.eu-de-1.cloud.sap/ccloud-helm
  version: 6.5.0
- name: prometheus-kubernetes-rules
  repository: oci://keppel.eu-de-1.cloud.sap/ccloud-helm
  version: 1.10.2
- name: prometheus-node-exporter
  repository: https://prometheus-community.github.io/helm-charts
  version: 4.44.1
- name: prometheus-scaleout-rules
  repository: oci://keppel.eu-de-1.cloud.sap/ccloud-helm
  version: 1.0.0
- name: http-keep-alive-monitor
  repository: oci://keppel.eu-de-1.cloud.sap/ccloud-helm
  version: 1.0.0
- name: blackbox-exporter
  repository: oci://keppel.eu-de-1.cloud.sap/ccloud-helm
  version: 2.3.2
- name: owner-info
  repository: oci://keppel.eu-de-1.cloud.sap/ccloud-helm
  version: 1.0.0
- name: falco
  repository: https://falcosecurity.github.io/charts
  version: 4.19.0
- name: kubelet-stats-metrics
  repository: oci://keppel.eu-de-1.cloud.sap/ccloud-helm
  version: 1.0.0
- name: x509-certificate-exporter
  repository: https://charts.enix.io
  version: 3.13.0
digest: sha256:cf941c3bdd2bbc1851a322a6f27c8ce21336625b1c8a8facb1a4a8202139af3e
generated: "2025-04-24T11:46:26.754327635Z"
