dependencies:
- name: absent-metrics-operator
  repository: https://charts.eu-de-2.cloud.sap
  version: 0.9.11
- name: event-exporter
  repository: https://charts.eu-de-2.cloud.sap
  version: 0.3.2
- name: fluent-bit
  repository: https://fluent.github.io/helm-charts
  version: 0.39.0
- name: k8s-secrets-certificate-exporter
  repository: https://charts.eu-de-2.cloud.sap
  version: 1.4.3
- name: kube-state-metrics
  repository: https://prometheus-community.github.io/helm-charts
  version: 5.13.0
- name: kube-state-metrics-exporter
  repository: https://charts.eu-de-2.cloud.sap
  version: 0.1.7
- name: ntp-exporter
  repository: https://charts.eu-de-2.cloud.sap
  version: 2.5.0
- name: oomkill-exporter
  repository: https://charts.eu-de-2.cloud.sap
  version: 0.5.8
- name: prometheus-crds
  repository: https://charts.eu-de-2.cloud.sap
  version: 6.2.0
- name: prometheus-kubernetes-rules
  repository: https://charts.eu-de-2.cloud.sap
  version: 1.7.11
- name: prometheus-node-exporter
  repository: https://prometheus-community.github.io/helm-charts
  version: 4.6.0
- name: prometheus-scaleout-rules
  repository: https://charts.eu-de-2.cloud.sap
  version: 0.1.0
- name: http-keep-alive-monitor
  repository: https://charts.eu-de-2.cloud.sap
  version: 0.4.6
- name: blackbox-exporter
  repository: https://charts.eu-de-2.cloud.sap
  version: 2.2.2
- name: owner-info
  repository: https://charts.eu-de-2.cloud.sap
  version: 0.2.0
- name: falco
  repository: https://falcosecurity.github.io/charts
  version: 3.8.4
- name: kubelet-stats-metrics
  repository: https://charts.eu-de-2.cloud.sap
  version: 0.1.5
digest: sha256:917eb6c5fc0702b02a3690d4874a8f4ae4c00ee35fb29e0dbab3348b64de995c
generated: "2024-02-07T09:19:34.864326+01:00"
