dependencies:
- name: absent-metrics-operator
  repository: oci://keppel.eu-de-1.cloud.sap/ccloud-helm
  version: 1.0.5
- name: kube-state-metrics
  repository: https://prometheus-community.github.io/helm-charts
  version: 5.30.1
- name: kube-state-metrics-exporter
  repository: oci://keppel.eu-de-1.cloud.sap/ccloud-helm
  version: 1.0.0
- name: ntp-exporter
  repository: oci://keppel.eu-de-1.cloud.sap/ccloud-helm
  version: 2.6.2
- name: oomkill-exporter
  repository: oci://keppel.eu-de-1.cloud.sap/ccloud-helm
  version: 1.1.0
- name: prometheus-crds
  repository: oci://keppel.eu-de-1.cloud.sap/ccloud-helm
  version: 6.5.0
- name: prometheus-kubernetes-rules
  repository: oci://keppel.eu-de-1.cloud.sap/ccloud-helm
  version: 1.10.4
- name: prometheus-node-exporter
  repository: https://prometheus-community.github.io/helm-charts
  version: 4.46.0
- name: prometheus-scaleout-rules
  repository: oci://keppel.eu-de-1.cloud.sap/ccloud-helm
  version: 1.0.0
- name: http-keep-alive-monitor
  repository: oci://keppel.eu-de-1.cloud.sap/ccloud-helm
  version: 1.0.0
- name: blackbox-exporter
  repository: oci://keppel.eu-de-1.cloud.sap/ccloud-helm
  version: 2.3.3
- name: owner-info
  repository: oci://keppel.eu-de-1.cloud.sap/ccloud-helm
  version: 1.0.0
- name: falco
  repository: https://falcosecurity.github.io/charts
  version: 4.21.3
- name: kubelet-stats-metrics
  repository: oci://keppel.eu-de-1.cloud.sap/ccloud-helm
  version: 1.0.0
- name: x509-certificate-exporter
  repository: https://charts.enix.io
  version: 3.13.0
digest: sha256:e6ae799e8bf918a643134d20f15ee122166fa4893d74bc68150d66adedf6e5d6
generated: "2025-07-14T14:14:23.163410989Z"
