dependencies:
- name: prometheus-operator
  repository: https://kubernetes-charts.storage.googleapis.com
  version: 8.3.1
- name: blackbox-exporter
  repository: https://charts.eu-de-2.cloud.sap
  version: 1.0.5
- name: event-exporter
  repository: https://charts.eu-de-2.cloud.sap
  version: 0.1.2
- name: fluent-bit
  repository: https://kubernetes-charts.storage.googleapis.com
  version: 2.7.1
- name: kube-state-metrics
  repository: https://kubernetes-charts.storage.googleapis.com
  version: 2.4.1
- name: k8s-secrets-certificate-exporter
  repository: https://charts.eu-de-2.cloud.sap
  version: 1.0.0
- name: ntp-exporter
  repository: https://charts.eu-de-2.cloud.sap
  version: 1.1.0
- name: oomkill-exporter
  repository: https://charts.eu-de-2.cloud.sap
  version: 0.1.2
- name: prometheus-node-exporter
  repository: https://kubernetes-charts.storage.googleapis.com
  version: 1.8.0
- name: prometheus-server
  repository: https://charts.eu-de-2.cloud.sap
  version: 3.3.3
- name: prometheus-kubernetes-rules
  repository: https://charts.eu-de-2.cloud.sap
  version: 1.0.15
- name: prometheus-scaleout-rules
  repository: https://charts.eu-de-2.cloud.sap
  version: 0.1.0
- name: grafana-dashboards-kubernetes
  repository: https://charts.eu-de-2.cloud.sap
  version: 0.1.4
- name: prometheus-crds
  repository: https://charts.eu-de-2.cloud.sap
  version: 1.0.0
- name: watchcache-exporter
  repository: https://charts.eu-de-2.cloud.sap
  version: 0.1.2
digest: sha256:c7145dc95d18f0a7f3700aa0c37d501810796e9629d4079dc0bb80d4b576043c
generated: 2019-12-05T10:15:00.028117053+01:00
