dependencies:
- name: mariadb
  repository: oci://keppel.eu-de-1.cloud.sap/ccloud-helm
  version: 0.18.2
- name: memcached
  repository: oci://keppel.eu-de-1.cloud.sap/ccloud-helm
  version: 0.5.3
- name: mysql_metrics
  repository: oci://keppel.eu-de-1.cloud.sap/ccloud-helm
  version: 0.3.6
- name: rabbitmq
  repository: oci://keppel.eu-de-1.cloud.sap/ccloud-helm
  version: 0.17.1
- name: utils
  repository: oci://keppel.eu-de-1.cloud.sap/ccloud-helm
  version: 0.25.0
- name: owner-info
  repository: oci://keppel.eu-de-1.cloud.sap/ccloud-helm
  version: 1.0.0
- name: redis
  repository: oci://keppel.eu-de-1.cloud.sap/ccloud-helm
  version: 1.5.3
- name: linkerd-support
  repository: oci://keppel.eu-de-1.cloud.sap/ccloud-helm
  version: 1.0.0
digest: sha256:f75002f478a5300adf9a0511d64a3e53b148268962d6219a07fd8942229a4a9a
generated: "2025-03-25T14:47:14.171608+01:00"
