dependencies:
- name: mariadb
  repository: https://charts.eu-de-2.cloud.sap
  version: 0.3.33
- name: memcached
  repository: https://charts.eu-de-2.cloud.sap
  version: 0.0.6
- name: mysql_metrics
  repository: https://charts.eu-de-2.cloud.sap
  version: 0.2.7
- name: rabbitmq
  repository: https://charts.eu-de-2.cloud.sap
  version: 0.2.3
- name: rabbitmq
  repository: https://charts.eu-de-2.cloud.sap
  version: 0.2.3
- name: region_check
  repository: https://charts.eu-de-2.cloud.sap
  version: 0.1.2
- name: utils
  repository: https://charts.eu-de-2.cloud.sap
  version: 0.3.0
- name: redis
  repository: https://charts.eu-de-2.cloud.sap
  version: 1.1.4
digest: sha256:9a20d364e1578b3ee45d7609fb4cfbe180db67f92d9f54e81c6c615c5519ede6
generated: "2021-12-13T17:33:28.472637+01:00"
