dependencies:
- name: postgresql
  repository: file://../../common/postgresql
  version: 0.3.0
- name: pgmetrics
  repository: file://../../common/pgmetrics
  version: 0.1.0
- name: rabbitmq
  repository: https://charts.eu-de-2.cloud.sap
  version: 0.1.1
- name: memcached
  repository: https://charts.eu-de-2.cloud.sap
  version: 0.0.2
- name: rabbitmq
  repository: https://charts.eu-de-2.cloud.sap
  version: 0.1.1
- name: utils
  repository: file://../../openstack/utils
  version: 0.1.1
- name: region_check
  repository: file://../../common/region_check
  version: 0.1.0
digest: sha256:9ca2cad8b0774380b2e1ec73b93aac137bc94e01959b8dccbbaa03baee2fafc3
generated: 2019-11-11T15:47:22.586489918+01:00
