dependencies:
- name: postgresql
  repository: file://../../common/postgresql
  version: 0.3.0
- name: pgmetrics
  repository: file://../../common/pgmetrics
  version: 0.1.0
- name: rabbitmq
  repository: file://../../common/rabbitmq
  version: 0.1.0
- name: utils
  repository: file://../../openstack/utils
  version: 0.1.1
digest: sha256:413edcc76d3e2e84ee78c0837b509b16a3718023e6818bb1d92f8faf6179c764
generated: 2017-12-04T13:21:23.438125+01:00
