dependencies:
- name: postgresql
  repository: file://../../common/postgresql
  version: 0.3.0
- name: pgmetrics
  repository: file://../../common/pgmetrics
  version: 0.1.0
- name: memcached
  repository: file://../../common/memcached
  version: 0.0.1
- name: rabbitmq
  repository: file://../../common/rabbitmq
  version: 0.1.0
- name: utils
  repository: file://../../openstack/utils
  version: 0.1.1
digest: sha256:3212bae437a9dd470e471b6b7bccd429a1bed7d9c71beb230b66f02b833bb50d
generated: 2018-07-19T11:13:30.016319797+02:00
