dependencies:
- name: owner-info
  repository: oci://keppel.eu-de-1.cloud.sap/ccloud-helm
  version: 0.2.0
- name: baremetal-operator-core
  repository: oci://keppel.eu-de-1.cloud.sap/ccloud-helm
  version: 0.0.1
digest: sha256:dcbd73fce725e07d9857af7c11004428f286ff00df5289616c27e334c78a2c4a
generated: "2024-03-26T13:06:31.551073+02:00"
