dependencies:
- name: owner-info
  repository: oci://keppel.eu-de-1.cloud.sap/ccloud-helm
  version: 0.2.0
- name: baremetal-operator-core
  repository: oci://keppel.eu-de-1.cloud.sap/ccloud-helm
  version: 0.0.2
digest: sha256:139d1370cd795e8c0432591c221eb52e1c822d3ab8cffe662cb81179b6812afb
generated: "2024-03-26T15:46:42.064948+02:00"
