dependencies:
- name: linkerd-control-plane
  repository: https://helm.linkerd.io/edge
  version: 2025.8.5
- name: linkerd-viz
  repository: https://helm.linkerd.io/edge
  version: 2025.8.5
- name: owner-info
  repository: oci://keppel.eu-de-1.cloud.sap/ccloud-helm
  version: 1.0.0
digest: sha256:86c7c1585ba5737de7c29318b0c3b2c52b9d4b0cb687c956ea26f28c1826c3e0
generated: "2025-10-06T10:09:16.235562+02:00"
