dependencies:
- name: linkerd-control-plane
  repository: https://helm.linkerd.io/edge
  version: 2025.1.2
- name: linkerd-viz
  repository: https://helm.linkerd.io/edge
  version: 2025.1.2
- name: owner-info
  repository: oci://keppel.eu-de-1.cloud.sap/ccloud-helm
  version: 1.0.0
digest: sha256:4b9f27a2528d2d5941f95ae8e9c8b77f48d7e2f0dfad7f12eae59d0648e079da
generated: "2025-02-10T16:45:47.028584772+01:00"
