dependencies:
- name: linkerd-crds
  repository: https://helm.linkerd.io/stable
  version: 1.8.0
- name: linkerd-control-plane
  repository: https://helm.linkerd.io/stable
  version: 1.16.9
- name: linkerd-viz
  repository: https://helm.linkerd.io/stable
  version: 30.12.9
- name: owner-info
  repository: https://charts.eu-de-2.cloud.sap
  version: 0.2.2
digest: sha256:50ac16a30f3e0b786ab12b7c385acf49d347d6e3024cdb88d923e8e541af7d6f
generated: "2024-01-17T11:21:47.471723718+01:00"
