dependencies:
- name: mariadb
  repository: oci://keppel.eu-de-1.cloud.sap/ccloud-helm
  version: 0.10.1
- name: mariadb-galera
  repository: oci://keppel.eu-de-1.cloud.sap/ccloud-helm
  version: 0.22.1
- name: memcached
  repository: oci://keppel.eu-de-1.cloud.sap/ccloud-helm
  version: 0.2.0
- name: mysql-metrics
  repository: oci://keppel.eu-de-1.cloud.sap/ccloud-helm
  version: 0.3.2
- name: owner-info
  repository: oci://keppel.eu-de-1.cloud.sap/ccloud-helm
  version: 0.2.3
- name: percona-cluster
  repository: oci://keppel.eu-de-1.cloud.sap/ccloud-helm
  version: 1.1.7
- name: redis
  repository: oci://keppel.eu-de-1.cloud.sap/ccloud-helm
  version: 1.4.4
- name: utils
  repository: oci://keppel.eu-de-1.cloud.sap/ccloud-helm
  version: 0.15.0
- name: linkerd-support
  repository: oci://keppel.eu-de-1.cloud.sap/ccloud-helm
  version: 0.1.4
digest: sha256:9584d32204290d2d1c07c5e080e60ac03ac616f03970dffb04991f375d7ad18b
generated: "2024-05-17T09:40:54.404656+02:00"
