dependencies:
- name: mariadb
  repository: oci://keppel.eu-de-1.cloud.sap/ccloud-helm
  version: 0.10.1
- name: mariadb-galera
  repository: oci://keppel.eu-de-1.cloud.sap/ccloud-helm
  version: 0.27.0
- name: memcached
  repository: oci://keppel.eu-de-1.cloud.sap/ccloud-helm
  version: 0.2.0
- name: mysql-metrics
  repository: oci://keppel.eu-de-1.cloud.sap/ccloud-helm
  version: 0.3.2
- name: owner-info
  repository: oci://keppel.eu-de-1.cloud.sap/ccloud-helm
  version: 0.2.3
- name: percona-cluster
  repository: oci://keppel.eu-de-1.cloud.sap/ccloud-helm
  version: 1.1.7
- name: redis
  repository: oci://keppel.eu-de-1.cloud.sap/ccloud-helm
  version: 1.4.4
- name: utils
  repository: oci://keppel.eu-de-1.cloud.sap/ccloud-helm
  version: 0.15.0
- name: linkerd-support
  repository: oci://keppel.eu-de-1.cloud.sap/ccloud-helm
  version: 0.1.4
digest: sha256:fabd2c439b9cc57a2d480a257bbac55377b18d9d4bb459bb446996eb99655984
generated: "2024-05-21T18:07:04.881081+02:00"
