dependencies:
- name: percona_cluster
  repository: https://charts.eu-de-2.cloud.sap
  version: 1.0.6
- name: mariadb
  repository: https://charts.eu-de-2.cloud.sap
  version: 0.2.4
- name: memcached
  repository: https://charts.eu-de-2.cloud.sap
  version: 0.0.3
- name: mysql_metrics
  repository: https://charts.eu-de-2.cloud.sap
  version: 0.2.2
- name: rabbitmq
  repository: https://charts.eu-de-2.cloud.sap
  version: 0.1.6
- name: utils
  repository: file://../../openstack/utils
  version: 0.1.1
- name: jaeger-operator
  repository: https://charts.eu-de-2.cloud.sap
  version: 0.1.0
digest: sha256:7999b2492d0edc885c79103474e0031a8fb884d9be0e62d4e4e02fd339cb7d37
generated: 2020-09-28T13:05:21.975175129+05:30
