dependencies:
- name: mariadb
  repository: https://charts.eu-de-2.cloud.sap
  version: 0.1.15
- name: memcached
  repository: https://charts.eu-de-2.cloud.sap
  version: 0.0.3
- name: mysql_metrics
  repository: https://charts.eu-de-2.cloud.sap
  version: 0.1.4
- name: rabbitmq
  repository: https://charts.eu-de-2.cloud.sap
  version: 0.1.6
digest: sha256:113e40f0d7c349a07250a4599810264a2f7a2cfc4a070a8033e6381dd30d2653
generated: "2020-06-30T08:10:04.20412668Z"
