dependencies:
- condition: ""
  enabled: false
  name: memcached
  repository: file://../../common/memcached
  tags: null
  version: 0.0.1
- condition: ""
  enabled: false
  name: postgresql
  repository: file://../../common/postgresql
  tags: null
  version: 0.3.0
digest: sha256:3eab2defe9f7e34ce24eab9dcfffb68b9b6ee41def9f04b984169c315070d221
generated: 2017-03-06T16:49:31.724694842+01:00
