dependencies:
- name: linkerd-support
  repository: oci://keppel.eu-de-1.cloud.sap/ccloud-helm
  version: 1.1.1
- name: postgresql-ng
  repository: oci://keppel.eu-de-1.cloud.sap/ccloud-helm
  version: 2.4.0
- name: pgbackup
  repository: oci://keppel.eu-de-1.cloud.sap/ccloud-helm
  version: 1.5.13
- name: pgmetrics
  repository: oci://keppel.eu-de-1.cloud.sap/ccloud-helm
  version: 2.0.83
- name: owner-info
  repository: oci://keppel.eu-de-1.cloud.sap/ccloud-helm
  version: 1.0.0
digest: sha256:0abfe9dcc462f4c75609a2eee3f3a28cd5d64a4e3267ec5247cbc194cd11f02e
generated: "2026-07-29T12:06:12.61735458Z"
