dependencies:
- name: chartmuseum
  repository: https://kubernetes-charts.storage.googleapis.com
  version: 2.1.0
- name: redis
  repository: https://kubernetes-charts.storage.googleapis.com
  version: 6.4.4
digest: sha256:921666a8b718c561f24ee9f6640fae03f587611d1f8eb35e33a687be7f217803
generated: "2020-09-09T13:13:07.645579413+02:00"
