dependencies:
- name: owner-info
  repository: oci://keppel.eu-de-1.cloud.sap/ccloud-helm
  version: 1.0.0
- name: cluster-api-core
  repository: oci://keppel.eu-de-1.cloud.sap/ccloud-helm
  version: 0.2.1
- name: controlplane-kubeadm
  repository: oci://keppel.eu-de-1.cloud.sap/ccloud-helm
  version: 0.2.1
- name: bootstrap-kubeadm
  repository: oci://keppel.eu-de-1.cloud.sap/ccloud-helm
  version: 0.2.1
- name: provider-metal3
  repository: oci://keppel.eu-de-1.cloud.sap/ccloud-helm
  version: 0.2.0
- name: provider-metal
  repository: oci://keppel.eu-de-1.cloud.sap/ccloud-helm
  version: 0.0.7
- name: provider-vsphere
  repository: oci://keppel.eu-de-1.cloud.sap/ccloud-helm
  version: 0.0.2
- name: provider-ipam
  repository: oci://keppel.eu-de-1.cloud.sap/ccloud-helm
  version: 0.0.3
- name: provider-kubernikus
  repository: oci://keppel.eu-de-1.cloud.sap/ccloud-helm
  version: 0.1.8
- name: cc-cluster
  repository: oci://keppel.eu-de-1.cloud.sap/ccloud-helm
  version: 1.1.0
- name: runtime-extension-maintenance-controller
  repository: oci://keppel.eu-de-1.cloud.sap/ccloud-helm
  version: 0.1.8
digest: sha256:427b55f8c39439ecb97ccb0794d643ad48b257214fa86c669ce4ebc8a5bb9895
generated: "2025-05-05T13:51:58.762709896Z"
