dependencies:
- name: owner-info
  repository: oci://keppel.eu-de-1.cloud.sap/ccloud-helm
  version: 1.0.0
- name: cluster-api-core
  repository: oci://keppel.eu-de-1.cloud.sap/ccloud-helm
  version: 0.2.2
- name: controlplane-kubeadm
  repository: oci://keppel.eu-de-1.cloud.sap/ccloud-helm
  version: 0.2.3
- name: bootstrap-kubeadm
  repository: oci://keppel.eu-de-1.cloud.sap/ccloud-helm
  version: 0.2.4
- name: provider-metal3
  repository: oci://keppel.eu-de-1.cloud.sap/ccloud-helm
  version: 0.2.6
- name: provider-metal
  repository: oci://keppel.eu-de-1.cloud.sap/ccloud-helm
  version: 0.0.7
- name: provider-helm
  repository: oci://keppel.eu-de-1.cloud.sap/ccloud-helm
  version: 0.0.4
- name: provider-vsphere
  repository: oci://keppel.eu-de-1.cloud.sap/ccloud-helm
  version: 0.0.2
- name: provider-ipam
  repository: oci://keppel.eu-de-1.cloud.sap/ccloud-helm
  version: 0.0.3
- name: provider-kubernikus
  repository: oci://keppel.eu-de-1.cloud.sap/ccloud-helm
  version: 0.1.9
- name: cc-cluster
  repository: oci://keppel.eu-de-1.cloud.sap/ccloud-helm
  version: 1.1.2
- name: runtime-extension-maintenance-controller
  repository: oci://keppel.eu-de-1.cloud.sap/ccloud-helm
  version: 0.1.9
digest: sha256:be1d7654f5d89d01b01dea87d4074f170f8cdd8d62705ba90b69bf1f15d206e4
generated: "2025-10-02T09:32:01.367146872Z"
