dependencies:
- name: owner-info
  repository: oci://keppel.eu-de-1.cloud.sap/ccloud-helm
  version: 1.0.0
- name: cluster-api-core
  repository: oci://keppel.eu-de-1.cloud.sap/ccloud-helm
  version: 1.0.8
- name: controlplane-kubeadm
  repository: oci://keppel.eu-de-1.cloud.sap/ccloud-helm
  version: 1.0.8
- name: bootstrap-kubeadm
  repository: oci://keppel.eu-de-1.cloud.sap/ccloud-helm
  version: 1.0.8
- name: provider-metal3
  repository: oci://keppel.eu-de-1.cloud.sap/ccloud-helm
  version: 1.0.6
- name: provider-metal
  repository: oci://keppel.eu-de-1.cloud.sap/ccloud-helm
  version: 0.2.7
- name: provider-helm
  repository: oci://keppel.eu-de-1.cloud.sap/ccloud-helm
  version: 0.1.5
- name: provider-ipam
  repository: oci://keppel.eu-de-1.cloud.sap/ccloud-helm
  version: 0.1.7
- name: provider-kubernikus
  repository: oci://keppel.eu-de-1.cloud.sap/ccloud-helm
  version: 0.2.8
- name: cc-cluster
  repository: oci://keppel.eu-de-1.cloud.sap/ccloud-helm
  version: 1.2.2
- name: runtime-extension-maintenance-controller
  repository: oci://keppel.eu-de-1.cloud.sap/ccloud-helm
  version: 0.1.9
digest: sha256:3790bcbc005b31b8b99413f1413d1fe8f868073f4d1ae65d30e528d020e189f5
generated: "2026-07-31T15:56:00.688439+02:00"
