dependencies:
- name: postgresql
  repository: file://../../common/postgresql
  version: 0.3.0
- name: pgmetrics
  repository: https://charts.eu-de-2.cloud.sap
  version: 0.4.5
- name: owner-info
  repository: https://charts.eu-de-2.cloud.sap
  version: 0.2.0
digest: sha256:aff26cfca3407ccdffa2edeb73cac48ca4e12f1e61924ddafb3bfea0db079801
generated: "2023-06-05T10:51:40.938171148+02:00"
