dependencies:
- name: cc-rbac
  repository: https://charts.eu-de-2.cloud.sap
  version: 0.2.7
- name: disco
  repository: https://charts.eu-de-2.cloud.sap
  version: 2.0.2
- name: digicert-issuer
  repository: https://charts.eu-de-2.cloud.sap
  version: 2.2.2
- name: owner-info
  repository: https://charts.eu-de-2.cloud.sap
  version: 0.2.0
- name: owner-label-injector
  repository: https://charts.eu-de-2.cloud.sap
  version: 0.0.7
- name: prometheus-crds
  repository: https://charts.eu-de-2.cloud.sap
  version: 4.0.0
digest: sha256:d7264898007f4af0815ad3c5d9e99185dc2a88406d73b0ffd1a2b523376fe5fb
generated: "2023-04-04T19:26:14.869828709+02:00"
