dependencies:
- name: es-master
  repository: file://vendor/es-master
  version: 2.0.0
- name: es-client
  repository: file://vendor/es-client
  version: 2.0.0
- name: es-data
  repository: file://vendor/es-data
  version: 2.0.1
- name: es-manager
  repository: file://vendor/es-manager
  version: 2.0.0
- name: kibana
  repository: file://vendor/kibana
  version: 2.0.0
- name: fluent
  repository: file://vendor/fluent
  version: 2.0.0
- name: fluent-systemd
  repository: file://vendor/fluent-systemd
  version: 2.0.0
- name: fluent-prometheus
  repository: file://vendor/fluent-prometheus
  version: 1.0.0
- name: fluent-scaleout
  repository: file://vendor/fluent-scaleout
  version: 1.0.0
- name: wall-e
  repository: file://vendor/wall-e
  version: 2.0.0
- name: logstash-external
  repository: file://vendor/logstash-external
  version: 1.0.0
- name: k8s-event-logger
  repository: https://kuckkuck.github.io/k8s-event-logger
  version: "1.0"
digest: sha256:8e86f13859a23d52c6544fa0a8d05e81758e836d7d66ef316eee26c9e546ca33
generated: "2022-08-18T17:40:05.149903+02:00"
