dependencies:
- name: es-master
  repository: file://vendor/es-master
  version: 2.0.0
- name: es-client
  repository: file://vendor/es-client
  version: 2.0.0
- name: es-data
  repository: file://vendor/es-data
  version: 2.0.1
- name: es-manager
  repository: file://vendor/es-manager
  version: 2.0.1
- name: kibana
  repository: file://vendor/kibana
  version: 2.0.0
- name: wall-e
  repository: file://vendor/wall-e
  version: 2.0.0
- name: owner-info
  repository: https://charts.eu-de-2.cloud.sap
  version: 0.2.0
digest: sha256:d4fb26ca8d015e2733557e041373ae39a8bd9df3262683756b1624eaec93a420
generated: "2023-12-14T09:23:09.469282+01:00"
