dependencies:
- name: es-master
  repository: file://vendor/es-master
  version: 2.0.0
- name: es-client
  repository: file://vendor/es-client
  version: 2.0.0
- name: es-data
  repository: file://vendor/es-data
  version: 2.0.1
- name: es-manager
  repository: file://vendor/es-manager
  version: 2.0.0
- name: kibana
  repository: file://vendor/kibana
  version: 2.0.0
- name: wall-e
  repository: file://vendor/wall-e
  version: 2.0.0
digest: sha256:93427491908586b99bb7b3608e8d3f9bd9d1baa594d325c350c42eb9243f3a71
generated: "2022-09-20T15:11:44.046327+02:00"
