dependencies:
- name: owner-info
  repository: oci://keppel.eu-de-1.cloud.sap/ccloud-helm
  version: 1.0.0
- name: calico
  repository: oci://keppel.eu-de-1.cloud.sap/ccloud-helm
  version: 1.0.10
- name: calico-apiserver
  repository: oci://keppel.eu-de-1.cloud.sap/ccloud-helm
  version: 0.0.2
- name: cni-nanny
  repository: oci://keppel.eu-de-1.cloud.sap/ccloud-helm
  version: 0.0.3
digest: sha256:982f4cc9141f5c579fb748c4bc097fa453177df3bbfd42f10d223be3a21e21af
generated: "2024-09-02T12:03:00.251013558Z"
