dependencies:
- name: owner-info
  repository: https://charts.eu-de-2.cloud.sap
  version: 0.2.0
- name: calico
  repository: https://charts.eu-de-2.cloud.sap
  version: 0.0.1
- name: calico-apiserver
  repository: https://charts.eu-de-2.cloud.sap
  version: 0.0.1
- name: cni-nanny
  repository: https://charts.eu-de-2.cloud.sap
  version: 0.0.1
digest: sha256:23738beefcbfaba4076cf1394884a718f87b4b0a22dacb7ebe38e846983b67a5
generated: "2024-02-08T14:58:57.151877+02:00"
