dependencies:
- name: owner-info
  repository: https://charts.eu-de-2.cloud.sap
  version: 0.2.0
- name: calico
  repository: https://charts.eu-de-2.cloud.sap
  version: 0.0.7
- name: calico-apiserver
  repository: https://charts.eu-de-2.cloud.sap
  version: 0.0.2
- name: cni-nanny
  repository: https://charts.eu-de-2.cloud.sap
  version: 0.0.2
digest: sha256:5394db1999b8f6ffd9429c8ed6b50e6190cf0a2c1f7ab5d6fa71e2ec85a2d185
generated: "2024-03-22T14:42:57.073947+02:00"
