dependencies:
- name: flatcar-linux-update-agent
  repository: file://../flatcar-linux-update-agent
  version: 0.2.4
- name: linkerd-support
  repository: oci://keppel.eu-de-1.cloud.sap/ccloud-helm
  version: 0.1.3
digest: sha256:62b098c547fdd10391a8591d1f64e07f8370fa211190564746a45781e1e863a4
generated: "2023-12-08T09:04:53.312269+01:00"
