dependencies:
- name: postgresql
  repository: file://../../common/postgresql
  version: 0.3.0
- name: pgbackup
  repository: https://charts.eu-de-2.cloud.sap
  version: 0.1.10
- name: owner-info
  repository: https://charts.eu-de-2.cloud.sap
  version: 0.2.0
digest: sha256:0ec68d35352255f2ebdb65f9e1d4c16500ad75de2f324675522362944dc9fd92
generated: "2023-03-20T16:09:02.082889927+01:00"
