dependencies:
- name: postgresql
  repository: file://../../common/postgresql
  version: 0.3.0
- name: pgbackup
  repository: https://charts.eu-de-2.cloud.sap
  version: 0.1.19
- name: owner-info
  repository: https://charts.eu-de-2.cloud.sap
  version: 0.2.0
digest: sha256:71f247f4986822dc5fa89b638f1a1d46ca9627c9ff7d00f8d94908cb5d741a4e
generated: "2023-10-27T11:45:55.610428448+02:00"
