dependencies:
- name: rabbitmq
  repository: oci://keppel.eu-de-1.cloud.sap/ccloud-helm
  version: 0.6.2
- name: rabbitmq
  repository: oci://keppel.eu-de-1.cloud.sap/ccloud-helm
  version: 0.6.2
- name: owner-info
  repository: oci://keppel.eu-de-1.cloud.sap/ccloud-helm
  version: 0.2.0
digest: sha256:c3ce29111811e590aa5e604c285dd83e2c766cc03330391bec619612a350c549
generated: "2024-06-04T16:51:18.637908+03:00"
