dependencies:
- name: rabbitmq
  repository: oci://keppel.eu-de-1.cloud.sap/ccloud-helm
  version: 0.18.0
- name: rabbitmq
  repository: oci://keppel.eu-de-1.cloud.sap/ccloud-helm
  version: 0.18.0
- name: owner-info
  repository: oci://keppel.eu-de-1.cloud.sap/ccloud-helm
  version: 0.2.0
- name: maillog
  repository: file://sub-charts/maillog
  version: 0.2.2
digest: sha256:f6ee9d6398b5138585035cd9ebd3fa75dd6e505a65b9ec76a80a119df483de70
generated: "2025-05-19T11:50:58.05047+03:00"
