dependencies:
- name: rabbitmq
  repository: https://charts.eu-de-2.cloud.sap
  version: 0.5.1
- name: rabbitmq
  repository: https://charts.eu-de-2.cloud.sap
  version: 0.5.1
- name: owner-info
  repository: https://charts.eu-de-2.cloud.sap
  version: 0.2.0
digest: sha256:8fcc6cc9be69cd0af4025f85e0a57089e1f852f06cc2945546b99eaa46391cf8
generated: "2023-02-13T10:45:11.76468+01:00"
