dependencies:
- name: prometheus-crds
  repository: https://charts.eu-de-2.cloud.sap
  version: 6.0.0
- name: kube-prometheus-stack
  repository: https://prometheus-community.github.io/helm-charts
  version: 51.0.3
- name: owner-info
  repository: https://charts.eu-de-2.cloud.sap
  version: 0.2.0
digest: sha256:c1b10b69a5fc562ffdd5226d0098e2c57f4a64dcf910c412ef6ee75286c74d37
generated: "2023-09-20T10:48:14.557758+02:00"
