dependencies:
- name: prometheus-crds
  repository: https://charts.eu-de-2.cloud.sap
  version: 6.4.0
- name: kube-prometheus-stack
  repository: https://prometheus-community.github.io/helm-charts
  version: 56.6.2
- name: owner-info
  repository: https://charts.eu-de-2.cloud.sap
  version: 0.2.0
- name: linkerd-support
  repository: oci://keppel.eu-de-1.cloud.sap/ccloud-helm
  version: 0.1.4
digest: sha256:76a556cd2db3824ff4758855d9dc4356eb5dec51ee5866ecdbb1c70a751f5af7
generated: "2024-03-21T15:58:54.548226+01:00"
