dependencies:
- name: prometheus-server
  repository: https://charts.eu-de-2.cloud.sap
  version: 6.2.3
- name: kube-state-metrics-exporter
  repository: https://charts.eu-de-2.cloud.sap
  version: 0.1.9
- name: thousandeyes-exporter
  repository: file://vendor/thousandeyes-exporter
  version: 0.1.2
- name: arista-exporter
  repository: file://vendor/arista-exporter
  version: 0.1.0
- name: atlas
  repository: file://vendor/atlas
  version: 0.1.2
- name: ipmi-exporter
  repository: file://vendor/ipmi-exporter
  version: 0.1.0
- name: vcenter-exporters
  repository: file://vendor/vcenter-exporters
  version: 0.1.0
- name: blackbox-exporter
  repository: file://vendor/blackbox-exporter
  version: 0.1.0
- name: vasa-exporter
  repository: file://vendor/vasa-exporter
  version: 1.0.0
- name: alertmanager-exporter
  repository: file://vendor/alertmanager-exporter
  version: 0.1.0
- name: px-exporter
  repository: file://vendor/px-exporter
  version: 0.1.0
- name: netbox-exporter
  repository: file://vendor/netbox-exporter
  version: 0.1.0
- name: firmware-exporter
  repository: file://vendor/firmware-exporter
  version: 0.1.1
- name: windows-exporter
  repository: file://vendor/windows-exporter
  version: 0.0.1
- name: prober-exporter
  repository: file://vendor/prober-exporter
  version: 0.1.0
digest: sha256:ec2fee013acbc5729c4da31d7cf0b26f5c93454f35d2ad91479cb1b08fb570d5
generated: "2022-06-02T11:50:54.149980142+02:00"
