dependencies:
- name: prometheus-server
  repository: oci://keppel.eu-de-1.cloud.sap/ccloud-helm
  version: 8.0.9
- name: thanos
  repository: oci://keppel.eu-de-1.cloud.sap/ccloud-helm
  version: 1.1.6
- name: blackbox-exporter
  repository: file://vendor/blackbox-exporter
  version: 0.1.0
- name: px-exporter
  repository: file://vendor/px-exporter
  version: 0.2.0
- name: firmware-exporter
  repository: file://vendor/firmware-exporter
  version: 0.1.1
- name: windows-exporter
  repository: file://vendor/windows-exporter
  version: 0.0.2
- name: prober-exporter
  repository: file://vendor/prober-exporter
  version: 0.1.1
- name: owner-info
  repository: oci://keppel.eu-de-1.cloud.sap/ccloud-helm
  version: 1.0.0
- name: linkerd-support
  repository: oci://keppel.eu-de-1.cloud.sap/ccloud-helm
  version: 1.1.1
digest: sha256:2c692b547a4ac0767ba56e52e621dfb65f950bed24d4d2cda407f04fa2b6359a
generated: "2025-09-29T13:38:22.976967+02:00"
