dependencies:
- name: prometheus-server
  repository: https://charts.eu-de-2.cloud.sap
  version: 7.0.16
- name: kube-state-metrics-exporter
  repository: https://charts.eu-de-2.cloud.sap
  version: 0.1.9
- name: thousandeyes-exporter
  repository: file://vendor/thousandeyes-exporter
  version: 0.1.2
- name: arista-exporter
  repository: file://vendor/arista-exporter
  version: 0.1.0
- name: atlas
  repository: file://vendor/atlas
  version: 0.1.2
- name: ipmi-exporter
  repository: file://vendor/ipmi-exporter
  version: 0.1.0
- name: blackbox-exporter
  repository: file://vendor/blackbox-exporter
  version: 0.1.0
- name: vasa-exporter
  repository: file://vendor/vasa-exporter
  version: 1.0.0
- name: alertmanager-exporter
  repository: file://vendor/alertmanager-exporter
  version: 0.1.0
- name: px-exporter
  repository: file://vendor/px-exporter
  version: 0.1.0
- name: netbox-exporter
  repository: file://vendor/netbox-exporter
  version: 0.1.0
- name: firmware-exporter
  repository: file://vendor/firmware-exporter
  version: 0.1.1
- name: windows-exporter
  repository: file://vendor/windows-exporter
  version: 0.0.1
- name: prober-exporter
  repository: file://vendor/prober-exporter
  version: 0.1.0
digest: sha256:ca226f6480e641d9ab4652f776bcc2ddd492383f85898f8995879510fa5b8059
generated: "2022-11-28T16:00:02.359564+01:00"
