dependencies:
- name: prometheus-server
  repository: https://charts.eu-de-2.cloud.sap
  version: 3.3.4
- name: cloudprober-exporter
  repository: file://vendor/cloudprober-exporter
  version: 0.1.0
- name: netapp-exporter
  repository: file://vendor/netapp-exporter
  version: 0.0.1
- name: netapp-cap-exporter
  repository: file://vendor/netapp-cap-exporter
  version: 0.1.0
- name: netapp-perf-exporter
  repository: file://vendor/netapp-perf-exporter
  version: 0.0.1
- name: thousandeyes-exporter
  repository: file://vendor/thousandeyes-exporter
  version: 0.1.0
- name: arista-service-discovery
  repository: file://vendor/arista-service-discovery
  version: 0.1.0
- name: arista-exporter
  repository: file://vendor/arista-exporter
  version: 0.1.0
- name: atlas
  repository: file://vendor/atlas
  version: 0.1.0
- name: snmp-exporter
  repository: file://vendor/snmp-exporter
  version: 0.1.0
- name: bios-exporter
  repository: file://vendor/bios-exporter
  version: 0.1.0
- name: apic_exporters
  repository: file://vendor/apic_exporters
  version: 1.0.0
- name: ipmi-exporter
  repository: file://vendor/ipmi-exporter
  version: 0.1.0
- name: vcenter-exporters
  repository: file://vendor/vcenter-exporters
  version: 0.1.0
- name: blackbox-exporter
  repository: file://vendor/blackbox-exporter
  version: 0.1.0
- name: ping-exporter
  repository: file://vendor/ping-exporter
  version: 0.1.0
- name: vasa-exporter
  repository: file://vendor/vasa-exporter
  version: 1.0.0
- name: alertmanager-exporter
  repository: file://vendor/alertmanager-exporter
  version: 0.1.0
- name: cablecheck-exporter
  repository: file://vendor/cablecheck-exporter
  version: 0.1.0
digest: sha256:b211bf426d68d905fb4f65478a5da9f20a29f3c204a5f845d0c6776b26f8f998
generated: 2020-01-20T09:25:35.666655+01:00
