dependencies:
- name: pyroscope
  repository: https://pyroscope-io.github.io/helm-chart
  version: 0.2.92
- name: owner-info
  repository: oci://keppel.eu-de-1.cloud.sap/ccloud-helm
  version: 0.2.3
- name: linkerd-support
  repository: oci://keppel.eu-de-1.cloud.sap/ccloud-helm
  version: 0.1.3
digest: sha256:9656093c7f2400530ed87dfc1456814bc932384e68f8f5b6b8d531daeda5d84c
generated: "2024-04-12T15:52:13.101378+02:00"
