dependencies:
- name: prometheus-server
  repository: https://charts.eu-de-2.cloud.sap
  version: 7.0.15
- name: thanos
  repository: https://charts.eu-de-2.cloud.sap
  version: 0.1.22
- name: owner-info
  repository: https://charts.eu-de-2.cloud.sap
  version: 0.2.0
digest: sha256:1a6a57ab541daf7f87967e642e8b2290b516ad8104cb2be2d9cb50fa6792e1d4
generated: "2022-11-28T14:59:01.06033+01:00"
