dependencies:
- name: prometheus-server
  repository: https://charts.eu-de-2.cloud.sap
  version: 7.0.0
- name: thanos
  repository: https://charts.eu-de-2.cloud.sap
  version: 0.1.5
- name: owner-info
  repository: https://charts.eu-de-2.cloud.sap
  version: 0.1.2
digest: sha256:3f5e7aa3db1d4976a91d9fd9f97f33f89297c6367ead5f19046fc09a8eaa5586
generated: "2022-08-10T11:04:19.854982+02:00"
