dependencies:
- name: prometheus-server
  repository: https://charts.eu-de-2.cloud.sap
  version: 7.0.15
- name: thanos
  repository: https://charts.eu-de-2.cloud.sap
  version: 0.1.19
- name: owner-info
  repository: https://charts.eu-de-2.cloud.sap
  version: 0.2.0
digest: sha256:8a296f007c45b84bc97b70d276e95ba123a5b6950b12bdd1feaf1b8f9f7f01e1
generated: "2022-11-24T16:27:08.064695+01:00"
