dependencies:
- name: concourse
  repository: https://kubernetes-charts.storage.googleapis.com/
  version: 8.2.2
- name: nginx-ingress
  repository: https://kubernetes-charts.storage.googleapis.com/
  version: 0.29.0
digest: sha256:a5eb62f00d2be013b11ada9989513bdb3f62c043af67b2e4c78439fa63802061
generated: 2019-11-14T15:25:34.437641+01:00
