dependencies:
- name: memcached
  repository: oci://keppel.eu-de-1.cloud.sap/ccloud-helm
  version: 0.6.9
- name: redis
  repository: oci://keppel.eu-de-1.cloud.sap/ccloud-helm
  version: 2.1.4
- name: kafka-sentry
  repository: oci://keppel.eu-de-1.cloud.sap/ccloud-helm
  version: 0.0.9
- name: zookeeper-sentry
  repository: oci://keppel.eu-de-1.cloud.sap/ccloud-helm
  version: 0.0.3
- name: clickhouse-sentry
  repository: oci://keppel.eu-de-1.cloud.sap/ccloud-helm
  version: 3.5.0
- name: rabbitmq
  repository: oci://keppel.eu-de-1.cloud.sap/ccloud-helm
  version: 0.19.1
- name: postgresql-ng
  repository: oci://keppel.eu-de-1.cloud.sap/ccloud-helm
  version: 1.4.1
- name: linkerd-support
  repository: oci://keppel.eu-de-1.cloud.sap/ccloud-helm
  version: 1.0.0
- name: owner-info
  repository: oci://keppel.eu-de-1.cloud.sap/ccloud-helm
  version: 1.0.0
digest: sha256:ad088310d8bc6af46ff44e8eeb54095276bcb260aacdf2bbe87d8a99a6ac047e
generated: "2025-10-21T11:46:35.121887+02:00"
