dependencies:
- name: absent-metrics-operator
  repository: oci://keppel.eu-de-1.cloud.sap/ccloud-helm
  version: 1.0.1
- name: event-exporter
  repository: oci://keppel.eu-de-1.cloud.sap/ccloud-helm
  version: 0.3.4
- name: fluent-bit
  repository: https://fluent.github.io/helm-charts
  version: 0.46.7
- name: kube-state-metrics
  repository: https://prometheus-community.github.io/helm-charts
  version: 5.25.1
- name: kube-state-metrics-exporter
  repository: oci://keppel.eu-de-1.cloud.sap/ccloud-helm
  version: 0.2.1
- name: kubernikus-monitoring
  repository: oci://keppel.eu-de-1.cloud.sap/ccloud-helm
  version: 1.2.0
- name: loki
  repository: https://grafana.github.io/helm-charts
  version: 0.25.1
- name: ntp-exporter
  repository: oci://keppel.eu-de-1.cloud.sap/ccloud-helm
  version: 2.6.2
- name: oomkill-exporter
  repository: oci://keppel.eu-de-1.cloud.sap/ccloud-helm
  version: 1.0.1
- name: ping-exporter
  repository: oci://keppel.eu-de-1.cloud.sap/ccloud-helm
  version: 0.1.1
- name: prometheus-crds
  repository: oci://keppel.eu-de-1.cloud.sap/ccloud-helm
  version: 6.5.0
- name: prometheus-kubernetes-rules
  repository: oci://keppel.eu-de-1.cloud.sap/ccloud-helm
  version: 1.9.13
- name: prometheus-node-exporter
  repository: https://prometheus-community.github.io/helm-charts
  version: 4.6.0
- name: promtail
  repository: https://grafana.github.io/helm-charts
  version: 0.18.1
- name: blackbox-exporter
  repository: oci://keppel.eu-de-1.cloud.sap/ccloud-helm
  version: 2.2.5
- name: owner-info
  repository: oci://keppel.eu-de-1.cloud.sap/ccloud-helm
  version: 0.2.0
- name: masterdata-exporter
  repository: oci://keppel.eu-de-1.cloud.sap/ccloud-helm
  version: 0.1.2
- name: falco
  repository: https://falcosecurity.github.io/charts
  version: 4.2.0
- name: kubelet-stats-metrics
  repository: oci://keppel.eu-de-1.cloud.sap/ccloud-helm
  version: 0.1.5
- name: x509-certificate-exporter
  repository: https://charts.enix.io
  version: 3.13.0
digest: sha256:c2b8ed549bf5b57bc8ec0c0e4273d6d62b341954d54b2ab4c5879076fd90571f
generated: "2024-09-19T10:59:27.897109+02:00"
