dependencies:
- name: operator
  repository: oci://europe-docker.pkg.dev/gardener-project/releases/charts/gardener
  version: v1.107.3
- name: owner-info
  repository: oci://keppel.eu-de-1.cloud.sap/ccloud-helm
  version: 0.2.0
digest: sha256:13ee0b33f9f1808405ed0cda29d914d1da765a1b3268788d427cf9f6dbfe1a21
generated: "2024-12-20T11:15:14.811777+01:00"
