dependencies:
- name: operator
  repository: oci://europe-docker.pkg.dev/gardener-project/releases/charts/gardener
  version: v1.99.4
- name: owner-info
  repository: oci://keppel.eu-de-1.cloud.sap/ccloud-helm
  version: 0.2.0
digest: sha256:ab0b68fb46dc9da8b2c7b8a0e329cf195ac71859dc780f29fc20e6a88d8b32a3
generated: "2024-10-14T15:23:22.778504+02:00"
