dependencies:
- name: operator
  repository: oci://europe-docker.pkg.dev/gardener-project/releases/charts/gardener
  version: v1.126.3
- name: owner-info
  repository: oci://keppel.eu-de-1.cloud.sap/ccloud-helm
  version: 1.0.0
digest: sha256:bd8bb6c5b1ba8153bf560573b2efd608cb4589c2b90118b2ebbccc5479e220c4
generated: "2025-11-06T16:21:20.22561+02:00"
