dependencies:
- name: parca
  repository: https://parca-dev.github.io/helm-charts
  version: 4.19.0
- name: owner-info
  repository: oci://keppel.eu-de-1.cloud.sap/ccloud-helm
  version: 1.0.0
- name: linkerd-support
  repository: oci://keppel.eu-de-1.cloud.sap/ccloud-helm
  version: 1.1.0
digest: sha256:fb51e8e5c985fa7ee8c0d7c566463ae98dd8964040ed7f08b2400872fd79768c
generated: "2025-05-23T09:59:31.307635828+02:00"
