dependencies:
- name: owner-info
  repository: oci://keppel.eu-de-1.cloud.sap/ccloud-helm
  version: 1.0.0
- name: linkerd-support
  repository: oci://keppel.eu-de-1.cloud.sap/ccloud-helm
  version: 1.1.1
digest: sha256:a5f480431da846638b6dbad0fe51d936ecaf6acd01db459adecf7be56aa23597
generated: "2025-10-01T14:15:16.310983-07:00"