dependencies:
- name: linkerd-support
  repository: oci://keppel.eu-de-1.cloud.sap/ccloud-helm
  version: 1.1.1
- name: rabbitmq
  repository: oci://keppel.eu-de-1.cloud.sap/ccloud-helm
  version: 0.25.9
- name: owner-info
  repository: oci://keppel.eu-de-1.cloud.sap/ccloud-helm
  version: 0.2.0
- name: postgresql-ng
  repository: oci://keppel.eu-de-1.cloud.sap/ccloud-helm
  version: 2.4.22
digest: sha256:5ae5d00963b565526e22171b5f14ea0111babf5efdf6b505d8518ead68199e00
generated: "2026-09-25T20:51:10.393208+02:00"
