dependencies:
- name: rabbitmq
  repository: https://charts.eu-de-2.cloud.sap
  version: 0.5.2
- name: owner-info
  repository: https://charts.eu-de-2.cloud.sap
  version: 0.2.0
- name: elasticsearch-hermes
  repository: file://vendor/elasticsearch-hermes
  version: 0.0.3
- name: elasticsearch-hermes-kibana
  repository: file://vendor/elasticsearch-hermes-kibana
  version: 0.0.1
digest: sha256:e29e4d2266ed8eec57523eec5a67d8b916a5b01cd442ff284c6964c31edf9be1
generated: "2023-07-14T09:29:01.757048+02:00"
