dependencies:
- name: owner-info
  repository: oci://keppel.eu-de-1.cloud.sap/ccloud-helm
  version: 1.0.0
- name: argora
  repository: oci://ghcr.io/sapcc/charts
  version: 0.0.0-c856977
digest: sha256:bc9540b0770793401feda72ed1f15265c0427ee572396aedf38240d6043afda1
generated: "2025-09-23T08:55:14.521808+02:00"
