dependencies:
- name: owner-info
  repository: oci://keppel.eu-de-1.cloud.sap/ccloud-helm
  version: 1.0.0
- name: argora
  repository: oci://ghcr.io/sapcc/charts
  version: 0.0.0-f739f9b
digest: sha256:edb18b989e3d8e8d5a844b58bfdccb6ddf10bf209c22b7fa4bf0fbf8f9a57562
generated: "2025-06-19T11:46:40.817253+03:00"
