dependencies:
- name: owner-info
  repository: oci://keppel.eu-de-1.cloud.sap/ccloud-helm
  version: 1.0.0
- name: argora
  repository: oci://ghcr.io/sapcc/charts
  version: 0.0.1-20260429081503-9c4dd92
digest: sha256:1d92396f83a37ff274516da1f18d1037e8cf5b35d9052bd0b6832b77fc179e48
generated: "2026-04-29T09:25:31.693410086Z"
