dependencies:
- name: prometheus-server
  repository: oci://keppel.eu-de-1.cloud.sap/ccloud-helm
  version: 8.0.8
- name: thanos
  repository: oci://keppel.eu-de-1.cloud.sap/ccloud-helm
  version: 1.1.6
- name: owner-info
  repository: oci://keppel.eu-de-1.cloud.sap/ccloud-helm
  version: 0.2.0
- name: linkerd-support
  repository: oci://keppel.eu-de-1.cloud.sap/ccloud-helm
  version: 0.1.3
digest: sha256:9606f7eff604db2fa30e655d704543a074efaa0af5879a4d4896829c6d2b7fff
generated: "2025-09-23T17:59:34.150128+02:00"
