dependencies:
- name: prometheus-server
  repository: oci://keppel.eu-de-1.cloud.sap/ccloud-helm
  version: 7.7.0
- name: thanos
  repository: oci://keppel.eu-de-1.cloud.sap/ccloud-helm
  version: 1.1.0
- name: owner-info
  repository: oci://keppel.eu-de-1.cloud.sap/ccloud-helm
  version: 0.2.0
- name: linkerd-support
  repository: oci://keppel.eu-de-1.cloud.sap/ccloud-helm
  version: 0.1.3
digest: sha256:b4380cd914b2ab0d46710b25d0e2ece48cf5becc1d1cd53841b26500980aaba7
generated: "2024-10-02T09:44:33.159687+02:00"
