dependencies:
- name: prometheus-node-exporter
  repository: https://kubernetes-charts.storage.googleapis.com/
  version: 1.3.2
- name: kube-state-metrics
  repository: https://kubernetes-charts.storage.googleapis.com/
  version: 0.16.0
- name: ironic-exporter
  repository: file://vendor/ironic-exporter
  version: 1.0.0
- name: fluent-bit
  repository: https://kubernetes-charts.storage.googleapis.com/
  version: 1.8.0
digest: sha256:97d372cbdeb7f6da73e45b6653a4f6d977ceb900217c9b67fd4c0878a36acec2
generated: 2019-03-28T15:22:08.766819484+01:00
