dependencies:
- name: prometheus-node-exporter
  repository: https://kubernetes-charts.storage.googleapis.com/
  version: 1.3.2
- name: kube-state-metrics
  repository: https://kubernetes-charts.storage.googleapis.com/
  version: 0.16.0
- name: ironic-exporter
  repository: file://vendor/ironic-exporter
  version: 1.0.0
- name: fluent-bit
  repository: https://kubernetes-charts.storage.googleapis.com/
  version: 1.8.0
- name: prometheus-server
  repository: https://charts.eu-de-2.cloud.sap
  version: 1.1.6
- name: prometheus-server
  repository: https://charts.eu-de-2.cloud.sap
  version: 1.1.6
digest: sha256:9424a8c949446ef41b8e4147775e9a18f61d5a135c43e9fe86864234a7202b02
generated: 2019-05-09T14:54:13.30785874+02:00
