dependencies:
- name: owner-info
  repository: oci://keppel.eu-de-1.cloud.sap/ccloud-helm
  version: 1.0.0
- name: metal-operator
  repository: oci://ghcr.io/ironcore-dev/charts
  version: 0.6.0-crds
digest: sha256:969ba9acf338037f0199cd33c0bd70f2b0b2a6f86f3fbc2455677d868a764c44
generated: "2026-07-10T08:27:51.219354+02:00"
