dependencies:
- name: owner-info
  repository: oci://keppel.eu-de-1.cloud.sap/ccloud-helm
  version: 1.0.0
- name: metal-operator
  repository: oci://ghcr.io/ironcore-dev/charts
  version: 0.0.0-5525ca5-crds
digest: sha256:eec93e7603634fbffbe691842aa1013ca039f2528514ba93cbc60396d0b23fda
generated: "2025-08-04T15:47:07.468228+03:00"
