dependencies:
- name: owner-info
  repository: oci://keppel.eu-de-1.cloud.sap/ccloud-helm
  version: 1.0.0
- name: metal-operator
  repository: oci://ghcr.io/ironcore-dev/charts
  version: 0.0.0-c3e363f-crds
digest: sha256:8965c5a57f8090afc11457adc4f6586795fe912e809a465c3bdcf7197d463256
generated: "2026-01-22T11:02:17.966694+01:00"
