dependencies:
- name: prometheus-monitors
  repository: oci://keppel.eu-de-1.cloud.sap/ccloud-helm
  version: 0.0.2
- name: owner-info
  repository: oci://keppel.eu-de-1.cloud.sap/ccloud-helm
  version: 1.0.0
digest: sha256:66c5d95e35cfb56849a140f3f1de203c81a29a3a1fc1bbbbfe2655cc14662a09
generated: "2026-09-17T13:14:29.181059+02:00"
