dependencies:
- name: owner-info
  repository: oci://keppel.eu-de-1.cloud.sap/ccloud-helm
  version: 1.0.0
- name: metallb
  repository: https://metallb.github.io/metallb
  version: 0.15.2
- name: metallb-crds
  repository: oci://keppel.eu-de-1.cloud.sap/ccloud-helm
  version: 0.0.1-metallb.0.15.2
digest: sha256:f78bbfdd9dfb23841c92e6cd3ea501b1cb3135805062582901d471032576a3bd
generated: "2025-06-27T12:02:12.813682+03:00"
