dependencies:
- name: linkerd-support
  repository: oci://keppel.eu-de-1.cloud.sap/ccloud-helm
  version: 1.1.1
- name: postgresql-ng
  repository: oci://keppel.eu-de-1.cloud.sap/ccloud-helm
  version: 2.4.0
- name: pgbackup
  repository: oci://keppel.eu-de-1.cloud.sap/ccloud-helm
  version: 1.5.12
- name: pgmetrics
  repository: oci://keppel.eu-de-1.cloud.sap/ccloud-helm
  version: 2.0.82
- name: owner-info
  repository: oci://keppel.eu-de-1.cloud.sap/ccloud-helm
  version: 1.0.0
digest: sha256:f1ce903ddd4071da7ed087052261d16022958e58a1612fe2bb7b1e16f05008ea
generated: "2026-07-20T04:30:28.191639033Z"
