dependencies:
- name: linkerd-support
  repository: oci://keppel.eu-de-1.cloud.sap/ccloud-helm
  version: 1.1.1
- name: owner-info
  repository: oci://keppel.eu-de-1.cloud.sap/ccloud-helm
  version: 1.0.0
- name: utils
  repository: oci://keppel.eu-de-1.cloud.sap/ccloud-helm
  version: 0.38.1
digest: sha256:7f9f1791a1d6cb57d602f7bd00cf5c062a4fafcc5d168c05f189ffa94711936a
generated: "2026-08-27T15:30:06.658666213+02:00"
