dependencies:
- name: prometheus-server
  repository: https://charts.eu-de-2.cloud.sap
  version: 7.0.17
- name: kube-state-metrics-exporter
  repository: https://charts.eu-de-2.cloud.sap
  version: 0.1.7
- name: interconnect-sre
  repository: file://vendor/interconnect-sre
  version: 0.1.0
- name: owner-info
  repository: https://charts.eu-de-2.cloud.sap
  version: 0.2.0
digest: sha256:af9e64103a179ccc179e1806cc5ee37651a410219f37c06d6b976d99124f8dca
generated: "2022-11-29T10:52:38.689665+01:00"
