dependencies:
- name: prometheus-server
  repository: oci://keppel.eu-de-1.cloud.sap/ccloud-helm
  version: 7.5.9
- name: thanos
  repository: oci://keppel.eu-de-1.cloud.sap/ccloud-helm
  version: 0.9.7
- name: interconnect-sre
  repository: file://vendor/interconnect-sre
  version: 0.1.0
- name: owner-info
  repository: oci://keppel.eu-de-1.cloud.sap/ccloud-helm
  version: 0.2.0
- name: linkerd-support
  repository: oci://keppel.eu-de-1.cloud.sap/ccloud-helm
  version: 0.1.3
digest: sha256:be48cf40c21de98eb0e61fc37d5d71d36644199de3a15840ef8633760d9296b6
generated: "2024-06-04T09:43:44.555753+02:00"
