dependencies:
- name: prometheus-server
  repository: oci://keppel.eu-de-1.cloud.sap/ccloud-helm
  version: 8.0.1
- name: thanos
  repository: oci://keppel.eu-de-1.cloud.sap/ccloud-helm
  version: 1.1.6
- name: interconnect-sre
  repository: file://vendor/interconnect-sre
  version: 0.1.0
- name: owner-info
  repository: oci://keppel.eu-de-1.cloud.sap/ccloud-helm
  version: 1.0.0
- name: linkerd-support
  repository: oci://keppel.eu-de-1.cloud.sap/ccloud-helm
  version: 1.1.0
digest: sha256:7051f9c7b6c4f201932e5cab97383a498bfb113703e381382523f1e6453d5efe
generated: "2025-04-16T14:54:49.664653+02:00"
