dependencies:
- name: elasticsearch
  repository: file://vendor/elasticsearch
  version: 7.6.1
- name: elasticsearch
  repository: file://vendor/elasticsearch
  version: 7.6.1
- name: elasticsearch-curator
  repository: https://kubernetes-charts.storage.googleapis.com
  version: 2.2.1
- name: kibana
  repository: file://vendor/kibana
  version: 7.6.1
- name: logstash
  repository: file://vendor/logstash
  version: 7.6.1
digest: sha256:c190fb8f8bc61752f4cd348ab3ccd66478bece0b9f919138711baf445f6c336f
generated: "2020-12-08T11:19:02.571775+01:00"
