dependencies:
- name: actions-runner-controller
  repository: https://actions-runner-controller.github.io/actions-runner-controller
  version: 0.23.3
- name: owner-info
  repository: https://charts.eu-de-2.cloud.sap
  version: 0.2.0
digest: sha256:c0b629221ccc99417832915e71f41aa9774b3cb5be35efcbc56b15f7e1240470
generated: "2023-08-11T15:32:01.18089-04:00"
