dependencies:
- name: mariadb
  repository: https://charts.eu-de-2.cloud.sap
  version: 0.3.55
- name: memcached
  repository: https://charts.eu-de-2.cloud.sap
  version: 0.0.10
- name: utils
  repository: https://charts.eu-de-2.cloud.sap
  version: 0.4.1
- name: region_check
  repository: https://charts.eu-de-2.cloud.sap
  version: 0.1.2
digest: sha256:b80a9c1fc007a026814288fa209227c660bb2d01dea2eea78216520f2e6b907b
generated: "2022-06-30T12:21:34.282813905+02:00"
