dependencies:
- name: mariadb
  repository: https://charts.eu-de-2.cloud.sap
  version: 0.7.1
- name: memcached
  repository: https://charts.eu-de-2.cloud.sap
  version: 0.1.0
- name: utils
  repository: https://charts.eu-de-2.cloud.sap
  version: 0.12.1
- name: owner-info
  repository: https://charts.eu-de-2.cloud.sap
  version: 0.2.0
digest: sha256:8df30477ac2d5795fde779b657a169e2a1d99ca4d12ca6c56a94d101f9f50558
generated: "2023-11-14T14:29:40.905738575+01:00"
