dependencies:
- name: mariadb
  repository: oci://keppel.eu-de-1.cloud.sap/ccloud-helm
  version: 0.27.2
- name: pxc-db
  repository: oci://keppel.eu-de-1.cloud.sap/ccloud-helm
  version: 0.4.0
- name: memcached
  repository: oci://keppel.eu-de-1.cloud.sap/ccloud-helm
  version: 0.6.10
- name: utils
  repository: oci://keppel.eu-de-1.cloud.sap/ccloud-helm
  version: 0.29.0
- name: owner-info
  repository: oci://keppel.eu-de-1.cloud.sap/ccloud-helm
  version: 1.0.0
- name: linkerd-support
  repository: oci://keppel.eu-de-1.cloud.sap/ccloud-helm
  version: 1.1.0
digest: sha256:f9f36020601c8e668caad5e13360b923a16d66ff47bef72cf50f32de492a8e42
generated: "2025-08-25T16:23:46.710233739+02:00"
