dependencies:
- name: postgresql
  repository: file://../../common/postgresql
  version: 0.3.0
- name: pgbackup
  repository: https://charts.eu-de-2.cloud.sap
  version: 0.1.11
- name: owner-info
  repository: https://charts.eu-de-2.cloud.sap
  version: 0.2.0
digest: sha256:0ac427a561498c0330d09c4d69a272f707cc55d752f8c2ae7ef16c336efd6b12
generated: "2023-04-06T15:18:54.286064745+02:00"
