dependencies:
- name: postgresql
  repository: file://../../common/postgresql
  version: 0.3.0
- name: pgbackup
  repository: https://charts.eu-de-2.cloud.sap
  version: 0.1.13
- name: owner-info
  repository: https://charts.eu-de-2.cloud.sap
  version: 0.2.0
digest: sha256:72309505c91629d65a02af303244dc59f2b4a2279248f85002da5472ab8712c5
generated: "2023-06-05T11:26:35.585226569+02:00"
