dependencies:
- name: postgresql
  repository: file://../../common/postgresql
  version: 0.3.0
- name: pgbackup
  repository: https://charts.eu-de-2.cloud.sap
  version: 0.1.10
- name: owner-info
  repository: https://charts.eu-de-2.cloud.sap
  version: 0.2.0
digest: sha256:ffb7e720919a5d90c1a369e62139bda8658cde0296f68d73ac9c75a8e1d488a3
generated: "2023-03-20T13:13:55.554694019+01:00"
