dependencies:
- name: redis
  repository: https://charts.eu-de-2.cloud.sap
  version: 1.2.0
- name: owner-info
  repository: https://charts.eu-de-2.cloud.sap
  version: 0.2.0
digest: sha256:60970419e87ca9b127178485e4b658be613211aa291f05a2e8612e1a85e4d4da
generated: "2022-10-19T11:31:21.770754496+02:00"
