dependencies:
- name: redis
  repository: https://charts.eu-de-2.cloud.sap
  version: 1.2.23
- name: owner-info
  repository: https://charts.eu-de-2.cloud.sap
  version: 0.2.0
digest: sha256:fab8a4306ccffbac8453773be8136cd501d8f244853aa28e145c8c8de2cc7fe6
generated: "2023-06-16T11:27:22.127696816+02:00"
