dependencies:
- name: owner-info
  repository: oci://keppel.eu-de-1.cloud.sap/ccloud-helm
  version: 1.0.0
- name: boot-operator
  repository: oci://ghcr.io/ironcore-dev/charts
  version: 0.2.1-20260612064329-eeeb577-crds
digest: sha256:afecd5fc75a8e3ce06c87e9491f6a65a48fa42dcb9936475d0527464340ccfbc
generated: "2026-06-12T11:09:39.526087+02:00"
