dependencies:
- name: owner-info
  repository: oci://keppel.eu-de-1.cloud.sap/ccloud-helm
  version: 1.0.0
- name: boot-operator
  repository: oci://ghcr.io/ironcore-dev/charts
  version: 0.0.0-3364588-crds
digest: sha256:82145a48907fbe302ab3a5b9a47f226f3b97657258da132289651882ab950d02
generated: "2025-06-19T15:53:11.03566+02:00"
