dependencies:
- name: linkerd-support
  repository: oci://keppel.eu-de-1.cloud.sap/ccloud-helm
  version: 1.1.1
- name: owner-info
  repository: oci://keppel.eu-de-1.cloud.sap/ccloud-helm
  version: 1.0.0
- name: shared-app-images-tags
  repository: oci://keppel.eu-de-1.cloud.sap/ccloud-helm
  version: 1.1.407
digest: sha256:b9886e46f1799f640ff3ad479885afca1a7664adb610c5754f18f6ac47f1c113
generated: "2026-04-20T04:59:33.014480088Z"
