dependencies:
- name: linkerd-support
  repository: oci://keppel.eu-de-1.cloud.sap/ccloud-helm
  version: 1.1.1
- name: owner-info
  repository: oci://keppel.eu-de-1.cloud.sap/ccloud-helm
  version: 1.0.0
- name: shared-app-images-tags
  repository: oci://keppel.eu-de-1.cloud.sap/ccloud-helm
  version: 1.1.141
digest: sha256:7cc951b1f5a1f54d73e8670dbe9565c3d5233e7f0f3f559b668988d68277fee3
generated: "2026-02-02T05:39:58.994394617Z"
