dependencies:
- name: linkerd-support
  repository: oci://keppel.eu-de-1.cloud.sap/ccloud-helm
  version: 1.1.1
- name: owner-info
  repository: oci://keppel.eu-de-1.cloud.sap/ccloud-helm
  version: 1.0.0
- name: shared-app-images-tags
  repository: oci://keppel.eu-de-1.cloud.sap/ccloud-helm
  version: 1.1.471
digest: sha256:0a5cc406273e1f201bd05b6aa6786bbecda335fd316f8af2b3f934da55b0f26c
generated: "2026-06-08T04:45:40.70075966Z"
