dependencies:
- name: prometheus-server
  repository: oci://keppel.eu-de-1.cloud.sap/ccloud-helm
  version: 8.0.0
- name: thanos
  repository: oci://keppel.eu-de-1.cloud.sap/ccloud-helm
  version: 1.1.3
- name: owner-info
  repository: oci://keppel.eu-de-1.cloud.sap/ccloud-helm
  version: 1.0.0
- name: linkerd-support
  repository: oci://keppel.eu-de-1.cloud.sap/ccloud-helm
  version: 1.1.0
digest: sha256:8daa84a1a111ff76b6359aac3322fb8c98d16376451bb0b0343fd2f15c50d2b8
generated: "2025-03-19T13:11:50.441603+01:00"
