dependencies:
- name: prometheus-server
  repository: https://charts.eu-de-2.cloud.sap
  version: 7.2.8
- name: prometheus-server
  repository: https://charts.eu-de-2.cloud.sap
  version: 7.2.8
- name: owner-info
  repository: https://charts.eu-de-2.cloud.sap
  version: 0.2.0
digest: sha256:c6b8f9f3aa18f873b8b3f3c8d5a8241231dbc2ec96bbaf74fdc4897276322ae0
generated: "2023-07-27T13:54:56.802751+02:00"
