dependencies:
- name: pxc-operator
  repository: https://percona.github.io/percona-helm-charts/
  version: 1.16.0
- name: owner-info
  repository: oci://keppel.eu-de-1.cloud.sap/ccloud-helm
  version: 1.0.0
- name: linkerd-support
  repository: oci://keppel.eu-de-1.cloud.sap/ccloud-helm
  version: 1.1.0
- name: kube-state-metrics
  repository: https://prometheus-community.github.io/helm-charts
  version: 5.27.0
digest: sha256:178152c2db0f6266d3722718e06dea813c2798442244b4c0a095e22c4164794b
generated: "2024-12-20T12:29:55.128909+02:00"
