dependencies:
- name: owner-info
  repository: oci://keppel.eu-de-1.cloud.sap/ccloud-helm
  version: 1.0.0
- name: metal-operator
  repository: oci://ghcr.io/ironcore-dev/charts
  version: 0.0.0-493d587
digest: sha256:18fd5f5c647b4d6237283c9553c9f10af5e72e9be882baa647372c337a7355d4
generated: "2025-12-04T18:20:01.932617+02:00"
