dependencies:
- name: owner-info
  repository: oci://keppel.eu-de-1.cloud.sap/ccloud-helm
  version: 1.0.0
- name: metal-operator
  repository: oci://ghcr.io/ironcore-dev/charts
  version: 0.5.2
digest: sha256:7822bfb21cdde1986a61fcba1b4b483435c6ff8588b75439face7fdbee5d61bb
generated: "2026-06-24T08:55:23.54259+02:00"
