dependencies:
- name: owner-info
  repository: oci://keppel.eu-de-1.cloud.sap/ccloud-helm
  version: 1.0.0
- name: metal-operator
  repository: oci://ghcr.io/ironcore-dev/charts
  version: 0.0.0-f66aeec
- name: fedhcp
  repository: oci://keppel.eu-de-1.cloud.sap/ccloud-helm
  version: 0.0.2
digest: sha256:3204227fc7c28bda97ed22bafcfe89ccffc186ce89a8d726a1525d7eeba0a7c7
generated: "2025-05-13T14:56:15.48792+02:00"
