dependencies:
- name: thanos
  repository: oci://keppel.eu-de-1.cloud.sap/ccloud-helm
  version: 1.2.9
- name: thanos
  repository: oci://keppel.eu-de-1.cloud.sap/ccloud-helm
  version: 1.2.9
- name: owner-info
  repository: oci://keppel.eu-de-1.cloud.sap/ccloud-helm
  version: 0.2.0
digest: sha256:d32a4d5c911f660259d8990aa5a5de99c3c1ae6dfd09245b54df2ea6d3072baa
generated: "2025-10-06T10:37:18.912764+02:00"
