dependencies:
- name: thanos
  repository: oci://keppel.eu-de-1.cloud.sap/ccloud-helm
  version: 1.0.0
- name: thanos
  repository: oci://keppel.eu-de-1.cloud.sap/ccloud-helm
  version: 1.0.0
- name: owner-info
  repository: oci://keppel.eu-de-1.cloud.sap/ccloud-helm
  version: 0.2.0
digest: sha256:e2ca83895fd2a444528f96d08214a0f1ed02d9330cc70a48295ab103383c5dcc
generated: "2024-06-19T11:18:31.46689+02:00"
