dependencies:
- name: thanos
  repository: oci://keppel.eu-de-1.cloud.sap/ccloud-helm
  version: 1.3.4
- name: thanos
  repository: oci://keppel.eu-de-1.cloud.sap/ccloud-helm
  version: 1.3.4
- name: owner-info
  repository: oci://keppel.eu-de-1.cloud.sap/ccloud-helm
  version: 0.2.0
digest: sha256:87b5ae0735263dd277b51b18e6611f5e8ac78e9efb511665dbc582e60b5b83f9
generated: "2026-07-10T11:39:52.317059+02:00"
