dependencies:
- name: owner-info
  repository: https://charts.eu-de-2.cloud.sap
  version: 0.1.2
- name: blackbox-tests-canary
  repository: file://vendor/blackbox-tests-canary
  version: 0.1.0
- name: blackbox-tests-regression
  repository: file://vendor/blackbox-tests-regression
  version: 0.1.0
digest: sha256:afa8659ee299889364481ba79e0f5d911694ca2a17913b12d1c04fbbb17e0e13
generated: "2022-09-28T12:34:20.569582+02:00"
