dependencies:
- name: utils
  repository: oci://keppel.eu-de-1.cloud.sap/ccloud-helm
  version: 0.32.0
- name: owner-info
  repository: oci://keppel.eu-de-1.cloud.sap/ccloud-helm
  version: 1.0.0
- name: openstack-hypervisor-operator
  repository: oci://keppel.eu-de-1.cloud.sap/ccloud-ghcr-io-mirror/cobaltcore-dev/charts
  version: 0.2.9
digest: sha256:b6d8e2a483774164e47d437907f3f886a511a99a4d43aed0edf40c7470b5bf5f
generated: "2026-03-16T16:52:21.791186685Z"
