dependencies:
- name: utils
  repository: oci://keppel.eu-de-1.cloud.sap/ccloud-helm
  version: 0.38.1
- name: owner-info
  repository: oci://keppel.eu-de-1.cloud.sap/ccloud-helm
  version: 1.0.0
- name: openstack-hypervisor-operator
  repository: oci://keppel.eu-de-1.cloud.sap/ccloud-ghcr-io-mirror/cobaltcore-dev/charts
  version: 1.2.2
digest: sha256:f2900df70dd4a2903130baa00af9299fb9454bfaa4c592f4f6a9a9dc91cf87c4
generated: "2026-08-26T11:16:08.241028-04:00"
