dependencies:
- name: utils
  repository: oci://keppel.eu-de-1.cloud.sap/ccloud-helm
  version: 0.32.0
- name: owner-info
  repository: oci://keppel.eu-de-1.cloud.sap/ccloud-helm
  version: 1.0.0
- name: openstack-hypervisor-operator
  repository: oci://keppel.eu-de-1.cloud.sap/ccloud-ghcr-io-mirror/cobaltcore-dev/charts
  version: 0.1.8
digest: sha256:0abc1893cb6087538f6554eed06cf241441e2a296a4093904afe4371fec1dd69
generated: "2026-01-07T08:31:25.447877698Z"
