dependencies:
- name: thanos
  repository: oci://keppel.eu-de-1.cloud.sap/ccloud-helm
  version: 1.3.6
- name: owner-info
  repository: oci://keppel.eu-de-1.cloud.sap/ccloud-helm
  version: 0.2.0
digest: sha256:9ba313ddb45cda7f54376e3e43d60d21bfc2bcc34fb8e15c0d2d8cc9121140e3
generated: "2026-07-13T11:37:04.080386+02:00"
