dependencies:
- name: thanos
  repository: oci://keppel.eu-de-1.cloud.sap/ccloud-helm
  version: 1.1.8
- name: owner-info
  repository: oci://keppel.eu-de-1.cloud.sap/ccloud-helm
  version: 0.2.0
digest: sha256:3f6caf30207fcf09c89bcc41fdcfcfcd910e65da1472962b072fac2b1bcbb84d
generated: "2025-07-29T15:34:48.82725+02:00"
