dependencies:
- name: thanos
  repository: https://charts.eu-de-2.cloud.sap
  version: 0.7.2
- name: owner-info
  repository: https://charts.eu-de-2.cloud.sap
  version: 0.2.0
digest: sha256:81145abf3f654579064e0740240ca98cf0ad75e8118b0d51910f1b36db61350a
generated: "2024-01-31T11:07:02.695969+01:00"
