dependencies:
- name: elasticsearch
  repository: file://vendor/elasticsearch
  version: 7.6.1
- name: elasticsearch
  repository: file://vendor/elasticsearch
  version: 7.6.1
- name: elasticsearch-curator
  repository: https://kubernetes-charts.storage.googleapis.com
  version: 2.0.0
- name: kibana
  repository: file://vendor/kibana
  version: 7.6.1
- name: logstash
  repository: file://vendor/logstash
  version: 7.6.1
digest: sha256:d639cddb1d1baebe892b051e2d72ac43aeb5f7ed1d83cbf00b79af459020a210
generated: "2020-05-26T18:11:59.939742781Z"
