dependencies:
- name: fluent
  repository: file://vendor/fluent
  version: 2.2.3
- name: fluent-prometheus
  repository: file://vendor/fluent-prometheus
  version: 1.0.0
- name: logstash-external
  repository: file://vendor/logstash-external
  version: 1.1.0
- name: k8s-event-logger
  repository: https://kuckkuck.github.io/k8s-event-logger
  version: 1.2.1
- name: owner-info
  repository: https://charts.eu-de-2.cloud.sap
  version: 0.2.0
- name: fluent-bit
  repository: https://fluent.github.io/helm-charts
  version: 0.40.0
- name: fluent-testing
  repository: file://vendor/fluent-testing
  version: 1.0.0
digest: sha256:c53051a3cca2d8a6af23c7585d66956db8aedf2c6a82132efb63daafa0690945
generated: "2023-12-21T14:54:45.022787+01:00"
