dependencies:
- name: fluent
  repository: file://vendor/fluent
  version: 2.1.3
- name: fluent-systemd
  repository: file://vendor/fluent-systemd
  version: 2.0.0
- name: fluent-prometheus
  repository: file://vendor/fluent-prometheus
  version: 1.0.0
- name: logstash-external
  repository: file://vendor/logstash-external
  version: 1.0.0
- name: k8s-event-logger
  repository: https://kuckkuck.github.io/k8s-event-logger
  version: "1.0"
digest: sha256:27e4e0bc8e7712e08b5f8c1566fe2d26a5d9860361eb1398969738ad085871f4
generated: "2022-12-02T16:25:19.081864+01:00"
