dependencies:
- name: fluent
  repository: file://vendor/fluent
  version: 2.1.6
- name: fluent-prometheus
  repository: file://vendor/fluent-prometheus
  version: 1.0.0
- name: logstash-external
  repository: file://vendor/logstash-external
  version: 1.0.1
- name: k8s-event-logger
  repository: https://kuckkuck.github.io/k8s-event-logger
  version: "1.0"
- name: owner-info
  repository: https://charts.eu-de-2.cloud.sap
  version: 0.2.0
- name: fluent-bit
  repository: https://fluent.github.io/helm-charts
  version: 0.20.8
- name: fluent-testing
  repository: file://vendor/fluent-testing
  version: 1.0.0
digest: sha256:6d21afc7183af6fcbb5ded8b4b7072de0e7263080a303dc2176c9fb065cd4068
generated: "2023-05-17T16:47:21.283463+02:00"
