dependencies:
- name: kvm-ha-monitor-ping
  repository: oci://keppel.eu-de-1.cloud.sap/ccloud-helm/kvm-ha-service-feature-test
  version: 1.0.0
- name: owner-info
  repository: oci://keppel.eu-de-1.cloud.sap/ccloud-helm
  version: 1.0.0
- name: utils
  repository: oci://keppel.eu-de-1.cloud.sap/ccloud-helm
  version: 0.22.1
digest: sha256:9e86f55a2c8391bb10a6fc7fa74be6098ee4e93675e22f4d0e262f812818a660
generated: "2026-06-16T14:24:17.210951+02:00"
