dependencies:
- name: kvm-ha-monitor-ping
  repository: oci://keppel.eu-de-1.cloud.sap/ccloud-helm
  version: 1.0.0
- name: owner-info
  repository: oci://keppel.eu-de-1.cloud.sap/ccloud-helm
  version: 1.0.0
- name: utils
  repository: oci://keppel.eu-de-1.cloud.sap/ccloud-helm
  version: 0.22.1
digest: sha256:235a14154f4f28813873ad5b65e3a8cc87bff5af3eaedb836f6457e28dc543e1
generated: "2026-06-17T08:29:01.860814+02:00"
