dependencies:
- name: postgresql
  repository: file://../../common/postgresql
  version: 0.3.0
- name: pgbackup
  repository: https://charts.eu-de-2.cloud.sap
  version: 0.1.14
- name: owner-info
  repository: https://charts.eu-de-2.cloud.sap
  version: 0.2.0
- name: prometheus-monitors
  repository: https://charts.eu-de-2.cloud.sap
  version: 0.0.2
digest: sha256:51602b4e20894a4624c1cdc0b397b34648bbf53caa343282eb3ed04c567e67e5
generated: "2023-07-28T11:54:48.307618+02:00"
