dependencies:
- name: postgresql
  repository: file://../../common/postgresql
  version: 0.3.0
- name: pgbackup
  repository: https://charts.eu-de-2.cloud.sap
  version: 0.1.14
- name: owner-info
  repository: https://charts.eu-de-2.cloud.sap
  version: 0.2.0
digest: sha256:84b2b7528488ec409fd079861e2088422450f0db2d996127c1086a929df3a5f8
generated: "2023-07-25T16:34:35.612824539+02:00"
