dependencies:
- name: owner-info
  repository: oci://keppel.eu-de-1.cloud.sap/ccloud-helm
  version: 1.0.0
- name: kvm-cinder-netapp-operator-crds
  repository: oci://keppel.eu-de-1.cloud.sap/ccloud-helm
  version: 0.4.0
digest: sha256:53f06d99bad0bf82dd9f265a0067f3ead744e6fb68fbba24036c18ba8884bd53
generated: "2026-01-29T17:03:41.829701+01:00"
