dependencies:
- name: owner-info
  repository: oci://keppel.eu-de-1.cloud.sap/ccloud-helm
  version: 1.0.0
- name: kvm-cinder-netapp-operator-crds
  repository: oci://keppel.eu-de-1.cloud.sap/ccloud-helm
  version: 0.4.5
digest: sha256:8663759121583e2e59134dc87604960ea04bbcc00e9beb3335dcf3ad42372939
generated: "2026-04-08T16:32:00.7706734+02:00"
