dependencies:
- name: owner-info
  repository: oci://keppel.eu-de-1.cloud.sap/ccloud-helm
  version: 1.0.0
- name: kvm-cinder-netapp-operator-crds
  repository: oci://keppel.eu-de-1.cloud.sap/ccloud-helm
  version: 0.4.6
digest: sha256:d2a6935647df79361ce6ea51b29befb160e2bf376dafd71af1fde2aca5acea28
generated: "2026-05-08T10:26:53.114477976+02:00"
