dependencies:
- name: mariadb
  repository: https://charts.eu-de-2.cloud.sap
  version: 0.7.11
- name: memcached
  repository: https://charts.eu-de-2.cloud.sap
  version: 0.1.2
- name: mysql_metrics
  repository: https://charts.eu-de-2.cloud.sap
  version: 0.2.7
- name: owner-info
  repository: https://charts.eu-de-2.cloud.sap
  version: 0.2.0
- name: rabbitmq
  repository: https://charts.eu-de-2.cloud.sap
  version: 0.5.1
- name: utils
  repository: https://charts.eu-de-2.cloud.sap
  version: 0.10.1
- name: redis
  repository: https://charts.eu-de-2.cloud.sap
  version: 1.2.1
digest: sha256:3ea9c90518e0e151e386fc553192a52a0fd451bd1772581949d9ce1f3b5527f1
generated: "2023-08-04T10:33:00.885234+02:00"
