dependencies:
- name: mariadb
  repository: https://charts.eu-de-2.cloud.sap
  version: 0.1.10
- name: memcached
  repository: https://charts.eu-de-2.cloud.sap
  version: 0.0.3
- name: mysql_metrics
  repository: https://charts.eu-de-2.cloud.sap
  version: 0.1.4
- name: rabbitmq
  repository: https://charts.eu-de-2.cloud.sap
  version: 0.1.5
- name: rabbitmq
  repository: https://charts.eu-de-2.cloud.sap
  version: 0.1.5
- name: region_check
  repository: https://charts.eu-de-2.cloud.sap
  version: 0.1.0
- name: utils
  repository: file://../../openstack/utils
  version: 0.1.1
digest: sha256:f35bc35f42db367f767ac0012f882d1ef19cbbc2a3df2c9c2398b6d1f7000463
generated: "2020-05-27T14:06:27.819926661Z"
