dependencies:
- name: mariadb
  repository: https://charts.eu-de-2.cloud.sap
  version: 0.1.21
- name: memcached
  repository: https://charts.eu-de-2.cloud.sap
  version: 0.0.3
- name: mysql_metrics
  repository: https://charts.eu-de-2.cloud.sap
  version: 0.2.0
- name: rabbitmq
  repository: https://charts.eu-de-2.cloud.sap
  version: 0.1.9
- name: rabbitmq
  repository: https://charts.eu-de-2.cloud.sap
  version: 0.1.9
- name: region_check
  repository: https://charts.eu-de-2.cloud.sap
  version: 0.1.1
- name: utils
  repository: file://../../openstack/utils
  version: 0.1.1
digest: sha256:b9b9709dd5d587ee4a985853dbdb9ebdbb2881191727ff1b8b342215d5eb7428
generated: 2020-09-09T08:09:18.978903969+02:00
