dependencies:
- name: mariadb
  repository: file://../../common/mariadb
  version: 0.1.2
- name: mysql_metrics
  repository: file://../../common/mysql_metrics
  version: 0.1.0
- name: postgresql
  repository: file://../../common/postgresql
  version: 0.3.0
- name: pgmetrics
  repository: file://../../common/pgmetrics
  version: 0.1.0
- name: rabbitmq
  repository: file://../../common/rabbitmq
  version: 0.1.0
- name: utils
  repository: file://../../openstack/utils
  version: 0.1.1
- name: memcached
  repository: file://../../common/memcached
  version: 0.0.1
- name: rabbitmq
  repository: file://../../common/rabbitmq
  version: 0.1.0
- name: region_check
  repository: file://../../common/region_check
  version: 0.1.0
digest: sha256:4e64f001a696c429da8b916515c1b3c2fb72c994108d36a138a515e60f4aeaa5
generated: 2019-10-17T11:29:25.79385+02:00
