dependencies:
- name: concourse
  repository: https://concourse-charts.storage.googleapis.com
  version: 16.1.21
- name: kubernetes-ingress
  repository: https://haproxytech.github.io/helm-charts
  version: 1.21.1
digest: sha256:49ab9e200f5ff97f242289d5ede626b2b49948656c0b3bce7627e3af58433458
generated: "2022-05-03T17:27:31.130043273+02:00"
