dependencies:
- name: concourse
  repository: https://concourse-charts.storage.googleapis.com
  version: 18.0.1
- name: kubernetes-ingress
  repository: https://haproxytech.github.io/helm-charts
  version: 1.42.0
- name: owner-info
  repository: oci://keppel.eu-de-1.cloud.sap/ccloud-helm
  version: 1.0.0
- name: postgresql-ng
  repository: oci://keppel.eu-de-1.cloud.sap/ccloud-helm
  version: 1.2.8
- name: pgbackup
  repository: oci://keppel.eu-de-1.cloud.sap/ccloud-helm
  version: 1.1.11
digest: sha256:5e9f2bc38ae782d950211d477fa6c7ecdd94ae546a099b7739a56e1d68ecaa1f
generated: "2025-02-13T15:11:35.138283119+01:00"
