dependencies:
- name: concourse
  repository: https://concourse-charts.storage.googleapis.com
  version: 16.1.22
- name: kubernetes-ingress
  repository: https://haproxytech.github.io/helm-charts
  version: 1.39.0
- name: owner-info
  repository: https://charts.eu-de-2.cloud.sap
  version: 0.2.3
- name: pgbackup
  repository: https://charts.eu-de-2.cloud.sap
  version: 0.1.43
digest: sha256:2747d021949c9a660a3c5186aa35e4eadd3d30721f06018c89c70c3c8055451a
generated: "2024-04-11T09:12:03.939027572+02:00"
