dependencies:
- name: kvm-ha-agent
  repository: oci://keppel.eu-de-1.cloud.sap/ccloud-helm
  version: 0.1.10
- name: owner-info
  repository: oci://keppel.eu-de-1.cloud.sap/ccloud-helm
  version: 1.0.0
digest: sha256:7cdc88be8ad225278a495cdec365259b877f19fa8450be32906710ca6b6bc182
generated: "2026-06-18T11:31:28.294929+02:00"
