dependencies:
- name: postgresql-ng
  repository: file://../../common/postgresql-ng
  version: 0.0.1
- name: pgbackup
  repository: file://../../common/pgbackup
  version: 0.1.40
- name: pgmetrics
  repository: file://../../common/pgmetrics
  version: 0.4.21
- name: owner-info
  repository: https://charts.eu-de-2.cloud.sap
  version: 0.2.3
digest: sha256:2057899a1c6797203b7289e60ac453794469e5fb395814d17fba91704663826b
generated: "2024-01-26T16:02:24.738177721+01:00"
