dependencies:
- name: postgresql-ng
  repository: file://../../common/postgresql-ng
  version: 0.0.1
- name: pgbackup
  repository: file://../../common/pgbackup
  version: 0.1.33
- name: owner-info
  repository: https://charts.eu-de-2.cloud.sap
  version: 0.2.2
digest: sha256:51d19ab1c8e9afc3458cfcc6996e181de0cf3e0d8445379b9b6ea819b54bb8f9
generated: "2023-12-08T12:02:47.624131477+01:00"
