dependencies:
- name: postgresql-ng
  repository: file://../../common/postgresql-ng
  version: 1.0.11
- name: pgbackup
  repository: file://../../common/pgbackup
  version: 0.1.44
- name: pgmetrics
  repository: file://../../common/pgmetrics
  version: 0.4.21
- name: owner-info
  repository: https://charts.eu-de-2.cloud.sap
  version: 0.2.3
digest: sha256:cb444bdef2b6788de815b89e8a87caa6dadbdad4e7194ee994ed7f5bf5c4643f
generated: "2024-03-11T15:57:10.343806149+01:00"
