dependencies:
- name: prometheus-server-pre7
  repository: oci://keppel.eu-de-1.cloud.sap/ccloud-helm
  version: 6.7.0
- name: owner-info
  repository: oci://keppel.eu-de-1.cloud.sap/ccloud-helm
  version: 0.2.0
- name: linkerd-support
  repository: oci://keppel.eu-de-1.cloud.sap/ccloud-helm
  version: 0.1.3
digest: sha256:de7c5ed4f5f5ea20db49974650ed18a9f23d5a2561f16c866de795f5d0701958
generated: "2024-10-02T11:09:53.330264+02:00"
