dependencies:
- name: prometheus-server-pre7
  repository: oci://keppel.eu-de-1.cloud.sap/ccloud-helm
  version: 6.6.2
- name: owner-info
  repository: oci://keppel.eu-de-1.cloud.sap/ccloud-helm
  version: 0.2.0
- name: linkerd-support
  repository: oci://keppel.eu-de-1.cloud.sap/ccloud-helm
  version: 0.1.3
digest: sha256:ef788218b7ddb22cbc8080869434166415e80f9fdf25b86d7cb2bbc82efe4f1f
generated: "2024-08-02T11:40:01.826841+02:00"
