dependencies:
- name: prometheus-server-pre7
  repository: https://charts.eu-de-2.cloud.sap
  version: 6.4.15
- name: owner-info
  repository: https://charts.eu-de-2.cloud.sap
  version: 0.2.0
digest: sha256:08c3a02a49971bc1b950f9af16f978b674feb1d88a4511b399efd06e81f7f995
generated: "2023-01-18T10:13:24.97407+01:00"
