dependencies:
- name: owner-info
  repository: https://charts.eu-de-2.cloud.sap
  version: 0.2.0
- name: netapp-harvest-exporter
  repository: ""
  version: '>=0.1.1'
- name: netapp-perf-exporter
  repository: ""
  version: '>=0.0.2'
- name: netapp-cap-exporter
  repository: ""
  version: '>=0.1.0'
digest: sha256:d07b46d9003e9e4283aa515eb913e99b6d3c20011690358b04f18c04f098c218
generated: "2023-09-22T14:40:29.096139+02:00"
