dependencies:
- name: owner-info
  repository: oci://keppel.eu-de-1.cloud.sap/ccloud-helm
  version: 1.0.0
- name: netapp-harvest-exporter
  repository: ""
  version: '>=0.1.1'
- name: netapp-perf-exporter
  repository: ""
  version: '>=0.0.2'
- name: netapp-cap-exporter
  repository: ""
  version: '>=0.1.0'
- name: netapp-metrics-federation
  repository: ""
  version: '>=0.1.0'
digest: sha256:12f41bda19a5fb6e66160eb090c3eaa78e5d249a9949950bb8c03f287ca003d3
generated: "2025-04-29T13:02:40.380946+02:00"
