dependencies:
- name: linkerd-support
  repository: oci://keppel.eu-de-1.cloud.sap/ccloud-helm
  version: 1.1.1
- name: redis
  repository: oci://keppel.eu-de-1.cloud.sap/ccloud-helm
  version: 2.5.4
- name: owner-info
  repository: oci://keppel.eu-de-1.cloud.sap/ccloud-helm
  version: 1.0.0
digest: sha256:cf6aaf16c6f78c57f20191b3dc7134f9d5f88b63f7ec549b5c8b3f9761c27594
generated: "2026-08-24T04:48:59.412780024Z"
