dependencies:
- name: linkerd-support
  repository: oci://keppel.eu-de-1.cloud.sap/ccloud-helm
  version: 1.0.0
- name: redis
  repository: oci://keppel.eu-de-1.cloud.sap/ccloud-helm
  version: 1.4.11
- name: owner-info
  repository: oci://keppel.eu-de-1.cloud.sap/ccloud-helm
  version: 1.0.0
digest: sha256:60271696dd25ae4233956aabe7bb8251e5371a606ecb66e3b24369af8e258723
generated: "2024-07-22T04:22:16.743350884Z"
