dependencies:
- name: prometheus-server-pre7
  repository: https://charts.eu-de-2.cloud.sap
  version: 6.5.1
- name: owner-info
  repository: https://charts.eu-de-2.cloud.sap
  version: 0.2.0
digest: sha256:673bf298a6b1ee2fb40dbba54200035db137920f8eb6d885268ddc1e73472116
generated: "2023-07-17T14:30:23.677104+02:00"
