dependencies:
- name: prometheus-server-pre7
  repository: https://charts.eu-de-2.cloud.sap
  version: 6.5.2
- name: owner-info
  repository: https://charts.eu-de-2.cloud.sap
  version: 0.2.0
digest: sha256:526cf6e606f4dc13ca6e59c2b82acc235cdd52a4b6644e3d7a751a13d5242fa0
generated: "2023-07-20T15:02:36.937594+02:00"
