dependencies:
- name: postgresql
  repository: file://vendor/postgresql
  version: 0.3.0
- name: pgbackup
  repository: oci://keppel.eu-de-1.cloud.sap/ccloud-helm
  version: 0.1.14
- name: owner-info
  repository: oci://keppel.eu-de-1.cloud.sap/ccloud-helm
  version: 0.2.0
digest: sha256:7e550bb0296222d3375197c118367bb1a3d7ff3c5faf0afcf41af051fd740073
generated: "2024-08-09T14:39:30.340832954+02:00"
