dependencies:
- name: postgresql
  repository: file://../../common/postgresql
  version: 0.3.0
- name: pgbackup
  repository: https://charts.eu-de-2.cloud.sap
  version: 0.1.13
- name: owner-info
  repository: https://charts.eu-de-2.cloud.sap
  version: 0.2.0
digest: sha256:a15de2366a0b123d4027d99560b7782b590f420fadbe195c23b47c80aa6fd9cc
generated: "2023-06-14T13:54:45.860075+02:00"
