dependencies:
- name: chartmuseum
  repository: https://kubernetes-charts.storage.googleapis.com/
  version: 2.1.0
- name: redis
  repository: https://kubernetes-charts.storage.googleapis.com/
  version: 6.4.4
digest: sha256:1263e71c6603de10e8e6d37a2bde8f43a05f65a88023b33416799978a7d3eac1
generated: 2019-04-09T09:32:30.637558454+02:00
