dependencies:
- name: postgresql
  repository: file://../../common/postgresql
  version: 0.3.0
- name: pgbackup
  repository: https://charts.eu-de-2.cloud.sap
  version: 0.1.41
- name: pgmetrics
  repository: https://charts.eu-de-2.cloud.sap
  version: 0.4.10
- name: owner-info
  repository: https://charts.eu-de-2.cloud.sap
  version: 0.2.0
- name: error-pages
  repository: file://charts/error-pages
  version: 0.2.1
digest: sha256:df5212f331a450d81e4fb91bc6e0103c17ce2ab1149f052d28fdc4ad703318a0
generated: "2024-01-29T11:19:58.948082872+01:00"
