dependencies:
- name: postgresql
  repository: file://../../common/postgresql
  version: 0.3.0
- name: pgbackup
  repository: https://charts.eu-de-2.cloud.sap
  version: 0.1.16
- name: pgmetrics
  repository: https://charts.eu-de-2.cloud.sap
  version: 0.4.10
- name: owner-info
  repository: https://charts.eu-de-2.cloud.sap
  version: 0.2.0
- name: error-pages
  repository: file://charts/error-pages
  version: 0.2.1
digest: sha256:9ed539bb26c124171fa0fbfcc29f351d243d41d3f07050984473ccd738bd8d1a
generated: "2023-12-01T13:50:56.057432+01:00"
