dependencies:
- name: absent-metrics-operator
  repository: oci://keppel.eu-de-1.cloud.sap/ccloud-helm
  version: 1.0.10
- name: blackbox-exporter
  repository: oci://keppel.eu-de-1.cloud.sap/ccloud-helm
  version: 2.3.3
- name: kube-state-metrics
  repository: https://prometheus-community.github.io/helm-charts
  version: 8.4.0
- name: kube-state-metrics-exporter
  repository: oci://keppel.eu-de-1.cloud.sap/ccloud-helm
  version: 0.2.1
- name: ntp-exporter
  repository: oci://keppel.eu-de-1.cloud.sap/ccloud-helm
  version: 2.6.2
- name: oomkill-exporter
  repository: oci://keppel.eu-de-1.cloud.sap/ccloud-helm
  version: 1.1.4
- name: prometheus-controlplane-rules
  repository: oci://keppel.eu-de-1.cloud.sap/ccloud-helm
  version: 1.1.0
- name: prometheus-crds
  repository: oci://keppel.eu-de-1.cloud.sap/ccloud-helm
  version: 10.0.0
- name: prometheus-kubernetes-rules
  repository: oci://keppel.eu-de-1.cloud.sap/ccloud-helm
  version: 1.10.9
- name: prometheus-node-exporter
  repository: https://prometheus-community.github.io/helm-charts
  version: 4.56.1
- name: http-keep-alive-monitor
  repository: oci://keppel.eu-de-1.cloud.sap/ccloud-helm
  version: 0.4.8
- name: prober-static
  repository: oci://keppel.eu-de-1.cloud.sap/ccloud-helm
  version: 0.1.8
- name: owner-info
  repository: oci://keppel.eu-de-1.cloud.sap/ccloud-helm
  version: 1.0.0
- name: falco
  repository: https://falcosecurity.github.io/charts
  version: 4.21.3
- name: kubelet-stats-metrics
  repository: oci://keppel.eu-de-1.cloud.sap/ccloud-helm
  version: 0.1.5
- name: x509-certificate-exporter
  repository: https://charts.enix.io
  version: 4.2.0
digest: sha256:7ad930c92308548c7883542ad93a1c85eb457435b41d2662c5ed013e8a83e72d
generated: "2026-08-24T09:30:15.935025+02:00"
