dependencies:
- name: pvc-exporter
  repository: https://charts.eu-de-2.cloud.sap
  version: 1.0.2
- name: absent-metrics-operator
  repository: https://charts.eu-de-2.cloud.sap
  version: 0.7.1
- name: blackbox-exporter
  repository: https://charts.eu-de-2.cloud.sap
  version: 1.0.8
- name: event-exporter
  repository: https://charts.eu-de-2.cloud.sap
  version: 0.2.5
- name: grafana-dashboards-kubernetes
  repository: https://charts.eu-de-2.cloud.sap
  version: 0.1.6
- name: k8s-secrets-certificate-exporter
  repository: https://charts.eu-de-2.cloud.sap
  version: 1.3.2
- name: kube-state-metrics
  repository: https://charts.helm.sh/stable
  version: 2.8.4
- name: kube-state-metrics-exporter
  repository: https://charts.eu-de-2.cloud.sap
  version: 0.1.7
- name: ntp-exporter
  repository: https://charts.eu-de-2.cloud.sap
  version: 2.1.1
- name: oomkill-exporter
  repository: https://charts.eu-de-2.cloud.sap
  version: 0.1.10
- name: prometheus-controlplane-rules
  repository: https://charts.eu-de-2.cloud.sap
  version: 1.0.8
- name: prometheus-crds
  repository: https://charts.eu-de-2.cloud.sap
  version: 3.0.1
- name: prometheus-kubernetes-rules
  repository: https://charts.eu-de-2.cloud.sap
  version: 1.2.8
- name: prometheus-node-exporter
  repository: https://prometheus-community.github.io/helm-charts
  version: 1.7.0
- name: kube-prometheus-stack
  repository: https://prometheus-community.github.io/helm-charts
  version: 12.5.0
- name: prometheus-server
  repository: https://charts.eu-de-2.cloud.sap
  version: 3.7.3
- name: prometheus-server
  repository: https://charts.eu-de-2.cloud.sap
  version: 3.7.3
- name: watchcache-exporter
  repository: https://charts.eu-de-2.cloud.sap
  version: 0.1.3
digest: sha256:c5b93bcbc298ac9cbc798bebe885dfef3386b9da789ad996efbe3b67531a3d88
generated: "2021-03-01T18:16:53.549718+02:00"
