dependencies:
- name: absent-metrics-operator
  repository: https://charts.eu-de-2.cloud.sap
  version: 0.9.11
- name: blackbox-exporter
  repository: https://charts.eu-de-2.cloud.sap
  version: 2.2.2
- name: event-exporter
  repository: https://charts.eu-de-2.cloud.sap
  version: 0.3.2
- name: k8s-secrets-certificate-exporter
  repository: https://charts.eu-de-2.cloud.sap
  version: 1.4.3
- name: kube-state-metrics
  repository: https://charts.helm.sh/stable
  version: 2.9.4
- name: kube-state-metrics-exporter
  repository: https://charts.eu-de-2.cloud.sap
  version: 0.1.7
- name: ntp-exporter
  repository: https://charts.eu-de-2.cloud.sap
  version: 2.5.0
- name: oomkill-exporter
  repository: https://charts.eu-de-2.cloud.sap
  version: 0.5.6
- name: prometheus-controlplane-rules
  repository: https://charts.eu-de-2.cloud.sap
  version: 1.0.18
- name: prometheus-crds
  repository: https://charts.eu-de-2.cloud.sap
  version: 6.1.0
- name: prometheus-kubernetes-rules
  repository: https://charts.eu-de-2.cloud.sap
  version: 1.7.10
- name: prometheus-node-exporter
  repository: https://prometheus-community.github.io/helm-charts
  version: 4.6.0
- name: http-keep-alive-monitor
  repository: https://charts.eu-de-2.cloud.sap
  version: 0.4.6
- name: prober-static
  repository: https://charts.eu-de-2.cloud.sap
  version: 0.1.8
- name: owner-info
  repository: https://charts.eu-de-2.cloud.sap
  version: 0.2.0
- name: falco
  repository: https://falcosecurity.github.io/charts
  version: 3.8.4
- name: kubelet-stats-metrics
  repository: https://charts.eu-de-2.cloud.sap
  version: 0.1.5
digest: sha256:860e01565bde304fe5129dfc04304ecc0f2d3f17e2942ebf7ff433014da65c9e
generated: "2023-12-06T11:47:04.725221+01:00"
