dependencies:
- name: prometheus-operator
  repository: https://charts.eu-de-2.cloud.sap
  version: 1.0.1
- name: blackbox-exporter
  repository: https://charts.eu-de-2.cloud.sap
  version: 1.0.4
- name: event-exporter
  repository: https://charts.eu-de-2.cloud.sap
  version: 0.1.2
- name: kube-state-metrics
  repository: https://kubernetes-charts.storage.googleapis.com
  version: 1.5.0
- name: k8s-secrets-certificate-exporter
  repository: https://charts.eu-de-2.cloud.sap
  version: 1.0.0
- name: ntp-exporter
  repository: https://charts.eu-de-2.cloud.sap
  version: 1.0.2
- name: oomkill-exporter
  repository: https://charts.eu-de-2.cloud.sap
  version: 0.1.2
- name: prometheus-node-exporter
  repository: https://kubernetes-charts.storage.googleapis.com
  version: 1.6.0
- name: prometheus-server
  repository: https://charts.eu-de-2.cloud.sap
  version: 3.0.0
- name: prometheus-kubernetes-rules
  repository: https://charts.eu-de-2.cloud.sap
  version: 1.0.6
- name: prometheus-controlplane-rules
  repository: https://charts.eu-de-2.cloud.sap
  version: 1.0.4
digest: sha256:411247015bc4df92fc383dbed5179fa0c5b63e76e9c8d05eb90f7209a9c1c0ef
generated: 2019-10-17T19:10:33.789269785+02:00
