dependencies:
- name: utils
  repository: https://charts.eu-de-2.cloud.sap
  version: 0.3.0
- name: owner-info
  repository: https://charts.eu-de-2.cloud.sap
  version: 0.1.2
digest: sha256:6baad835f6d5cdae457920925fedbd4da3044a390cae778f82ef0baeab178e95
generated: "2022-05-16T15:00:05.563177253+02:00"
