dependencies:
- name: utils
  repository: https://charts.eu-de-2.cloud.sap
  version: 0.7.4
- name: mariadb
  repository: https://charts.eu-de-2.cloud.sap
  version: 0.7.8
- name: mysql_metrics
  repository: https://charts.eu-de-2.cloud.sap
  version: 0.2.7
- name: memcached
  repository: https://charts.eu-de-2.cloud.sap
  version: 0.1.0
- name: rabbitmq
  repository: https://charts.eu-de-2.cloud.sap
  version: 0.5.1
- name: redis
  repository: https://charts.eu-de-2.cloud.sap
  version: 1.2.1
- name: owner-info
  repository: https://charts.eu-de-2.cloud.sap
  version: 0.2.0
digest: sha256:8467ab198ec11f7c1192feca617d93cd8badf9c22b95ca200efe3b3d319a9b73
generated: "2023-05-31T09:26:21.715607-04:00"
