dependencies:
- name: utils
  repository: file://../../openstack/utils
  version: 0.1.1
- name: mariadb
  repository: https://charts.eu-de-2.cloud.sap
  version: 0.1.20
- name: mysql_metrics
  repository: https://charts.eu-de-2.cloud.sap
  version: 0.1.4
- name: memcached
  repository: https://charts.eu-de-2.cloud.sap
  version: 0.0.2
- name: rabbitmq
  repository: https://charts.eu-de-2.cloud.sap
  version: 0.1.4
- name: rabbitmq
  repository: https://charts.eu-de-2.cloud.sap
  version: 0.1.4
- name: region_check
  repository: https://charts.eu-de-2.cloud.sap
  version: 0.1.1
- name: jaeger-operator
  repository: file://../../system/jaeger-operator
  version: 0.1.0
digest: sha256:48fe6b2cc77419200ad39ef581232a833518a672cca7f51397d87c86a6e9d68a
generated: 2020-09-14T12:35:46.650288+02:00
