dependencies:
- name: utils
  repository: https://charts.eu-de-2.cloud.sap
  version: 0.3.0
- name: mariadb
  repository: https://charts.eu-de-2.cloud.sap
  version: 0.3.33
- name: mysql_metrics
  repository: https://charts.eu-de-2.cloud.sap
  version: 0.2.3
- name: memcached
  repository: https://charts.eu-de-2.cloud.sap
  version: 0.0.3
- name: rabbitmq
  repository: https://charts.eu-de-2.cloud.sap
  version: 0.2.6
- name: rabbitmq
  repository: https://charts.eu-de-2.cloud.sap
  version: 0.2.6
- name: region_check
  repository: https://charts.eu-de-2.cloud.sap
  version: 0.1.2
- name: redis
  repository: https://charts.eu-de-2.cloud.sap
  version: 1.1.1
digest: sha256:d4e4d120df21e65d62330168f5475641993380496c4a1d6e270dd4c92e49b8fb
generated: "2021-12-23T12:31:57.422973-05:00"
