dependencies:
- name: utils
  repository: https://charts.eu-de-2.cloud.sap
  version: 0.3.0
- name: mariadb
  repository: https://charts.eu-de-2.cloud.sap
  version: 0.3.33
- name: mysql_metrics
  repository: https://charts.eu-de-2.cloud.sap
  version: 0.2.3
- name: memcached
  repository: https://charts.eu-de-2.cloud.sap
  version: 0.0.3
- name: rabbitmq
  repository: https://charts.eu-de-2.cloud.sap
  version: 0.2.0
- name: rabbitmq
  repository: https://charts.eu-de-2.cloud.sap
  version: 0.2.0
- name: region_check
  repository: https://charts.eu-de-2.cloud.sap
  version: 0.1.2
- name: redis
  repository: https://charts.eu-de-2.cloud.sap
  version: 1.1.1
digest: sha256:9c59651ff89b306ca37a9c9fc3e5877dcdecf56a29840fe25fa09afd403f00b3
generated: "2021-12-13T17:16:38.431762+01:00"
