dependencies:
- name: owner-info
  repository: oci://keppel.eu-de-1.cloud.sap/ccloud-helm
  version: 1.0.0
- name: shared-app-images-tags
  repository: oci://keppel.eu-de-1.cloud.sap/ccloud-helm
  version: 1.1.499
digest: sha256:32182d05f59e99ca795b4c6116b79a26d4040fc9b99ec40828c1595cfe502430
generated: "2026-06-10T11:36:59.378104099Z"
