dependencies:
- name: owner-info
  repository: oci://keppel.eu-de-1.cloud.sap/ccloud-helm
  version: 1.0.0
- name: shared-app-images-tags
  repository: oci://keppel.eu-de-1.cloud.sap/ccloud-helm
  version: 1.1.681
digest: sha256:828d5f428f00a3c49c361562ba23d8e7b3828cd22f757e3187cc9a8c0c949a0c
generated: "2026-09-07T04:40:04.969790043Z"
