dependencies:
- name: owner-info
  repository: oci://keppel.eu-de-1.cloud.sap/ccloud-helm
  version: 1.0.0
- name: shared-app-images-tags
  repository: oci://keppel.eu-de-1.cloud.sap/ccloud-helm
  version: 1.1.234
digest: sha256:8edb1576e8ffd69f9e6f15bc21b62716586b11e120e2a20834269ad8aa742c4c
generated: "2026-03-05T13:52:32.6044913Z"
