dependencies:
- name: absent-metrics-operator
  repository: oci://keppel.eu-de-1.cloud.sap/ccloud-helm
  version: 1.0.10
- name: kube-state-metrics
  repository: https://prometheus-community.github.io/helm-charts
  version: 8.0.0
- name: kube-state-metrics-exporter
  repository: oci://keppel.eu-de-1.cloud.sap/ccloud-helm
  version: 0.2.1
- name: ntp-exporter
  repository: oci://keppel.eu-de-1.cloud.sap/ccloud-helm
  version: 2.6.2
- name: oomkill-exporter
  repository: oci://keppel.eu-de-1.cloud.sap/ccloud-helm
  version: 1.1.4
- name: ping-exporter
  repository: oci://keppel.eu-de-1.cloud.sap/ccloud-helm
  version: 0.1.1
- name: prometheus-crds
  repository: oci://keppel.eu-de-1.cloud.sap/ccloud-helm
  version: 9.0.0
- name: prometheus-kubernetes-rules
  repository: oci://keppel.eu-de-1.cloud.sap/ccloud-helm
  version: 1.10.9
- name: prometheus-node-exporter
  repository: https://prometheus-community.github.io/helm-charts
  version: 4.56.1
- name: kubernikus-monitoring
  repository: oci://keppel.eu-de-1.cloud.sap/ccloud-helm
  version: 1.2.1
- name: blackbox-exporter
  repository: oci://keppel.eu-de-1.cloud.sap/ccloud-helm
  version: 2.3.3
- name: owner-info
  repository: oci://keppel.eu-de-1.cloud.sap/ccloud-helm
  version: 1.0.0
- name: falco
  repository: https://falcosecurity.github.io/charts
  version: 4.21.3
- name: kubelet-stats-metrics
  repository: oci://keppel.eu-de-1.cloud.sap/ccloud-helm
  version: 0.1.5
- name: x509-certificate-exporter
  repository: https://charts.enix.io
  version: 4.1.0
digest: sha256:8d39dced61a2ae84bd32004e06ede45ab07ca4785a396eaaa5908cda5cf4e3be
generated: "2026-07-22T12:31:06.381154+02:00"
