dependencies:
- name: cc-rbac
  repository: oci://keppel.eu-de-1.cloud.sap/ccloud-helm
  version: 0.3.6
- name: ingress-nginx
  repository: https://kubernetes.github.io/ingress-nginx
  version: 4.14.3
- name: node-problem-detector
  repository: oci://keppel.eu-de-1.cloud.sap/ccloud-helm
  version: 1.3.13
- name: prometheus-crds
  repository: oci://keppel.eu-de-1.cloud.sap/ccloud-helm
  version: 8.0.0
- name: cert-manager
  repository: https://charts.jetstack.io
  version: v1.13.3
- name: digicert-issuer
  repository: oci://keppel.eu-de-1.cloud.sap/ccloud-helm
  version: 2.8.0
- name: metrics-server
  repository: https://kubernetes-sigs.github.io/metrics-server
  version: 3.13.0
- name: priority-class
  repository: oci://keppel.eu-de-1.cloud.sap/ccloud-helm
  version: 2.0.0
- name: ldap-named-user
  repository: oci://keppel.eu-de-1.cloud.sap/ccloud-helm
  version: 0.2.8
- name: owner-info
  repository: oci://keppel.eu-de-1.cloud.sap/ccloud-helm
  version: 0.2.0
- name: owner-label-injector
  repository: oci://keppel.eu-de-1.cloud.sap/ccloud-helm
  version: 1.0.4
- name: toolbox-prepull
  repository: oci://keppel.eu-de-1.cloud.sap/ccloud-helm
  version: 1.0.7
- name: secrets-injector
  repository: oci://keppel.eu-de-1.cloud.sap/ccloud-helm
  version: 1.1.19
- name: reloader
  repository: oci://ghcr.io/stakater/charts
  version: 1.2.0
digest: sha256:4d0eb4b8f1784f7a906e3634d265f3a645ad25a4de976db827599724fba09e04
generated: "2026-03-13T14:10:12.364757+02:00"
