dependencies:
- name: nginx-ingress
  repository: https://kubernetes-charts.storage.googleapis.com
  version: 1.23.0
- name: node-problem-detector
  repository: https://charts.eu-de-2.cloud.sap
  version: 1.2.2
- name: vice-president
  repository: https://charts.eu-de-2.cloud.sap
  version: 1.1.1
- name: disco
  repository: https://charts.eu-de-2.cloud.sap
  version: 1.2.3
digest: sha256:ed26ceb89d0a4c7958c142161bb11f0e126be8912041ce2f31611aacd473f18a
generated: 2019-10-09T14:16:36.773672939+02:00
