dependencies:
- name: github-rate-limits-exporter
  repository: oci://registry-1.docker.io/theodore86
  version: 0.10.0
- name: github-rate-limits-exporter
  repository: oci://registry-1.docker.io/theodore86
  version: 0.10.0
- name: owner-info
  repository: oci://keppel.eu-de-1.cloud.sap/ccloud-helm
  version: 1.0.0
digest: sha256:0abfa8896d02fa2b4e0e9456bc867b927d2dbe6cd063a2ff4ce00bac0f34f960
generated: "2026-06-25T09:28:05.793175+02:00"
