dependencies:
- name: owner-info
  repository: oci://keppel.eu-de-1.cloud.sap/ccloud-helm
  version: 0.2.0
- name: jupyterhub
  repository: https://jupyterhub.github.io/helm-chart
  version: 3.1.0
- name: linkerd-support
  repository: oci://keppel.eu-de-1.cloud.sap/ccloud-helm
  version: 0.1.3
digest: sha256:40db4e2055c4950ab10b9dafea41d912e61f713980ea2cf3d1261b144411f6a1
generated: "2024-04-12T15:25:03.894134+02:00"
