dependencies:
- name: owner-info
  repository: https://charts.eu-de-2.cloud.sap
  version: 0.2.0
- name: jupyterhub
  repository: https://hub.jupyter.org/helm-chart
  version: 2.0.0
digest: sha256:87dd0a0cecc9eb0e89717bdee6d0ced627e34d285446a82513bd6ce783d2e3bf
generated: "2023-03-14T13:28:22.459785+01:00"
