dependencies:
- name: kubernikus
  repository: https://charts.eu-de-2.cloud.sap
  version: 0.2.9
- name: kubernikus-dex
  repository: https://charts.eu-de-2.cloud.sap
  version: 0.1.2
digest: sha256:798852bb77c8333aee526fc40501f25d335b627eff68cec2984ea5b1248d465f
generated: 2019-11-12T16:28:38.225173+01:00
