dependencies:
- name: cc-rbac
  repository: https://charts.eu-de-2.cloud.sap
  version: 0.1.6
- name: disco
  repository: https://charts.eu-de-2.cloud.sap
  version: 1.6.2
- name: kube-flannel
  repository: https://charts.eu-de-2.cloud.sap
  version: 0.12.3
- name: kube-proxy
  repository: https://charts.eu-de-2.cloud.sap
  version: 0.6.31
- name: ingress-nginx
  repository: https://kubernetes.github.io/ingress-nginx
  version: 3.36.0
- name: node-problem-detector
  repository: https://charts.eu-de-2.cloud.sap
  version: 1.3.8
- name: prometheus-crds
  repository: https://charts.eu-de-2.cloud.sap
  version: 1.0.0
- name: tiller
  repository: https://charts.eu-de-2.cloud.sap
  version: 0.1.3
- name: wormhole
  repository: https://charts.eu-de-2.cloud.sap
  version: 3.1.4
- name: cert-manager-crds
  repository: https://charts.eu-de-2.cloud.sap
  version: 1.0.4
- name: cert-manager
  repository: https://charts.eu-de-2.cloud.sap
  version: v0.15.2
- name: digicert-issuer
  repository: https://charts.eu-de-2.cloud.sap
  version: 1.0.34
- name: toolbox-prepull
  repository: https://charts.eu-de-2.cloud.sap
  version: 0.0.7
- name: metrics-server
  repository: https://charts.eu-de-2.cloud.sap
  version: 1.0.4
- name: aws-ecr-creds-helper
  repository: https://charts.eu-de-2.cloud.sap
  version: 1.0.0
- name: vertical-pod-autoscaler
  repository: https://charts.eu-de-2.cloud.sap
  version: 1.0.7
- name: maintenance-controller
  repository: https://charts.eu-de-2.cloud.sap
  version: 0.4.3
digest: sha256:61e0ff608fe11450067637b2dc6fbd8c5fd47fab5dfb8e3fc9c2e6f7170e53e1
generated: "2022-02-02T15:08:23.5537442+01:00"
