dependencies:
- name: cc-rbac
  repository: https://charts.eu-de-2.cloud.sap
  version: 0.2.7
- name: disco
  repository: https://charts.eu-de-2.cloud.sap
  version: 1.6.5
- name: kube-flannel
  repository: https://charts.eu-de-2.cloud.sap
  version: 0.12.4
- name: kube-proxy
  repository: https://charts.eu-de-2.cloud.sap
  version: 0.6.35
- name: ingress-nginx
  repository: https://kubernetes.github.io/ingress-nginx
  version: 3.36.0
- name: node-problem-detector
  repository: https://charts.eu-de-2.cloud.sap
  version: 1.3.9
- name: prometheus-crds
  repository: https://charts.eu-de-2.cloud.sap
  version: 1.0.0
- name: tiller
  repository: https://charts.eu-de-2.cloud.sap
  version: 0.1.3
- name: wormhole
  repository: https://charts.eu-de-2.cloud.sap
  version: 3.1.4
- name: cert-manager
  repository: https://charts.jetstack.io
  version: 1.5.5
- name: digicert-issuer
  repository: https://charts.eu-de-2.cloud.sap
  version: 2.2.1
- name: toolbox-prepull
  repository: https://charts.eu-de-2.cloud.sap
  version: 0.0.7
- name: metrics-server
  repository: https://charts.eu-de-2.cloud.sap
  version: 1.0.4
- name: vertical-pod-autoscaler
  repository: https://charts.eu-de-2.cloud.sap
  version: 2.0.0
- name: maintenance-controller
  repository: https://charts.eu-de-2.cloud.sap
  version: 0.5.4
- name: sysctl
  repository: https://charts.eu-de-2.cloud.sap
  version: 0.0.7
digest: sha256:3b4ced176e1dd0712d406e4488dd10b8fcce0b672b7f06c7e661b484982fd81e
generated: "2022-05-17T12:14:19.472182+03:00"
