dependencies:
- name: container-linux-update-operator
  repository: https://charts.eu-de-2.cloud.sap
  version: v0.0.1
- name: sysctl
  repository: https://charts.eu-de-2.cloud.sap
  version: 0.0.1
- name: kube-proxy
  repository: https://charts.eu-de-2.cloud.sap
  version: 0.5.0
- name: kube-flannel
  repository: https://charts.eu-de-2.cloud.sap
  version: 0.11.0
- name: wormhole
  repository: https://charts.eu-de-2.cloud.sap
  version: 0.0.1
- name: nginx-ingress
  repository: https://kubernetes-charts.storage.googleapis.com
  version: 1.23.0
- name: node-problem-detector
  repository: https://charts.eu-de-2.cloud.sap
  version: 1.2.1
- name: vice-president
  repository: https://charts.eu-de-2.cloud.sap
  version: 1.0.9
- name: disco
  repository: https://charts.eu-de-2.cloud.sap
  version: 1.1.2
digest: sha256:c8706eaf2065e416b7a588d72823d23c4e84410af70521a402b18d9b4545e73c
generated: 2019-10-02T14:32:42.029851933+02:00
