dependencies:
- name: kubernikus
  repository: oci://keppel.eu-de-1.cloud.sap/ccloud-helm
  version: 0.3.20
- name: kubernikus-dex
  repository: oci://keppel.eu-de-1.cloud.sap/ccloud-helm
  version: 0.1.5
- name: owner-info
  repository: oci://keppel.eu-de-1.cloud.sap/ccloud-helm
  version: 1.0.0
digest: sha256:35c0648007e4506f0c807fb0687ff0cd7ebcdaf732c5caa94f422671cdd289f0
generated: "2025-02-13T19:06:53.777768+01:00"
