dependencies:
- name: kubernikus
  repository: https://charts.eu-de-2.cloud.sap
  version: 0.3.7
- name: kubernikus-dex
  repository: https://charts.eu-de-2.cloud.sap
  version: 0.1.4
digest: sha256:08105583c45e66e6c1e7d2817d45acfd8e8d1065a45a971c4c8b5f0768e9f932
generated: "2022-01-26T14:52:46.021442+02:00"
