dependencies:
- name: kubernikus
  repository: oci://keppel.eu-de-1.cloud.sap/ccloud-helm
  version: 0.3.21
- name: kubernikus-dex
  repository: oci://keppel.eu-de-1.cloud.sap/ccloud-helm
  version: 0.1.5
- name: owner-info
  repository: oci://keppel.eu-de-1.cloud.sap/ccloud-helm
  version: 1.0.0
digest: sha256:794ca1001151f8af973853c94a00a42755b2bca332fa234d641b710d71e96e51
generated: "2025-02-13T19:44:01.522874+01:00"
