dependencies:
- name: kubernikus
  repository: https://charts.eu-de-2.cloud.sap
  version: 0.2.5
- name: kubernikus-dex
  repository: https://charts.eu-de-2.cloud.sap
  version: 0.1.2
digest: sha256:32e5923401274767546723806608b5aae41e9f1dd8accceb1ca869cd75aaf1eb
generated: 2019-10-31T10:29:59.87734+01:00
