dependencies:
- name: kvm-ha-service
  repository: file://../../../kvm-ha-service/charts/kvm-ha-service
  version: 1.0.0
- name: owner-info
  repository: oci://keppel.eu-de-1.cloud.sap/ccloud-helm
  version: 1.0.0
- name: utils
  repository: oci://keppel.eu-de-1.cloud.sap/ccloud-helm
  version: 0.22.1
- name: linkerd-support
  repository: oci://keppel.eu-de-1.cloud.sap/ccloud-helm
  version: 1.1.1
digest: sha256:d73ffd1cb9b9deead3c383efb5a860d05df83cca96cdf0aa3445b15200a29355
generated: "2026-03-09T17:51:38.209203+01:00"
