dependencies:
- name: kvm-ha-service
  repository: oci://keppel.eu-de-1.cloud.sap/ccloud-helm/kvm-ha-service-feature-test
  version: 1.0.5
- name: owner-info
  repository: oci://keppel.eu-de-1.cloud.sap/ccloud-helm
  version: 1.0.0
- name: utils
  repository: oci://keppel.eu-de-1.cloud.sap/ccloud-helm
  version: 0.22.1
- name: linkerd-support
  repository: oci://keppel.eu-de-1.cloud.sap/ccloud-helm
  version: 1.1.1
digest: sha256:351f8ad5b49761d1f335a7a9e07b28228a3298bdc8d8d9569df0da6ac8787699
generated: "2026-05-13T16:22:42.322384+02:00"
