dependencies:
- name: opentelemetry-operator
  repository: oci://ghcr.io/cloudoperators/greenhouse-extensions/charts
  version: 0.3.4
- name: owner-info
  repository: oci://keppel.eu-de-1.cloud.sap/ccloud-helm
  version: 0.2.0
- name: linkerd-support
  repository: oci://keppel.eu-de-1.cloud.sap/ccloud-helm
  version: 0.1.4
digest: sha256:721c9e94de13ec8d38e6f17da5cf0cc0e117022b5af5b26f1680be95b159fd6c
generated: "2024-09-17T14:45:42.948752+02:00"
