dependencies:
- name: opentelemetry-operator
  repository: oci://ghcr.io/cloudoperators/greenhouse-extensions/charts
  version: 578-pr
- name: owner-info
  repository: oci://keppel.eu-de-1.cloud.sap/ccloud-helm
  version: 0.2.0
- name: linkerd-support
  repository: oci://keppel.eu-de-1.cloud.sap/ccloud-helm
  version: 0.1.4
digest: sha256:2bd6f91d8c4c6dc8a6411c8ba75d658eb85f1acfb0b66f892eb4c011de9f82ac
generated: "2025-01-15T15:49:58.453169+01:00"
