dependencies:
- name: opentelemetry-operator
  repository: oci://ghcr.io/cloudoperators/greenhouse-extensions/charts
  version: 0.6.1
- name: owner-info
  repository: oci://keppel.eu-de-1.cloud.sap/ccloud-helm
  version: 0.2.0
- name: linkerd-support
  repository: oci://keppel.eu-de-1.cloud.sap/ccloud-helm
  version: 0.1.4
digest: sha256:886d91b270070e355ecdd59f4104dd0c99d56795f0fa72ef8eae61caeb843018
generated: "2024-12-13T12:07:12.396935+01:00"
