dependencies:
- name: prometheus-alertmanager-base
  repository: https://charts.eu-de-2.cloud.sap
  version: 2.2.3
- name: owner-info
  repository: https://charts.eu-de-2.cloud.sap
  version: 0.2.0
digest: sha256:38cc4c5b9d34ac277baa586271f03176bdbb4a9e32c4288dbc5db8ddfa20612d
generated: "2023-07-19T07:51:37.35787+02:00"
