dependencies:
- name: prometheus-alertmanager-base
  repository: https://charts.eu-de-2.cloud.sap
  version: 2.2.1
- name: owner-info
  repository: https://charts.eu-de-2.cloud.sap
  version: 0.2.0
digest: sha256:d526f2afa7bb24f82f99002d502e60fec9559c17f7fe61c1b35ca80cc2094c12
generated: "2023-06-09T11:34:46.097968698+02:00"
