dependencies:
- name: prometheus-alertmanager-base
  repository: oci://keppel.eu-de-1.cloud.sap/ccloud-helm
  version: 3.6.0
- name: owner-info
  repository: oci://keppel.eu-de-1.cloud.sap/ccloud-helm
  version: 0.2.0
- name: linkerd-support
  repository: oci://keppel.eu-de-1.cloud.sap/ccloud-helm
  version: 1.1.1
digest: sha256:5e0c555ce09866243f521247fa21b2c5e44f19e63f354ca765fbfa64f635b6ae
generated: "2025-11-18T11:37:47.411204+01:00"
