dependencies:
- name: mariadb
  repository: https://charts.eu-de-2.cloud.sap
  version: 0.10.1
- name: memcached
  repository: https://charts.eu-de-2.cloud.sap
  version: 0.2.0
- name: mysql_metrics
  repository: https://charts.eu-de-2.cloud.sap
  version: 0.3.2
- name: utils
  repository: https://charts.eu-de-2.cloud.sap
  version: 0.16.1
- name: redis
  repository: https://charts.eu-de-2.cloud.sap
  version: 1.4.4
- name: owner-info
  repository: https://charts.eu-de-2.cloud.sap
  version: 0.2.3
- name: linkerd-support
  repository: oci://keppel.eu-de-1.cloud.sap/ccloud-helm
  version: 0.1.4
digest: sha256:1d0b338cacf3916ef709f14a1feaa77728674d1b5eb912ebdec9fc8650ec0aae
generated: "2024-04-11T12:39:42.601945+02:00"
