dependencies:
- name: mariadb
  repository: https://charts.eu-de-2.cloud.sap
  version: 0.4.0
- name: memcached
  repository: https://charts.eu-de-2.cloud.sap
  version: 0.0.10
- name: mysql_metrics
  repository: https://charts.eu-de-2.cloud.sap
  version: 0.2.7
- name: rabbitmq
  repository: https://charts.eu-de-2.cloud.sap
  version: 0.4.2
- name: region_check
  repository: https://charts.eu-de-2.cloud.sap
  version: 0.1.2
- name: utils
  repository: https://charts.eu-de-2.cloud.sap
  version: 0.4.1
- name: redis
  repository: https://charts.eu-de-2.cloud.sap
  version: 1.2.4
- name: owner-info
  repository: https://charts.eu-de-2.cloud.sap
  version: 0.1.2
digest: sha256:c222f563d837e0b76db42e92d2f6547453ded3e8bed743ddd1620c10ffff5610
generated: "2022-07-19T10:40:34.717493152+02:00"
