dependencies:
- name: mariadb
  repository: file://../../common/mariadb
  version: 0.1.13
- name: memcached
  repository: file://../../common/memcached
  version: 0.0.3
- name: mysql_metrics
  repository: file://../../common/mysql_metrics
  version: 0.1.4
- name: rabbitmq
  repository: file://../../common/rabbitmq
  version: 0.1.6
- name: region_check
  repository: file://../../common/region_check
  version: 0.1.1
- name: utils
  repository: file://../../openstack/utils
  version: 0.1.1
digest: sha256:504d3c927dbd8c293e6bf4bfcc13bfc1424b107ce4a5d6cd92673f71fb2aea03
generated: "2020-06-23T11:54:59.760001845Z"
