dependencies:
- name: mariadb
  repository: file://../../common/mariadb
  version: 0.1.3
- name: memcached
  repository: file://../../common/memcached
  version: 0.0.2
- name: mysql_metrics
  repository: file://../../common/mysql_metrics
  version: 0.1.2
- name: rabbitmq
  repository: file://../../common/rabbitmq
  version: 0.1.2
- name: region_check
  repository: file://../../common/region_check
  version: 0.1.0
- name: utils
  repository: file://../../openstack/utils
  version: 0.1.1
digest: sha256:ce6591712cc5e3b9b3c94156bb844c7292f6094f830f572e777cb5df134a8b85
generated: "2020-03-19T13:13:50.789756849Z"
