dependencies:
- name: mariadb
  repository: https://charts.eu-de-2.cloud.sap
  version: 0.3.1
- name: memcached
  repository: https://charts.eu-de-2.cloud.sap
  version: 0.0.3
- name: mysql_metrics
  repository: https://charts.eu-de-2.cloud.sap
  version: 0.2.3
- name: rabbitmq
  repository: https://charts.eu-de-2.cloud.sap
  version: 0.1.6
- name: region_check
  repository: https://charts.eu-de-2.cloud.sap
  version: 0.1.2
- name: utils
  repository: file://../../openstack/utils
  version: 0.1.1
digest: sha256:cea8e47c03113413d2f5443b019ac64798e0e6fd1a50b2019eecb7e8f6a58cd0
generated: 2020-11-30T11:18:41.521648922+05:30
