dependencies:
- name: mariadb
  repository: file://../../common/mariadb
  version: 0.1.3
- name: memcached
  repository: file://../../common/memcached
  version: 0.0.2
- name: mysql_metrics
  repository: file://../../common/mysql_metrics
  version: 0.1.2
- name: pgmetrics
  repository: file://../../common/pgmetrics
  version: 0.1.0
- name: postgresql
  repository: file://../../common/postgresql
  version: 0.3.0
- name: rabbitmq
  repository: file://../../common/rabbitmq
  version: 0.1.2
- name: utils
  repository: file://../../openstack/utils
  version: 0.1.1
digest: sha256:a3d032b0c00797be156ec644043c34f1ba3c27af385c98359c93f00d65b3d0b3
generated: "2020-03-19T13:14:05.231434731Z"
