dependencies:
- name: mariadb
  repository: https://charts.eu-de-2.cloud.sap
  version: 0.3.33
- name: memcached
  repository: https://charts.eu-de-2.cloud.sap
  version: 0.0.6
- name: mysql_metrics
  repository: https://charts.eu-de-2.cloud.sap
  version: 0.2.7
- name: rabbitmq
  repository: https://charts.eu-de-2.cloud.sap
  version: 0.2.2
- name: utils
  repository: https://charts.eu-de-2.cloud.sap
  version: 0.3.0
digest: sha256:101485b9502cfe3c42146316f563db7690f6308e80d13daadfc69eedd8e0146a
generated: "2021-12-13T17:30:38.336337+01:00"
