dependencies:
- name: mariadb
  repository: file://../../common/mariadb
  version: 0.1.3
- name: mysql_metrics
  repository: file://../../common/mysql_metrics
  version: 0.1.2
- name: utils
  repository: file://../../openstack/utils
  version: 0.1.1
- name: postgresql
  repository: file://../../common/postgresql
  version: 0.3.0
- name: pgmetrics
  repository: file://../../common/pgmetrics
  version: 0.1.0
- name: memcached
  repository: file://../../common/memcached
  version: 0.0.2
- name: rabbitmq
  repository: file://../../common/rabbitmq
  version: 0.1.1
digest: sha256:79638a2bbf489196caafd6757be44cc250839b25825b9eb3e689cc730f8ea9e3
generated: 2020-01-10T11:49:44.724524+01:00
