dependencies:
- name: mariadb
  repository: oci://keppel.eu-de-1.cloud.sap/ccloud-helm
  version: 0.41.0
- name: mysql_metrics
  repository: oci://keppel.eu-de-1.cloud.sap/ccloud-helm
  version: 0.6.0
- name: prometheus-monitors
  repository: oci://keppel.eu-de-1.cloud.sap/ccloud-helm
  version: 0.0.2
- name: owner-info
  repository: oci://keppel.eu-de-1.cloud.sap/ccloud-helm
  version: 1.0.0
- name: linkerd-support
  repository: oci://keppel.eu-de-1.cloud.sap/ccloud-helm
  version: 1.1.0
digest: sha256:96c3424814c3e1321e51418f9d947b4329374ef659a466086a915226002cc617
generated: "2026-07-16T13:55:36.230789+02:00"
