dependencies:
- name: prometheus-monitors
  repository: oci://keppel.eu-de-1.cloud.sap/ccloud-helm
  version: 0.0.2
- name: owner-info
  repository: oci://keppel.eu-de-1.cloud.sap/ccloud-helm
  version: 0.2.0
- name: linkerd-support
  repository: oci://keppel.eu-de-1.cloud.sap/ccloud-helm
  version: 0.1.3
digest: sha256:9796cb3ef72e13260cb326cc7c903ed5f793fb4a37ef5b0453d5acc9f256c358
generated: "2024-04-12T15:28:04.558604+02:00"
