dependencies:
- name: owner-info
  repository: https://charts.eu-de-2.cloud.sap
  version: 0.2.0
- name: postgresql
  repository: file://../../common/postgresql
  version: 0.3.0
- name: pgbackup
  repository: https://charts.eu-de-2.cloud.sap
  version: 0.1.14
- name: pgmetrics
  repository: https://charts.eu-de-2.cloud.sap
  version: 0.4.7
digest: sha256:3defea6a6ad6005bae12003b5c32efa54f11315ea89ba9ba4a2721254fc59b00
generated: "2023-07-25T16:34:11.359973907+02:00"
