dependencies:
- name: owner-info
  repository: https://charts.eu-de-2.cloud.sap
  version: 0.2.0
- name: postgresql
  repository: file://../../common/postgresql
  version: 0.3.0
- name: pgbackup
  repository: https://charts.eu-de-2.cloud.sap
  version: 0.1.13
- name: pgmetrics
  repository: https://charts.eu-de-2.cloud.sap
  version: 0.4.7
digest: sha256:72fd5da9c27d9427c300641f9f28a80a5929a91107708d80a0220af01a75fa5f
generated: "2023-06-22T14:26:19.373437301+02:00"
