dependencies:
- name: owner-info
  repository: https://charts.eu-de-2.cloud.sap
  version: 0.2.0
- name: postgresql
  repository: file://../../common/postgresql
  version: 0.3.0
- name: pgbackup
  repository: https://charts.eu-de-2.cloud.sap
  version: 0.1.2
- name: pgmetrics
  repository: https://charts.eu-de-2.cloud.sap
  version: 0.3.1
digest: sha256:e3390fc94e2c2ade6427225d7fd8eb5b2385b2fb32e57ed3f04eb2aeef7eaf73
generated: "2023-01-24T16:53:16.498265404+01:00"
