dependencies:
- name: node-problem-detector
  repository: oci://keppel.eu-de-1.cloud.sap/ccloud-helm
  version: 1.3.12
- name: prometheus-crds
  repository: oci://keppel.eu-de-1.cloud.sap/ccloud-helm
  version: 7.0.0
- name: traefik
  repository: https://helm.traefik.io/traefik
  version: 33.1.0
- name: cc-rbac
  repository: oci://keppel.eu-de-1.cloud.sap/ccloud-helm
  version: 0.3.4
- name: k3s-backup
  repository: oci://keppel.eu-de-1.cloud.sap/ccloud-helm
  version: 2.0.11
- name: cert-manager
  repository: https://charts.jetstack.io
  version: v1.13.3
- name: digicert-issuer
  repository: oci://keppel.eu-de-1.cloud.sap/ccloud-helm
  version: 2.8.0
- name: priority-class
  repository: oci://keppel.eu-de-1.cloud.sap/ccloud-helm
  version: 2.0.0
- name: sysctl
  repository: oci://keppel.eu-de-1.cloud.sap/ccloud-helm
  version: 0.0.9
- name: owner-info
  repository: oci://keppel.eu-de-1.cloud.sap/ccloud-helm
  version: 0.2.0
- name: owner-label-injector
  repository: oci://keppel.eu-de-1.cloud.sap/ccloud-helm
  version: 1.0.4
- name: toolbox-prepull
  repository: oci://keppel.eu-de-1.cloud.sap/ccloud-helm
  version: 1.0.7
- name: secrets-injector
  repository: oci://keppel.eu-de-1.cloud.sap/ccloud-helm
  version: 1.1.19
- name: reloader
  repository: oci://ghcr.io/stakater/charts
  version: 1.2.0
digest: sha256:3a321ad338bf07928744dd996b2c615454dd5246d6290c34ece812a65f8cdba6
generated: "2026-01-21T14:56:41.800518904+01:00"
