dependencies:
- name: node-problem-detector
  repository: oci://keppel.eu-de-1.cloud.sap/ccloud-helm
  version: 1.3.12
- name: prometheus-crds
  repository: oci://keppel.eu-de-1.cloud.sap/ccloud-helm
  version: 7.0.0
- name: traefik
  repository: https://helm.traefik.io/traefik
  version: 33.1.0
- name: cc-rbac
  repository: oci://keppel.eu-de-1.cloud.sap/ccloud-helm
  version: 0.2.7
- name: k3s-backup
  repository: oci://keppel.eu-de-1.cloud.sap/ccloud-helm
  version: 2.0.11
- name: cert-manager
  repository: https://charts.jetstack.io
  version: v1.13.3
- name: digicert-issuer
  repository: oci://keppel.eu-de-1.cloud.sap/ccloud-helm
  version: 2.6.0
- name: priority-class
  repository: oci://keppel.eu-de-1.cloud.sap/ccloud-helm
  version: 2.0.0
- name: sysctl
  repository: oci://keppel.eu-de-1.cloud.sap/ccloud-helm
  version: 0.0.9
- name: owner-info
  repository: oci://keppel.eu-de-1.cloud.sap/ccloud-helm
  version: 0.2.0
- name: owner-label-injector
  repository: oci://keppel.eu-de-1.cloud.sap/ccloud-helm
  version: 1.0.0
- name: toolbox-prepull
  repository: oci://keppel.eu-de-1.cloud.sap/ccloud-helm
  version: 1.0.7
- name: secrets-injector
  repository: oci://keppel.eu-de-1.cloud.sap/ccloud-helm
  version: 1.1.17
- name: reloader
  repository: oci://ghcr.io/stakater/charts
  version: 1.2.0
digest: sha256:bd8ed4861123a5906d5aea397808306ee95a0abb58568fbe18aa8beb1b28d8c9
generated: "2025-10-01T14:43:59.611903428+02:00"
