dependencies:
- name: disco
  repository: https://charts.eu-de-2.cloud.sap
  version: 1.6.3
- name: node-problem-detector
  repository: https://charts.eu-de-2.cloud.sap
  version: 1.3.9
- name: prometheus-crds
  repository: https://charts.eu-de-2.cloud.sap
  version: 1.0.0
- name: traefik
  repository: https://helm.traefik.io/traefik
  version: 10.15.0
- name: tiller
  repository: https://charts.eu-de-2.cloud.sap
  version: 0.1.3
- name: cc-rbac
  repository: https://charts.eu-de-2.cloud.sap
  version: 0.2.7
- name: k3s-backup
  repository: https://charts.eu-de-2.cloud.sap
  version: 1.0.8
- name: cert-manager
  repository: https://charts.jetstack.io
  version: 1.5.5
- name: digicert-issuer
  repository: https://charts.eu-de-2.cloud.sap
  version: 2.2.1
- name: vertical-pod-autoscaler
  repository: https://charts.eu-de-2.cloud.sap
  version: 2.0.0
- name: sysctl
  repository: https://charts.eu-de-2.cloud.sap
  version: 0.0.7
digest: sha256:0098ebb84d7467176a0ae4627ac0369e2ba80f65b4a5693624104f7fa93b387a
generated: "2022-05-17T12:05:46.851552+03:00"
