dependencies:
- name: owner-info
  repository: oci://keppel.eu-de-1.cloud.sap/ccloud-helm
  version: 1.0.0
- name: boot-operator
  repository: oci://ghcr.io/ironcore-dev/charts
  version: 0.0.0-7e818ed
digest: sha256:1e2f45531f91fc770de43a8b1542758d6e083c3313bc0da1459cc9e7f66f0091
generated: "2025-05-13T16:03:43.583028+03:00"
