dependencies:
- name: owner-info
  repository: oci://keppel.eu-de-1.cloud.sap/ccloud-helm
  version: 1.0.0
- name: boot-operator
  repository: oci://ghcr.io/ironcore-dev/charts
  version: 0.0.0-68a4cc0
digest: sha256:fc870271b38a72b821cb05aa7f2509bab5c5129eb54221b58a8282f7f07f8ccd
generated: "2025-08-01T18:18:32.932752+03:00"
