dependencies:
- name: owner-info
  repository: oci://keppel.eu-de-1.cloud.sap/ccloud-helm
  version: 1.0.0
- name: boot-operator
  repository: oci://ghcr.io/ironcore-dev/charts
  version: 0.0.0-3f3a66a
digest: sha256:bea53c4a8e681c88186cf9f29e8ae1238fc43c0660df3e6a9584eb0989a02991
generated: "2026-02-11T10:59:44.550112+02:00"
