dependencies:
- name: opensearch
  repository: https://opensearch-project.github.io/helm-charts
  version: 2.32.0
- name: opensearch
  repository: https://opensearch-project.github.io/helm-charts
  version: 2.32.0
- name: opensearch
  repository: https://opensearch-project.github.io/helm-charts
  version: 2.32.0
- name: opensearch
  repository: https://opensearch-project.github.io/helm-charts
  version: 2.32.0
- name: opensearch-dashboards
  repository: https://opensearch-project.github.io/helm-charts
  version: 2.26.0
- name: owner-info
  repository: oci://keppel.eu-de-1.cloud.sap/ccloud-helm
  version: 0.2.0
- name: manager
  repository: file://vendor/manager
  version: 2.10.1
- name: elasticdump
  repository: file://vendor/elasticdump
  version: 1.0.0
- name: linkerd-support
  repository: oci://keppel.eu-de-1.cloud.sap/ccloud-helm
  version: 0.1.3
- name: prober
  repository: file://vendor/prober
  version: 0.1.0
digest: sha256:f2a721ac50624a070b645dfbb6bd2afb726e27dd87d2ec90df360c5fc3c63f2f
generated: "2025-04-23T09:23:10.702178+02:00"
