dependencies:
- name: opensearch
  repository: https://opensearch-project.github.io/helm-charts
  version: 2.26.0
- name: opensearch
  repository: https://opensearch-project.github.io/helm-charts
  version: 2.26.0
- name: opensearch
  repository: https://opensearch-project.github.io/helm-charts
  version: 2.26.0
- name: opensearch
  repository: https://opensearch-project.github.io/helm-charts
  version: 2.26.0
- name: opensearch-dashboards
  repository: https://opensearch-project.github.io/helm-charts
  version: 2.24.0
- name: owner-info
  repository: oci://keppel.eu-de-1.cloud.sap/ccloud-helm
  version: 0.2.0
- name: manager
  repository: file://vendor/manager
  version: 2.0.7
- name: elasticdump
  repository: file://vendor/elasticdump
  version: 1.0.0
- name: linkerd-support
  repository: oci://keppel.eu-de-1.cloud.sap/ccloud-helm
  version: 0.1.3
digest: sha256:2e921d396d14202ca910e7b7e0107d146ba5d5702f45709f2f05b819fc756960
generated: "2024-10-14T09:49:12.435706+02:00"
