dependencies:
- name: opensearch
  repository: https://opensearch-project.github.io/helm-charts
  version: 2.14.1
- name: opensearch
  repository: https://opensearch-project.github.io/helm-charts
  version: 2.14.1
- name: opensearch
  repository: https://opensearch-project.github.io/helm-charts
  version: 2.14.1
- name: opensearch
  repository: https://opensearch-project.github.io/helm-charts
  version: 2.14.1
- name: opensearch-dashboards
  repository: https://opensearch-project.github.io/helm-charts
  version: 2.12.0
- name: owner-info
  repository: https://charts.eu-de-2.cloud.sap
  version: 0.2.0
- name: elastic-manager
  repository: file://vendor/elastic-manager
  version: 2.0.3
- name: elasticdump
  repository: file://vendor/elasticdump
  version: 1.0.0
digest: sha256:6eefaf323bb13c5d992be5f8a0d3823e07227cdc44ed4fad4ec8d809e13463ce
generated: "2023-12-14T09:24:48.775006+01:00"
