dependencies:
- name: owner-info
  repository: oci://keppel.eu-de-1.cloud.sap/ccloud-helm
  version: 1.0.0
- name: rook-ceph
  repository: https://charts.rook.io/release
  version: v1.14.3
- name: rook-crds
  repository: oci://keppel.eu-de-1.cloud.sap/ccloud-helm
  version: 0.0.1-rook.1.14.3
digest: sha256:45baa5e3d61fe94b6e9b479261d4a4455986f3fe072a8371218f451559896501
generated: "2024-05-07T16:58:22.004886+03:00"
