dependencies:
- name: owner-info
  repository: oci://keppel.eu-de-1.cloud.sap/ccloud-helm
  version: 1.0.0
- name: rook-ceph
  repository: https://charts.rook.io/release
  version: v1.16.1
- name: rook-crds
  repository: oci://keppel.eu-de-1.cloud.sap/ccloud-helm
  version: 0.0.2-rook.1.16.0
digest: sha256:b9910a85ab182d38074a037622ae3ae55cde5cd035f9e8db197da004052264eb
generated: "2025-01-14T16:22:59.056441408+01:00"
