dependencies:
- name: owner-info
  repository: oci://keppel.eu-de-1.cloud.sap/ccloud-helm
  version: 1.0.0
- name: rook-ceph
  repository: https://charts.rook.io/release
  version: v1.15.0
- name: rook-crds
  repository: oci://keppel.eu-de-1.cloud.sap/ccloud-helm
  version: 0.0.2-rook.1.15.0
digest: sha256:d8d894ba706ae4a8216ecf28bb9561fafc3b88908f183ba0b6d4b77f296e92f8
generated: "2024-09-12T10:38:14.973622-04:00"
