dependencies:
- name: utils
  repository: https://charts.eu-de-2.cloud.sap
  version: 0.12.3
- name: owner-info
  repository: https://charts.eu-de-2.cloud.sap
  version: 0.2.3
- name: linkerd-support
  repository: oci://keppel.eu-de-1.cloud.sap/ccloud-helm
  version: 0.1.4
digest: sha256:4adcabaf65981f9e8458848c9885da6ed2da548f420758aa86ee5d13f126b6be
generated: "2024-03-21T18:08:33.255887+01:00"
