dependencies:
- name: utils
  repository: oci://keppel.eu-de-1.cloud.sap/ccloud-helm
  version: 0.12.3
- name: owner-info
  repository: oci://keppel.eu-de-1.cloud.sap/ccloud-helm
  version: 0.2.3
- name: linkerd-support
  repository: oci://keppel.eu-de-1.cloud.sap/ccloud-helm
  version: 0.1.4
digest: sha256:2b317e783b070ad6f69851e8ab51378e78ebcbf11e3f7795a7debfd2d2dd93dc
generated: "2024-04-12T15:51:31.605805+02:00"
