dependencies:
- name: owner-info
  repository: oci://keppel.eu-de-1.cloud.sap/ccloud-helm
  version: 0.2.3
- name: linkerd-support
  repository: oci://keppel.eu-de-1.cloud.sap/ccloud-helm
  version: 0.1.4
- name: utils
  repository: oci://keppel.eu-de-1.cloud.sap/ccloud-helm
  version: 0.13.0
digest: sha256:352d8d3e27380f33db96d937552d38e10450dc55f6dbdaee5971e4879aa6e869
generated: "2024-04-12T15:51:06.241993+02:00"
