dependencies:
- name: opensearch
  repository: https://opensearch-project.github.io/helm-charts
  version: 3.8.0
- name: opensearch
  repository: https://opensearch-project.github.io/helm-charts
  version: 3.8.0
- name: opensearch-dashboards
  repository: https://opensearch-project.github.io/helm-charts
  version: 3.8.0
- name: owner-info
  repository: oci://keppel.eu-de-1.cloud.sap/ccloud-helm
  version: 0.2.0
- name: elasticdump
  repository: file://vendor/elasticdump
  version: 1.0.0
- name: manager
  repository: file://vendor/manager
  version: 1.0.16
digest: sha256:883efb7d40a9544fae36d440c8d9f2401a2465b878c558ec1dcdcb786619cc15
generated: "2026-09-15T16:56:26.869011+02:00"
