dependencies:
- name: opensearch
  repository: https://opensearch-project.github.io/helm-charts
  version: 2.26.0
- name: opensearch
  repository: https://opensearch-project.github.io/helm-charts
  version: 2.26.0
- name: opensearch-dashboards
  repository: https://opensearch-project.github.io/helm-charts
  version: 2.24.0
- name: owner-info
  repository: oci://keppel.eu-de-1.cloud.sap/ccloud-helm
  version: 0.2.0
- name: elasticdump
  repository: file://vendor/elasticdump
  version: 1.0.0
- name: manager
  repository: file://vendor/manager
  version: 1.0.4
digest: sha256:4d88063299dd37620b9196b31965c3b9a042b10421febc416aa2914b551c2b6b
generated: "2025-03-11T14:11:18.613975+01:00"
