dependencies:
- name: opensearch
  repository: https://opensearch-project.github.io/helm-charts
  version: 2.22.0
- name: opensearch
  repository: https://opensearch-project.github.io/helm-charts
  version: 2.22.0
- name: opensearch-dashboards
  repository: https://opensearch-project.github.io/helm-charts
  version: 2.20.0
- name: owner-info
  repository: oci://keppel.eu-de-1.cloud.sap/ccloud-helm
  version: 0.2.0
- name: elasticdump
  repository: file://vendor/elasticdump
  version: 1.0.0
- name: manager
  repository: file://vendor/manager
  version: 1.0.2
digest: sha256:94896fedd068617e95f3aa3b45c2dad1a283ba996a072ba8c436c773855c0d7a
generated: "2024-08-12T16:10:03.855543+02:00"
