dependencies:
- name: owner-info
  repository: oci://keppel.eu-de-1.cloud.sap/ccloud-helm
  version: 0.2.3
- name: utils
  repository: oci://keppel.eu-de-1.cloud.sap/ccloud-helm
  version: 0.16.1
- name: linkerd-support
  repository: oci://keppel.eu-de-1.cloud.sap/ccloud-helm
  version: 0.1.4
digest: sha256:137d046075e776a4fac5ff664490517d70483326378ae5013ef33b15d313b5be
generated: "2024-07-30T13:30:43.325583111+02:00"
