dependencies:
- name: owner-info
  repository: oci://keppel.eu-de-1.cloud.sap/ccloud-helm
  version: 1.0.0
- name: linkerd-support
  repository: oci://keppel.eu-de-1.cloud.sap/ccloud-helm
  version: 1.1.1
- name: utils
  repository: oci://keppel.eu-de-1.cloud.sap/ccloud-helm
  version: 0.35.0
- name: mariadb
  repository: oci://keppel.eu-de-1.cloud.sap/ccloud-helm
  version: 0.35.0
- name: pxc-db
  repository: oci://keppel.eu-de-1.cloud.sap/ccloud-helm
  version: 0.5.0
- name: mysql_metrics
  repository: oci://keppel.eu-de-1.cloud.sap/ccloud-helm
  version: 0.5.2
digest: sha256:d4fb243e863b7c6e698858a129b4a0d3e8097845c60e08504b26e3b1693a2c7d
generated: "2026-04-21T17:43:20.747909+03:00"
