dependencies:
- name: owner-info
  repository: oci://keppel.eu-de-1.cloud.sap/ccloud-helm
  version: 1.0.0
- name: linkerd-support
  repository: oci://keppel.eu-de-1.cloud.sap/ccloud-helm
  version: 1.0.0
- name: utils
  repository: oci://keppel.eu-de-1.cloud.sap/ccloud-helm
  version: 0.19.3
- name: mariadb
  repository: oci://keppel.eu-de-1.cloud.sap/ccloud-helm
  version: 0.11.1
- name: mysql_metrics
  repository: oci://keppel.eu-de-1.cloud.sap/ccloud-helm
  version: 0.3.2
digest: sha256:94f77a1d711690bd8b76cb72d262813b4a6f60a8967331d3ab45e6adc99e03cc
generated: "2024-10-11T10:14:09.700476+05:30"
