dependencies:
- name: mariadb
  repository: oci://keppel.eu-de-1.cloud.sap/ccloud-helm
  version: 0.14.1
- name: mariadb
  repository: oci://keppel.eu-de-1.cloud.sap/ccloud-helm
  version: 0.14.1
- name: mysql_metrics
  repository: oci://keppel.eu-de-1.cloud.sap/ccloud-helm
  version: 0.3.5
- name: rabbitmq
  repository: oci://keppel.eu-de-1.cloud.sap/ccloud-helm
  version: 0.11.1
- name: memcached
  repository: oci://keppel.eu-de-1.cloud.sap/ccloud-helm
  version: 0.4.0
- name: utils
  repository: oci://keppel.eu-de-1.cloud.sap/ccloud-helm
  version: 0.18.4
- name: mariadb
  repository: oci://keppel.eu-de-1.cloud.sap/ccloud-helm
  version: 0.14.1
- name: rabbitmq
  repository: oci://keppel.eu-de-1.cloud.sap/ccloud-helm
  version: 0.11.1
- name: owner-info
  repository: oci://keppel.eu-de-1.cloud.sap/ccloud-helm
  version: 1.0.0
- name: linkerd-support
  repository: oci://keppel.eu-de-1.cloud.sap/ccloud-helm
  version: 1.0.0
digest: sha256:d07e7cfa505d125538b9fc3103ce327f8db8b62417d5316bc3c9a8bbf3d35402
generated: "2024-09-27T15:26:33.908323963+02:00"
