dependencies:
- name: mariadb
  repository: https://charts.eu-de-2.cloud.sap
  version: 0.7.5
- name: mariadb
  repository: https://charts.eu-de-2.cloud.sap
  version: 0.7.5
- name: mysql_metrics
  repository: https://charts.eu-de-2.cloud.sap
  version: 0.2.7
- name: rabbitmq
  repository: https://charts.eu-de-2.cloud.sap
  version: 0.4.4
- name: memcached
  repository: https://charts.eu-de-2.cloud.sap
  version: 0.0.12
- name: utils
  repository: https://charts.eu-de-2.cloud.sap
  version: 0.7.2
- name: mariadb
  repository: https://charts.eu-de-2.cloud.sap
  version: 0.7.5
- name: rabbitmq
  repository: https://charts.eu-de-2.cloud.sap
  version: 0.4.4
- name: owner-info
  repository: https://charts.eu-de-2.cloud.sap
  version: 0.2.0
digest: sha256:da30d2c70b19dbf13d86031fe9d0258595081a861ebde2e045f06b9d66f1d955
generated: "2023-02-07T16:46:59.251624703+01:00"
