dependencies:
- name: postgresql
  repository: file://../../common/postgresql
  version: 0.3.0
- name: pgmetrics
  repository: file://../../common/pgmetrics
  version: 0.1.0
- name: rabbitmq
  repository: https://charts.eu-de-2.cloud.sap
  version: 0.1.2
- name: memcached
  repository: https://charts.eu-de-2.cloud.sap
  version: 0.0.2
- name: rabbitmq
  repository: https://charts.eu-de-2.cloud.sap
  version: 0.1.2
- name: utils
  repository: file://../../openstack/utils
  version: 0.1.1
- name: postgresql
  repository: file://../../common/postgresql
  version: 0.3.0
- name: rabbitmq
  repository: https://charts.eu-de-2.cloud.sap
  version: 0.1.2
- name: region_check
  repository: file://../../common/region_check
  version: 0.1.0
digest: sha256:44975d9ba9d118ae4444b05e98f65c49885f80df22c11eb20cf1e4c420b1702d
generated: 2020-03-19T14:15:01.380757312+01:00
