dependencies:
- name: mariadb
  repository: https://charts.eu-de-2.cloud.sap
  version: 0.3.11
- name: mariadb
  repository: https://charts.eu-de-2.cloud.sap
  version: 0.3.11
- name: mysql_metrics
  repository: https://charts.eu-de-2.cloud.sap
  version: 0.2.7
- name: rabbitmq
  repository: https://charts.eu-de-2.cloud.sap
  version: 0.1.11
- name: memcached
  repository: https://charts.eu-de-2.cloud.sap
  version: 0.0.5
- name: rabbitmq
  repository: https://charts.eu-de-2.cloud.sap
  version: 0.1.11
- name: utils
  repository: file://../../openstack/utils
  version: 0.2.0
- name: mariadb
  repository: https://charts.eu-de-2.cloud.sap
  version: 0.3.11
- name: rabbitmq
  repository: https://charts.eu-de-2.cloud.sap
  version: 0.1.11
- name: region_check
  repository: https://charts.eu-de-2.cloud.sap
  version: 0.1.2
digest: sha256:918ebdf776ef4c94ae829828ef19004930d11281f2af5cf848460a8610393974
generated: 2021-05-17T14:07:42.18146141+02:00
