dependencies:
- name: mariadb
  repository: https://charts.eu-de-2.cloud.sap
  version: 0.3.32
- name: mariadb
  repository: https://charts.eu-de-2.cloud.sap
  version: 0.3.32
- name: mysql_metrics
  repository: https://charts.eu-de-2.cloud.sap
  version: 0.2.7
- name: rabbitmq
  repository: https://charts.eu-de-2.cloud.sap
  version: 0.2.4
- name: memcached
  repository: https://charts.eu-de-2.cloud.sap
  version: 0.0.5
- name: rabbitmq
  repository: https://charts.eu-de-2.cloud.sap
  version: 0.2.4
- name: utils
  repository: https://charts.eu-de-2.cloud.sap
  version: 0.3.0
- name: mariadb
  repository: https://charts.eu-de-2.cloud.sap
  version: 0.3.32
- name: rabbitmq
  repository: https://charts.eu-de-2.cloud.sap
  version: 0.2.4
- name: region_check
  repository: https://charts.eu-de-2.cloud.sap
  version: 0.1.2
digest: sha256:94530687a106fdf946f1744970761930fb8b40d7f3f8993261e7d57cf0922448
generated: "2021-12-09T15:28:01.33432+01:00"
