dependencies:
- name: perses
  repository: https://perses.github.io/helm-charts
  version: 0.14.2
- name: owner-info
  repository: oci://keppel.eu-de-1.cloud.sap/ccloud-helm
  version: 1.0.0
- name: linkerd-support
  repository: oci://keppel.eu-de-1.cloud.sap/ccloud-helm
  version: 1.1.0
digest: sha256:c7ca80bf24c2f32ef1b1cd1468bc27b8a4b0f827b6a9dcbd715fa1c8f0db760f
generated: "2025-07-15T16:36:10.942779+02:00"
