dependencies:
- name: cc-rbac
  repository: https://charts.eu-de-2.cloud.sap
  version: 0.2.7
- name: disco
  repository: https://charts.eu-de-2.cloud.sap
  version: 2.0.3
- name: go-pmtud
  repository: https://charts.eu-de-2.cloud.sap
  version: 2.0.14
- name: kube-dns
  repository: https://charts.eu-de-2.cloud.sap
  version: 0.3.20
- name: kube-fip-controller
  repository: https://charts.eu-de-2.cloud.sap
  version: 1.0.0
- name: kube-proxy
  repository: https://charts.eu-de-2.cloud.sap
  version: 0.6.40
- name: kubernikus-rbac
  repository: https://charts.eu-de-2.cloud.sap
  version: 1.2.2
- name: node-problem-detector
  repository: https://charts.eu-de-2.cloud.sap
  version: 1.3.10
- name: prometheus-crds
  repository: https://charts.eu-de-2.cloud.sap
  version: 4.0.0
- name: sysctl
  repository: https://charts.eu-de-2.cloud.sap
  version: 0.0.9
- name: cert-manager
  repository: https://charts.jetstack.io
  version: v1.5.5
- name: digicert-issuer
  repository: https://charts.eu-de-2.cloud.sap
  version: 2.2.2
- name: ingress-nginx
  repository: https://kubernetes.github.io/ingress-nginx
  version: 4.5.2
- name: ingress-nginx
  repository: https://kubernetes.github.io/ingress-nginx
  version: 4.5.2
- name: wormhole
  repository: https://charts.eu-de-2.cloud.sap
  version: 3.1.8
- name: nodecidr-controller
  repository: https://charts.eu-de-2.cloud.sap
  version: 1.0.6
- name: kube-parrot
  repository: https://charts.eu-de-2.cloud.sap
  version: 4.0.6
- name: kube-proxy-ng
  repository: https://charts.eu-de-2.cloud.sap
  version: 0.1.9
- name: kube-network-helpers
  repository: https://charts.eu-de-2.cloud.sap
  version: 0.1.4
- name: toolbox-prepull
  repository: https://charts.eu-de-2.cloud.sap
  version: 1.0.6
- name: metrics-server
  repository: https://kubernetes-sigs.github.io/metrics-server
  version: 3.8.3
- name: vertical-pod-autoscaler
  repository: https://charts.eu-de-2.cloud.sap
  version: 2.4.0
- name: priority-class
  repository: https://charts.eu-de-2.cloud.sap
  version: 1.0.0
- name: maintenance-controller
  repository: https://charts.eu-de-2.cloud.sap
  version: 0.6.1
- name: vpa-butler
  repository: https://charts.eu-de-2.cloud.sap
  version: 0.1.7
- name: descheduler
  repository: https://charts.eu-de-2.cloud.sap
  version: 0.23.8
- name: kube-detective
  repository: https://charts.eu-de-2.cloud.sap
  version: 0.0.2
- name: kube-cni
  repository: https://charts.eu-de-2.cloud.sap
  version: 0.0.4
- name: owner-info
  repository: https://charts.eu-de-2.cloud.sap
  version: 0.2.0
- name: owner-label-injector
  repository: https://charts.eu-de-2.cloud.sap
  version: 0.0.9
- name: endpoint-watcher
  repository: https://charts.eu-de-2.cloud.sap
  version: 0.1.0
digest: sha256:95c9ac92785a8ccf8ffb0f12dd586db14e5c5fac105f165bd1efc4239c74bbaa
generated: "2023-06-27T12:42:02.924328671+02:00"
