dependencies:
- name: cc-rbac
  repository: https://charts.eu-de-2.cloud.sap
  version: 0.2.7
- name: disco
  repository: https://charts.eu-de-2.cloud.sap
  version: 1.6.2
- name: go-pmtud
  repository: https://charts.eu-de-2.cloud.sap
  version: 2.0.10
- name: kube-dns
  repository: https://charts.eu-de-2.cloud.sap
  version: 0.3.9
- name: kube-fip-controller
  repository: https://charts.eu-de-2.cloud.sap
  version: 0.1.12
- name: kube-proxy
  repository: https://charts.eu-de-2.cloud.sap
  version: 0.6.34
- name: kubernikus-rbac
  repository: https://charts.eu-de-2.cloud.sap
  version: 1.2.1
- name: node-problem-detector
  repository: https://charts.eu-de-2.cloud.sap
  version: 1.3.8
- name: prometheus-crds
  repository: https://charts.eu-de-2.cloud.sap
  version: 1.0.0
- name: sysctl
  repository: https://charts.eu-de-2.cloud.sap
  version: 0.0.7
- name: cert-manager-crds
  repository: https://charts.eu-de-2.cloud.sap
  version: 1.0.5
- name: cert-manager
  repository: https://charts.eu-de-2.cloud.sap
  version: 0.15.2
- name: digicert-issuer
  repository: https://charts.eu-de-2.cloud.sap
  version: 1.1.1
- name: ingress-nginx
  repository: https://kubernetes.github.io/ingress-nginx
  version: 3.36.0
- name: ingress-nginx
  repository: https://kubernetes.github.io/ingress-nginx
  version: 3.36.0
- name: wormhole
  repository: https://charts.eu-de-2.cloud.sap
  version: 3.1.4
- name: nodecidr-controller
  repository: https://charts.eu-de-2.cloud.sap
  version: 1.0.4
- name: kube-parrot
  repository: https://charts.eu-de-2.cloud.sap
  version: 0.3.1
- name: kube-proxy-ng
  repository: https://charts.eu-de-2.cloud.sap
  version: 0.1.4
- name: kube-network-helpers
  repository: https://charts.eu-de-2.cloud.sap
  version: 0.1.2
- name: toolbox-prepull
  repository: https://charts.eu-de-2.cloud.sap
  version: 0.0.8
- name: metrics-server
  repository: https://charts.eu-de-2.cloud.sap
  version: 1.0.4
- name: vertical-pod-autoscaler
  repository: https://charts.eu-de-2.cloud.sap
  version: 1.2.0
- name: priority-class
  repository: https://charts.eu-de-2.cloud.sap
  version: 1.0.0
- name: maintenance-controller
  repository: https://charts.eu-de-2.cloud.sap
  version: 0.5.3
- name: vpa-butler
  repository: https://charts.eu-de-2.cloud.sap
  version: 0.1.4
- name: descheduler
  repository: https://charts.eu-de-2.cloud.sap
  version: 0.23.6
digest: sha256:75c19dc0a5772d43b94fe6a5c9ec41c356eddd2a60979103d537026e9a90aec2
generated: "2022-04-22T15:01:40.633911+03:00"
