dependencies:
- name: kube-proxy
  repository: https://charts.eu-de-2.cloud.sap
  version: 0.6.1
- name: kube-dns
  repository: https://charts.eu-de-2.cloud.sap
  version: 0.2.1
- name: kubernikus-rbac
  repository: https://charts.eu-de-2.cloud.sap
  version: 1.2.1
digest: sha256:f25a410a1923bdb3ae2953e7b0e42d9a2571933226283f6b362df676dd98b0e2
generated: 2019-10-15T13:59:58.258870057+02:00
