dependencies:
- name: kube-proxy
  repository: https://charts.eu-de-2.cloud.sap
  version: 0.6.11
- name: kube-dns
  repository: https://charts.eu-de-2.cloud.sap
  version: 0.3.1
- name: kubernikus-rbac
  repository: https://charts.eu-de-2.cloud.sap
  version: 1.2.1
- name: prometheus-crds
  repository: https://charts.eu-de-2.cloud.sap
  version: 1.0.0
- name: cc-rbac
  repository: https://charts.eu-de-2.cloud.sap
  version: 0.1.0
- name: kube-fip-controller
  repository: https://charts.eu-de-2.cloud.sap
  version: 0.1.7
digest: sha256:adbf14272519b07a6c59ea88c4db2a780582bd92ae1eaa8bffa4ebb6f6b43e62
generated: 2019-11-26T18:52:33.853531318+02:00
