dependencies:
- name: kube-proxy
  repository: https://charts.eu-de-2.cloud.sap
  version: 0.6.0
- name: kube-dns
  repository: https://charts.eu-de-2.cloud.sap
  version: 0.2.1
- name: kubernikus-rbac
  repository: https://charts.eu-de-2.cloud.sap
  version: 1.2.1
digest: sha256:c1bbaf13a56e93709b9470bec1b39ae344f3d0e033ea59dc0f7891cd708ac0cd
generated: 2019-10-15T11:49:18.888508333+02:00
