dependencies:
- name: prometheus-kubernetes-rules
  repository: oci://keppel.eu-de-1.cloud.sap/ccloud-helm
  version: 1.9.3
- name: absent-metrics-operator
  repository: oci://keppel.eu-de-1.cloud.sap/ccloud-helm
  version: 0.9.11
digest: sha256:68bc41fdf133b77aab9c0d0e6446538a1592dbbbd91d6abdeffa1fcc1b22c219
generated: "2024-05-29T15:06:11.405442+02:00"
