dependencies:
- name: vm-operator
  repository: oci://keppel.eu-de-1.cloud.sap/ccloud-helm
  version: 0.1.0
- name: owner-info
  repository: oci://keppel.eu-de-1.cloud.sap/ccloud-helm
  version: 1.0.0
digest: sha256:4de9b1c168377ef1a3491cd5643306599a45a076b3c331b3dbd6c76cd98a185c
generated: "2026-08-14T11:31:15.180141+02:00"
