dependencies:
- name: opensearch
  repository: https://opensearch-project.github.io/helm-charts
  version: 1.4.1
- name: opensearch
  repository: https://opensearch-project.github.io/helm-charts
  version: 1.4.1
- name: opensearch
  repository: https://opensearch-project.github.io/helm-charts
  version: 1.4.1
digest: sha256:a0b55f00459991f092e063d7ccf9557ed3b8940215f32f28fa7c6df7700a8200
generated: "2022-04-14T15:46:34.766219+02:00"
