dependencies:
- name: opensearch
  repository: https://opensearch-project.github.io/helm-charts
  version: 1.10.1
- name: opensearch
  repository: https://opensearch-project.github.io/helm-charts
  version: 1.10.1
- name: opensearch
  repository: https://opensearch-project.github.io/helm-charts
  version: 1.10.1
- name: opensearch-dashboards
  repository: https://opensearch-project.github.io/helm-charts
  version: 1.4.1
- name: fluent
  repository: file://vendor/fluent
  version: 2.0.2
digest: sha256:cb0492cba50726a77c853a68404a80c7e8e0adf707e8d1aeb9b93c23c7045d69
generated: "2022-10-06T10:33:15.682034+02:00"
