dependencies:
- name: opensearch
  repository: https://opensearch-project.github.io/helm-charts
  version: 2.6.2
- name: opensearch
  repository: https://opensearch-project.github.io/helm-charts
  version: 2.6.2
- name: opensearch
  repository: https://opensearch-project.github.io/helm-charts
  version: 2.6.2
- name: opensearch-dashboards
  repository: https://opensearch-project.github.io/helm-charts
  version: 2.5.3
- name: fluent
  repository: file://vendor/fluent
  version: 2.0.2
digest: sha256:038f857a27e748775d5e4139d08bdad3d74a0dfe5e173332af7f0205dda2f704
generated: "2022-11-01T10:18:04.218+01:00"
