dependencies:
- name: owner-info
  repository: https://charts.eu-de-2.cloud.sap
  version: 0.2.0
- name: pgbackup
  repository: https://charts.eu-de-2.cloud.sap
  version: 0.1.2
- name: pgmetrics
  repository: https://charts.eu-de-2.cloud.sap
  version: 0.3.5
digest: sha256:85ca035213099ca016104f214dfcb92f3dc179e6cc00cc67d3de3dcaea76eccb
generated: "2023-01-25T15:15:50.347978872+01:00"
