dependencies:
- name: owner-info
  repository: https://charts.eu-de-2.cloud.sap
  version: 0.2.0
- name: pgbackup
  repository: https://charts.eu-de-2.cloud.sap
  version: 0.1.14
- name: pgmetrics
  repository: https://charts.eu-de-2.cloud.sap
  version: 0.4.2
digest: sha256:2e69e7c40812a590da5692ea429f7dc6c6416c6dcfdbb8cf987a79bcb42a2920
generated: "2023-07-25T16:33:50.947374494+02:00"
