dependencies:
- name: owner-info
  repository: oci://keppel.eu-de-1.cloud.sap/ccloud-helm
  version: 1.0.0
- name: linkerd-support
  repository: oci://keppel.eu-de-1.cloud.sap/ccloud-helm
  version: 1.1.0
digest: sha256:10f13ced9bba9456dfa8a950fe0f09acdcb8efee172880e3063fbc0b947148b2
generated: "2025-01-08T13:27:50.210194+01:00"
