dependencies:
- name: owner-info
  repository: oci://keppel.eu-de-1.cloud.sap/ccloud-helm
  version: 1.0.0
- name: argora
  repository: oci://ghcr.io/sapcc/charts
  version: 0.0.1-20260611105006-b0e45a1-crds
digest: sha256:4bcdb029f4eafcca31caf20dfc458ce52e887c019a58a6ed7da3c0d2cb32535b
generated: "2026-06-11T13:53:26.183774+03:00"
