dependencies:
- name: owner-info
  repository: oci://keppel.eu-de-1.cloud.sap/ccloud-helm
  version: 1.0.0
- name: argora
  repository: oci://ghcr.io/sapcc/charts
  version: 0.0.0-4379a53-crds
digest: sha256:7ea9f3ef970e673c9ca3ad1f73716812cee81d89a5f93551259405dfb927dd6c
generated: "2025-08-27T16:13:43.270222+02:00"
