dependencies:
- name: owner-info
  repository: oci://keppel.eu-de-1.cloud.sap/ccloud-helm
  version: 1.0.0
- name: argora
  repository: oci://ghcr.io/sapcc/charts
  version: 0.0.1-20260318150326-4902171-crds
digest: sha256:b5a9c9001def55479639e11a35e46105613791862728d386053a77ba291d1d28
generated: "2026-03-19T16:48:04.595743+01:00"
