dependencies:
- name: gatekeeper
  repository: file://vendor/gatekeeper-upstream
  version: 3.21.0
- name: linkerd-support
  repository: oci://keppel.eu-de-1.cloud.sap/ccloud-helm
  version: 1.1.1
- name: owner-info
  repository: oci://keppel.eu-de-1.cloud.sap/ccloud-helm
  version: 1.0.0
digest: sha256:2b457a630adf1be697bd46a436695f7ef448135b4f647067674b3cd5baf63f4b
generated: "2025-11-20T17:08:10.808228244+01:00"
