dependencies:
- name: gatekeeper
  repository: file://vendor/gatekeeper-upstream
  version: 3.15.1
- name: linkerd-support
  repository: oci://keppel.eu-de-1.cloud.sap/ccloud-helm
  version: 1.0.0
- name: owner-info
  repository: oci://keppel.eu-de-1.cloud.sap/ccloud-helm
  version: 1.0.0
digest: sha256:667418e9c09e556ca91e37aa073f7397700e5d9eb54ac8cede2331aa90176fbb
generated: "2024-04-26T12:33:52.768976229Z"
