dependencies:
- name: gatekeeper
  repository: file://vendor/gatekeeper-upstream
  version: 3.23.0
- name: linkerd-support
  repository: oci://keppel.eu-de-1.cloud.sap/ccloud-helm
  version: 1.1.1
- name: owner-info
  repository: oci://keppel.eu-de-1.cloud.sap/ccloud-helm
  version: 1.0.0
- name: shared-app-images-tags
  repository: oci://keppel.eu-de-1.cloud.sap/ccloud-helm
  version: 1.1.612
digest: sha256:a60fa1341e60a5401949b9c83a0ff4bf464464937d610b218397c3e6a8caab63
generated: "2026-07-09T13:49:49.27635+02:00"
