dependencies:
- name: linkerd-support
  repository: oci://keppel.eu-de-1.cloud.sap/ccloud-helm
  version: 1.1.0
- name: postgresql-ng
  repository: oci://keppel.eu-de-1.cloud.sap/ccloud-helm
  version: 2.0.11
- name: pgbackup
  repository: oci://keppel.eu-de-1.cloud.sap/ccloud-helm
  version: 1.2.8
- name: pgmetrics
  repository: oci://keppel.eu-de-1.cloud.sap/ccloud-helm
  version: 2.0.7
- name: redis
  repository: oci://keppel.eu-de-1.cloud.sap/ccloud-helm
  version: 2.2.12
- name: owner-info
  repository: oci://keppel.eu-de-1.cloud.sap/ccloud-helm
  version: 1.0.0
digest: sha256:48ab48c9fd1402a0d65557e4b92876175af134178275b9bf50eb0d8dfc01c28e
generated: "2025-06-25T13:47:18.204930718Z"
