dependencies:
- name: linkerd-support
  repository: oci://keppel.eu-de-1.cloud.sap/ccloud-helm
  version: 1.0.0
- name: postgresql-ng
  repository: oci://keppel.eu-de-1.cloud.sap/ccloud-helm
  version: 1.2.0
- name: pgbackup
  repository: oci://keppel.eu-de-1.cloud.sap/ccloud-helm
  version: 1.1.2
- name: pgmetrics
  repository: oci://keppel.eu-de-1.cloud.sap/ccloud-helm
  version: 1.1.1
- name: redis
  repository: oci://keppel.eu-de-1.cloud.sap/ccloud-helm
  version: 1.5.2
- name: owner-info
  repository: oci://keppel.eu-de-1.cloud.sap/ccloud-helm
  version: 1.0.0
digest: sha256:278a1c62ebff0a806691855456ac608b34357c2739bb34c9e0b29fd1ab47ce46
generated: "2024-09-27T15:54:59.16824751Z"
