dependencies:
- name: postgresql
  repository: file://../../common/postgresql
  version: 0.3.0
- name: pgmetrics
  repository: https://charts.eu-de-2.cloud.sap
  version: 0.3.5
- name: redis
  repository: https://charts.eu-de-2.cloud.sap
  version: 1.2.12
- name: owner-info
  repository: https://charts.eu-de-2.cloud.sap
  version: 0.2.0
digest: sha256:1a30c556c805b9ab9dd7f3b2c8dab1f01ec48918e4b58bbf3fc32a968c32e745
generated: "2023-01-05T13:30:32.799497843+01:00"
