dependencies:
- name: postgresql
  repository: file://../../common/postgresql
  version: 0.3.0
- name: pgmetrics
  repository: file://../../common/pgmetrics
  version: 0.1.0
- name: redis
  repository: https://charts.eu-de-2.cloud.sap
  version: 1.1.1
digest: sha256:189f0398d1f955f93e49d2841850714e0cf1a8cd337a299502a510c8ebf3cab2
generated: 2021-07-12T13:36:49.367115+02:00
