dependencies:
- name: linkerd-support
  repository: oci://keppel.eu-de-1.cloud.sap/ccloud-helm
  version: 1.1.1
- name: owner-info
  repository: oci://keppel.eu-de-1.cloud.sap/ccloud-helm
  version: 1.0.0
- name: shared-app-images-tags
  repository: oci://keppel.eu-de-1.cloud.sap/ccloud-helm
  version: 1.1.617
digest: sha256:a5dcc929405245e433fcc20874472fb360cf5641d7af63cc0feacebbb8456891
generated: "2026-07-13T04:03:38.174773296Z"
