dependencies:
- name: linkerd-support
  repository: oci://keppel.eu-de-1.cloud.sap/ccloud-helm
  version: 1.1.1
- name: owner-info
  repository: oci://keppel.eu-de-1.cloud.sap/ccloud-helm
  version: 1.0.0
- name: shared-app-images-tags
  repository: oci://keppel.eu-de-1.cloud.sap/ccloud-helm
  version: 1.1.596
digest: sha256:659fe9cb4156115f0f66c1847d1437b7e3081618c58a31ec73739d6bcd1f8c77
generated: "2026-06-24T14:07:40.366347854Z"
