dependencies:
- name: linkerd-support
  repository: oci://keppel.eu-de-1.cloud.sap/ccloud-helm
  version: 1.1.1
- name: owner-info
  repository: oci://keppel.eu-de-1.cloud.sap/ccloud-helm
  version: 1.0.0
- name: shared-app-images-tags
  repository: oci://keppel.eu-de-1.cloud.sap/ccloud-helm
  version: 1.1.425
digest: sha256:58e4f4c66b5c05a853d94f1f83f7513f06f0110bad01efe784258216431f779f
generated: "2026-05-11T04:25:09.857166891Z"
