dependencies:
- name: nginx-ingress
  repository: https://kubernetes-charts.storage.googleapis.com/
  version: 0.28.2
- name: conntrack-nanny
  repository: file://vendor/conntrack-nanny
  version: 0.1.0
- name: vice-president
  repository: https://charts.eu-de-2.cloud.sap
  version: 1.0.5
- name: disco
  repository: https://charts.eu-de-2.cloud.sap
  version: 1.1.1
digest: sha256:953c7527a4a9bf51921769ae7f976945c59c63c5eaf96bd280a98f316620c94e
generated: 2019-08-22T15:01:12.38532783+02:00
