dependencies:
- name: nginx-ingress
  repository: https://kubernetes-charts.storage.googleapis.com/
  version: 0.28.2
- name: conntrack-nanny
  repository: file://vendor/conntrack-nanny
  version: 0.1.0
- name: vice-president
  repository: file://../vice-president
  version: 1.0.3
- name: disco
  repository: file://../disco
  version: 1.1.0
digest: sha256:3bd2b0a147e27765c2f061a4ab17feac8ccd9c992221051d0c195cf770a2e5fb
generated: 2019-08-15T14:49:16.762452235+02:00
