dependencies:
- name: container-linux-update-operator
  repository: https://charts.eu-de-2.cloud.sap
  version: v0.0.1
- name: conntrack-nanny
  repository: https://charts.eu-de-2.cloud.sap
  version: 0.1.0
- name: dex
  repository: https://charts.eu-de-2.cloud.sap
  version: 0.8.0
- name: kubernetes-dashboard
  repository: https://charts.eu-de-2.cloud.sap
  version: 1.6.1
- name: nginx-ingress
  repository: https://kubernetes-charts.storage.googleapis.com
  version: 1.20.0
- name: node-problem-detector
  repository: https://charts.eu-de-2.cloud.sap
  version: 1.2.1
- name: vice-president
  repository: https://charts.eu-de-2.cloud.sap
  version: 1.0.5
- name: sysctl
  repository: https://charts.eu-de-2.cloud.sap
  version: 0.0.1
- name: disco
  repository: https://charts.eu-de-2.cloud.sap
  version: 1.1.2
- name: kube-proxy
  repository: https://charts.eu-de-2.cloud.sap
  version: 0.5.0
- name: kubernikus-rbac
  repository: https://charts.eu-de-2.cloud.sap
  version: 1.1.1
digest: sha256:2a6a21a4b77e01fe44f0274f40c5167106df5ab4eb0ed051947ffe6158f0adb0
generated: 2019-09-23T15:13:12.659582515+02:00
