dependencies:
- name: go-pmtud
  repository: oci://keppel.eu-de-1.cloud.sap/ccloud-helm
  version: 2.0.15
- name: sysctl
  repository: oci://keppel.eu-de-1.cloud.sap/ccloud-helm
  version: 0.0.9
- name: toolbox-prepull
  repository: oci://keppel.eu-de-1.cloud.sap/ccloud-helm
  version: 1.0.7
- name: kube-detective
  repository: oci://keppel.eu-de-1.cloud.sap/ccloud-helm
  version: 0.0.2
- name: kube-cni
  repository: oci://keppel.eu-de-1.cloud.sap/ccloud-helm
  version: 0.0.4
- name: owner-info
  repository: oci://keppel.eu-de-1.cloud.sap/ccloud-helm
  version: 1.0.0
- name: ldap-named-user
  repository: oci://keppel.eu-de-1.cloud.sap/ccloud-helm
  version: 0.1.3
- name: secrets-injector
  repository: oci://keppel.eu-de-1.cloud.sap/ccloud-helm
  version: 1.0.1
- name: maintenance-controller
  repository: oci://keppel.eu-de-1.cloud.sap/ccloud-helm
  version: 1.0.5
- name: owner-label-injector
  repository: oci://keppel.eu-de-1.cloud.sap/ccloud-helm
  version: 0.0.21
digest: sha256:67c730ccde27a46ca4ae6bda883ceafe894e76f5ad11b4a01030d85ece354641
generated: "2024-06-13T08:36:37.002107255Z"
