dependencies:
- name: sysctl
  repository: oci://keppel.eu-de-1.cloud.sap/ccloud-helm
  version: 0.0.9
- name: toolbox-prepull
  repository: oci://keppel.eu-de-1.cloud.sap/ccloud-helm
  version: 1.0.7
- name: kube-detective
  repository: oci://keppel.eu-de-1.cloud.sap/ccloud-helm
  version: 0.0.2
- name: kube-cni
  repository: oci://keppel.eu-de-1.cloud.sap/ccloud-helm
  version: 0.0.4
- name: owner-info
  repository: oci://keppel.eu-de-1.cloud.sap/ccloud-helm
  version: 1.0.0
- name: ldap-named-user
  repository: oci://keppel.eu-de-1.cloud.sap/ccloud-helm
  version: 0.2.1
- name: secrets-injector
  repository: oci://keppel.eu-de-1.cloud.sap/ccloud-helm
  version: 1.1.16
- name: priority-class
  repository: oci://keppel.eu-de-1.cloud.sap/ccloud-helm
  version: 2.0.0
- name: owner-label-injector
  repository: oci://keppel.eu-de-1.cloud.sap/ccloud-helm
  version: 1.0.0
- name: k3s-backup
  repository: oci://keppel.eu-de-1.cloud.sap/ccloud-helm
  version: 2.0.11
digest: sha256:80eda40e22d45344b8beaab9ffbb9eb9eba421f20cb1c660f1ed0ea9c2677857
generated: "2025-09-03T11:01:30.788427988Z"
