dependencies:
- name: go-pmtud
  repository: oci://keppel.eu-de-1.cloud.sap/ccloud-helm
  version: 2.0.15
- name: sysctl
  repository: oci://keppel.eu-de-1.cloud.sap/ccloud-helm
  version: 0.0.9
- name: toolbox-prepull
  repository: oci://keppel.eu-de-1.cloud.sap/ccloud-helm
  version: 1.0.7
- name: kube-detective
  repository: oci://keppel.eu-de-1.cloud.sap/ccloud-helm
  version: 0.0.2
- name: kube-cni
  repository: oci://keppel.eu-de-1.cloud.sap/ccloud-helm
  version: 0.0.4
- name: owner-info
  repository: oci://keppel.eu-de-1.cloud.sap/ccloud-helm
  version: 1.0.0
- name: ldap-named-user
  repository: oci://keppel.eu-de-1.cloud.sap/ccloud-helm
  version: 0.1.3
- name: secrets-injector
  repository: oci://keppel.eu-de-1.cloud.sap/ccloud-helm
  version: 1.0.1
- name: maintenance-controller
  repository: oci://keppel.eu-de-1.cloud.sap/ccloud-helm
  version: 1.0.5
- name: owner-label-injector
  repository: oci://keppel.eu-de-1.cloud.sap/ccloud-helm
  version: 0.0.22
digest: sha256:49a97862ee8de517b57d779848a9d98d0e626aa4486b6ee6c66050a56002da14
generated: "2024-07-15T12:01:36.832462+02:00"
