dependencies:
- name: utils
  repository: oci://keppel.eu-de-1.cloud.sap/ccloud-helm
  version: 0.32.0
- name: owner-info
  repository: oci://keppel.eu-de-1.cloud.sap/ccloud-helm
  version: 1.0.0
digest: sha256:7a75b1f1379ac7c82144455bd1a7a720e02d881af76e190822dd7e21947a100d
generated: "2026-03-24T14:17:02.495544859+01:00"
