dependencies:
- name: utils
  repository: oci://keppel.eu-de-1.cloud.sap/ccloud-helm
  version: 0.38.0
- name: owner-info
  repository: oci://keppel.eu-de-1.cloud.sap/ccloud-helm
  version: 1.0.0
digest: sha256:c121d347f263157660e4e4200ba86e105a849542b5beb53282e8b73cb85b953c
generated: "2026-06-30T11:35:13.620844514+02:00"
