dependencies:
- name: utils
  repository: oci://keppel.eu-de-1.cloud.sap/ccloud-helm
  version: 0.30.0
- name: owner-info
  repository: oci://keppel.eu-de-1.cloud.sap/ccloud-helm
  version: 1.0.0
digest: sha256:203908047082ef34cbb47284afedc69121bb8b250936139d33d27c2239aada0d
generated: "2025-09-11T12:04:21.80456+02:00"
