dependencies:
- name: owner-info
  repository: oci://keppel.eu-de-1.cloud.sap/ccloud-helm
  version: 1.0.0
- name: kube-vip-cloud-provider
  repository: https://kube-vip.github.io/helm-charts
  version: 0.2.5
digest: sha256:42152e0b6b4eae4da5ad345c552ade2ea58eaadaa6a8e622b4ae531a419f8edb
generated: "2025-05-02T14:52:47.141598+03:00"
