dependencies:
- name: kubernikus
  repository: oci://keppel.eu-de-1.cloud.sap/ccloud-helm
  version: 0.3.17
- name: kubernikus-dex
  repository: oci://keppel.eu-de-1.cloud.sap/ccloud-helm
  version: 0.1.5
- name: owner-info
  repository: oci://keppel.eu-de-1.cloud.sap/ccloud-helm
  version: 0.2.3
digest: sha256:82970c64b6da4dc70298140198dd535a04b4068d79b3eec5fdbe4d3d6408d67d
generated: "2024-07-30T17:26:54.054838+03:00"
