dependencies:
- name: utils
  repository: oci://keppel.eu-de-1.cloud.sap/ccloud-helm
  version: 0.31.1
- name: owner-info
  repository: oci://keppel.eu-de-1.cloud.sap/ccloud-helm
  version: 1.0.0
digest: sha256:229d8583f957f68b358bb63cf2ce90f498b7eac5c87b4bf81bf0ecbf354dce74
generated: "2025-10-22T11:50:23.356734143+02:00"
