dependencies:
- name: utils
  repository: oci://keppel.eu-de-1.cloud.sap/ccloud-helm
  version: 0.31.0
- name: owner-info
  repository: oci://keppel.eu-de-1.cloud.sap/ccloud-helm
  version: 1.0.0
digest: sha256:25913fa892b5cef85b0655e73d80099735ab604d4a4b3baaf0d0b605d88f9ae1
generated: "2025-10-21T14:36:17.323205932+02:00"
