dependencies:
- name: utils
  repository: oci://keppel.eu-de-1.cloud.sap/ccloud-helm
  version: 0.19.6
- name: owner-info
  repository: oci://keppel.eu-de-1.cloud.sap/ccloud-helm
  version: 1.0.0
digest: sha256:65a954473bf2ae3dddc07854073229c2d338caef24e365531e8fd3a88756e1dd
generated: "2024-10-31T15:46:34.405622385+01:00"
