dependencies:
- name: mariadb
  repository: oci://keppel.eu-de-1.cloud.sap/ccloud-helm
  version: 0.38.2
- name: nats
  repository: file://../../common/nats
  version: 0.20.0
- name: utils
  repository: oci://keppel.eu-de-1.cloud.sap/ccloud-helm
  version: 0.38.0
- name: owner-info
  repository: oci://keppel.eu-de-1.cloud.sap/ccloud-helm
  version: 1.0.0
- name: mysql_metrics
  repository: oci://keppel.eu-de-1.cloud.sap/ccloud-helm
  version: 0.8.1
digest: sha256:04eaedae3c8df2be0c1999da6833d7dd41cf81fea0b2f2433436968c49208f5c
generated: "2026-06-22T04:07:47.732674855Z"
