dependencies:
- name: mariadb
  repository: oci://keppel.eu-de-1.cloud.sap/ccloud-helm
  version: 0.15.3
- name: nats
  repository: file://../../common/nats
  version: 0.18.2
- name: utils
  repository: oci://keppel.eu-de-1.cloud.sap/ccloud-helm
  version: 0.21.0
- name: owner-info
  repository: oci://keppel.eu-de-1.cloud.sap/ccloud-helm
  version: 1.0.0
- name: mysql_metrics
  repository: oci://keppel.eu-de-1.cloud.sap/ccloud-helm
  version: 0.4.2
digest: sha256:dc32af9895e4bbf986eaf49f7df2850eb3c0d48c2297d7540e0c1d24105ad9af
generated: "2025-01-21T13:07:15.297424+01:00"
