dependencies:
- name: mariadb
  repository: oci://keppel.eu-de-1.cloud.sap/ccloud-helm
  version: 0.42.3
- name: nats
  repository: file://../../common/nats
  version: 0.20.0
- name: utils
  repository: oci://keppel.eu-de-1.cloud.sap/ccloud-helm
  version: 0.38.2
- name: owner-info
  repository: oci://keppel.eu-de-1.cloud.sap/ccloud-helm
  version: 1.0.0
- name: mysql_metrics
  repository: oci://keppel.eu-de-1.cloud.sap/ccloud-helm
  version: 0.8.1
digest: sha256:94146f9aa9c2d0561092582c49ab8a0b9c49318e1b82fa3ad763f27414a42686
generated: "2026-09-28T04:39:40.211832832Z"
