dependencies:
- name: trust-manager
  repository: https://charts.jetstack.io
  version: v0.24.0
- name: owner-info
  repository: oci://keppel.eu-de-1.cloud.sap/ccloud-helm
  version: 0.2.3
digest: sha256:9cc72bd735211470b6f5c72b1d55180c294f17affc15ba2ecc093ba78c38a0ce
generated: "2026-08-18T11:47:07.381502+02:00"
