dependencies:
- name: trust-manager
  repository: https://charts.jetstack.io
  version: v0.7.0
- name: owner-info
  repository: https://charts.eu-de-2.cloud.sap
  version: 0.2.0
digest: sha256:2431e22402f4c0f02e0e9dfbc9a43cd6b78774f3b0bfda0725d2fa2ee99b3f4d
generated: "2023-10-31T11:24:32.482765875+01:00"
