dependencies:
- name: trust-manager
  repository: https://charts.jetstack.io
  version: v0.7.1
- name: owner-info
  repository: oci://keppel.eu-de-1.cloud.sap/ccloud-helm
  version: 0.2.3
digest: sha256:84f22dfb33588bd79513f3f90308ba15198c07f7a9f7025172a449be4b4903e3
generated: "2024-04-12T15:52:31.869739+02:00"
