dependencies:
- name: octobus-query-exporter
  repository: file://vendor/octobus-query-exporter
  version: 1.0.5
- name: octobus-query-exporter-global
  repository: file://vendor/octobus-query-exporter-global
  version: 1.0.2
- name: owner-info
  repository: https://charts.eu-de-2.cloud.sap
  version: 0.2.0
digest: sha256:e06304c26e698987f7e4a7f20688968258926de18479f6399ff0cf75d37b4864
generated: "2023-10-19T13:39:41.568919+02:00"
