dependencies:
- name: octobus-query-exporter
  repository: file://vendor/octobus-query-exporter
  version: 1.0.31
- name: octobus-query-exporter-global
  repository: file://vendor/octobus-query-exporter-global
  version: 1.0.14
- name: owner-info
  repository: oci://keppel.eu-de-1.cloud.sap/ccloud-helm
  version: 0.2.0
- name: linkerd-support
  repository: oci://keppel.eu-de-1.cloud.sap/ccloud-helm
  version: 1.1.1
digest: sha256:a89c958cbad501cb6bf5f1377b0296c7f9d1a1601dd89bb064b8de1f854aaf9b
generated: "2026-07-21T22:32:59.390181+08:00"
