dependencies:
- name: octobus-query-exporter
  repository: file://vendor/octobus-query-exporter
  version: 1.0.4
- name: octobus-query-exporter-global
  repository: file://vendor/octobus-query-exporter-global
  version: 1.0.2
- name: owner-info
  repository: https://charts.eu-de-2.cloud.sap
  version: 0.2.0
digest: sha256:2b2aa9d894cfada50764100e469e155a8238023e80f50077b17d83c49b66b962
generated: "2023-07-13T08:01:19.829704+02:00"
