dependencies:
- name: thanos
  repository: https://charts.eu-de-2.cloud.sap
  version: 0.6.0
- name: owner-info
  repository: https://charts.eu-de-2.cloud.sap
  version: 0.2.0
digest: sha256:9609bf72e11991f3dbd1d8a806356f417328ecfcfe9cdf6cd202bd38810b5e6a
generated: "2023-11-01T11:00:20.411172+01:00"
