dependencies:
- name: codimd
  repository: file://vendor/codimd
  version: 0.1.11
- name: postgresql-ng
  repository: oci://keppel.eu-de-1.cloud.sap/ccloud-helm
  version: 2.1.12
- name: pgbackup
  repository: oci://keppel.eu-de-1.cloud.sap/ccloud-helm
  version: 1.3.12
- name: owner-info
  repository: oci://keppel.eu-de-1.cloud.sap/ccloud-helm
  version: 1.0.0
- name: linkerd-support
  repository: oci://keppel.eu-de-1.cloud.sap/ccloud-helm
  version: 1.1.1
digest: sha256:9c2c4b12cfaf6a96066ec20ec46e0bafcb573faeeaa6d3a517483a6b8d3b8770
generated: "2025-12-08T05:15:14.509572216Z"
