dependencies:
- name: codimd
  repository: file://vendor/codimd
  version: 0.1.10
- name: postgresql
  repository: file://../../common/postgresql
  version: 0.3.0
- name: pgbackup
  repository: https://charts.eu-de-2.cloud.sap
  version: 0.1.10
digest: sha256:93a1c81fa372da7443b4fdef4f467e7aac7bd93d0dafbd913719c39a09274bc6
generated: "2023-03-13T16:03:51.421497481+01:00"
