dependencies:
- name: codimd
  repository: file://vendor/codimd
  version: 0.1.11
- name: postgresql-ng
  repository: oci://keppel.eu-de-1.cloud.sap/ccloud-helm
  version: 1.4.1
- name: pgbackup
  repository: oci://keppel.eu-de-1.cloud.sap/ccloud-helm
  version: 1.2.1
- name: owner-info
  repository: oci://keppel.eu-de-1.cloud.sap/ccloud-helm
  version: 1.0.0
- name: linkerd-support
  repository: oci://keppel.eu-de-1.cloud.sap/ccloud-helm
  version: 1.1.0
digest: sha256:900517fb0ec237552312e201cf66ed92730af1de5b63cdea1c491e800bde499c
generated: "2025-04-14T04:25:05.717232214Z"
