dependencies:
- name: opensearch-operator
  repository: https://opensearch-project.github.io/opensearch-k8s-operator/
  version: 2.6.0
- name: owner-info
  repository: oci://keppel.eu-de-1.cloud.sap/ccloud-helm
  version: 0.2.0
- name: linkerd-support
  repository: oci://keppel.eu-de-1.cloud.sap/ccloud-helm
  version: 0.1.4
digest: sha256:c08a02a756fa78e0cfa9cc15141a77926aa28e86b8636c7c306714e1fe0cdfd3
generated: "2024-11-04T17:49:53.587762+01:00"
