dependencies:
- name: kvm-node-agent
  repository: oci://keppel.eu-de-1.cloud.sap/ccloud-ghcr-io-mirror/cobaltcore-dev/charts
  version: 0.1.2
- name: owner-info
  repository: oci://keppel.eu-de-1.cloud.sap/ccloud-helm
  version: 1.0.0
digest: sha256:9f77779512aac1ede9db3230c52f45e8acadada6c2479f51e1b6bf21ba7b6a25
generated: "2025-12-10T14:06:56.345998-05:00"
