dependencies:
- name: kvm-node-agent
  repository: oci://keppel.eu-de-1.cloud.sap/ccloud-ghcr-io-mirror/cobaltcore-dev/charts
  version: 0.1.12
- name: owner-info
  repository: oci://keppel.eu-de-1.cloud.sap/ccloud-helm
  version: 1.0.0
digest: sha256:747de5f9b0d14d3f095324da18c172d9d04b3f690df65c37295ff717e8037978
generated: "2026-03-10T14:25:27.041656591Z"
