dependencies:
- name: owner-info
  repository: oci://keppel.eu-de-1.cloud.sap/ccloud-helm
  version: 1.0.0
- name: metal-maintenance-operator
  repository: oci://ghcr.io/ironcore-dev/charts
  version: 0.0.1-20260721080039-86549d3-crds
digest: sha256:32eefca0eb8ac3c4da90aa9ad72de18644fa12449195f3091aa7bb3ee9c2f8fb
generated: "2026-07-23T12:37:55.013543425Z"
