dependencies:
- name: perses
  repository: oci://ghcr.io/cloudoperators/greenhouse-extensions/charts
  version: 0.14.7
- name: owner-info
  repository: oci://keppel.eu-de-1.cloud.sap/ccloud-helm
  version: 1.0.0
- name: linkerd-support
  repository: oci://keppel.eu-de-1.cloud.sap/ccloud-helm
  version: 1.1.0
digest: sha256:c20177b531c093fc6dc4c07d9016b94310c43096d40ed1d2fbb867c98b0eebe3
generated: "2025-08-04T14:34:06.620463+02:00"
