dependencies:
- name: perses
  repository: oci://ghcr.io/cloudoperators/greenhouse-extensions/charts
  version: 0.14.6
- name: owner-info
  repository: oci://keppel.eu-de-1.cloud.sap/ccloud-helm
  version: 1.0.0
- name: linkerd-support
  repository: oci://keppel.eu-de-1.cloud.sap/ccloud-helm
  version: 1.1.0
digest: sha256:3055850b402741e20acdf020c0ec298b0daed1313653b446662c2832a18caf3f
generated: "2025-08-04T12:45:44.263377+02:00"
