dependencies:
- name: perses
  repository: oci://ghcr.io/cloudoperators/greenhouse-extensions/charts
  version: 0.17.1
- name: owner-info
  repository: oci://keppel.eu-de-1.cloud.sap/ccloud-helm
  version: 1.0.0
- name: linkerd-support
  repository: oci://keppel.eu-de-1.cloud.sap/ccloud-helm
  version: 1.1.1
digest: sha256:4ef634e9a6b1ded8ea1d5f96206f53f9fa286ee8331eed4f935b0d93ec3e2da2
generated: "2025-10-02T11:38:56.702725+02:00"
