dependencies:
- name: mariadb
  repository: https://charts.eu-de-2.cloud.sap
  version: 0.7.6
- name: memcached
  repository: https://charts.eu-de-2.cloud.sap
  version: 0.1.0
- name: mysql_metrics
  repository: https://charts.eu-de-2.cloud.sap
  version: 0.2.7
- name: rabbitmq
  repository: https://charts.eu-de-2.cloud.sap
  version: 0.5.1
- name: utils
  repository: https://charts.eu-de-2.cloud.sap
  version: 0.5.0
- name: redis
  repository: https://charts.eu-de-2.cloud.sap
  version: 1.2.4
- name: owner-info
  repository: https://charts.eu-de-2.cloud.sap
  version: 0.2.0
digest: sha256:cf207a00d9d729846247807a8fae75a9cf10f69dd97ae1c78ef2a63958f8ba1a
generated: "2023-03-08T14:40:36.382177+05:30"
