dependencies:
- name: mariadb
  repository: file://../../common/mariadb
  version: 0.1.10
- name: memcached
  repository: file://../../common/memcached
  version: 0.0.3
- name: mysql_metrics
  repository: file://../../common/mysql_metrics
  version: 0.1.4
- name: rabbitmq
  repository: file://../../common/rabbitmq
  version: 0.1.5
- name: rabbitmq
  repository: file://../../common/rabbitmq
  version: 0.1.5
- name: region_check
  repository: file://../../common/region_check
  version: 0.1.0
- name: utils
  repository: file://../../openstack/utils
  version: 0.1.1
digest: sha256:9c251f339467357ce3cabb60dc1766663205ba3961de75c5edc8c79204e5e872
generated: "2020-05-27T14:05:10.679779112Z"
