dependencies:
- name: utils
  repository: file://../../openstack/utils
  version: 0.1.1
- name: postgresql
  repository: file://../../common/postgresql
  version: 0.3.0
- name: pgmetrics
  repository: file://../../common/pgmetrics
  version: 0.1.0
- name: rabbitmq
  repository: file://../../common/rabbitmq
  version: 0.1.0
- name: memcached
  repository: file://../../common/memcached
  version: 0.0.1
- name: region_check
  repository: file://../../common/region_check
  version: 0.1.0
digest: sha256:424d3f7ffc2b8014437319961ec7c347b9d6718eba99c0a423420075f7928c23
generated: 2019-02-15T14:04:01.293792602+05:30
