dependencies:
- name: mariadb
  repository: https://charts.eu-de-2.cloud.sap
  version: 0.3.34
- name: memcached
  repository: https://charts.eu-de-2.cloud.sap
  version: 0.0.6
- name: mysql_metrics
  repository: https://charts.eu-de-2.cloud.sap
  version: 0.2.7
- name: rabbitmq
  repository: https://charts.eu-de-2.cloud.sap
  version: 0.2.12
- name: rabbitmq
  repository: https://charts.eu-de-2.cloud.sap
  version: 0.2.12
- name: region_check
  repository: https://charts.eu-de-2.cloud.sap
  version: 0.1.2
- name: utils
  repository: https://charts.eu-de-2.cloud.sap
  version: 0.3.3
- name: redis
  repository: https://charts.eu-de-2.cloud.sap
  version: 1.1.5
digest: sha256:87747491f4ebf6f137a441848b9cb8c3793308fa39b0e1fa779feb77f17b980a
generated: "2022-02-18T20:44:05.570539+01:00"
