dependencies:
- name: audit-logs
  repository: oci://ghcr.io/cloudoperators/greenhouse-extensions/charts
  version: 0.0.2
- name: owner-info
  repository: oci://keppel.eu-de-1.cloud.sap/ccloud-helm
  version: 1.0.0
- name: linkerd-support
  repository: oci://keppel.eu-de-1.cloud.sap/ccloud-helm
  version: 0.1.3
digest: sha256:278f852b8321b4d78acaced3a57df22e5c0cc28a9b24d506a96908553afeb292
generated: "2025-07-11T14:31:53.174869+02:00"
