dependencies:
- name: audit-logs-otel
  repository: file://../../../extensions-greenhouse/audit-logs-otel/charts
  version: 0.0.2
- name: audit-poller
  repository: file://vendor/audit-poller
  version: 0.0.38
- name: owner-info
  repository: oci://keppel.eu-de-1.cloud.sap/ccloud-helm
  version: 1.0.0
- name: linkerd-support
  repository: oci://keppel.eu-de-1.cloud.sap/ccloud-helm
  version: 0.1.3
digest: sha256:43eb7fd718df96936780697d4b9fe5c2f13915bc41a576b6e23627155899141e
generated: "2025-08-18T16:02:41.96179+02:00"
