dependencies:
- name: audit-logs
  repository: file://../../../extensions-greenhouse/audit-logs/charts
  version: 0.0.4
- name: audit-poller
  repository: file://vendor/audit-poller
  version: 0.1.0
- name: auditd-converter
  repository: file://vendor/auditd-converter
  version: 0.0.1
- name: owner-info
  repository: oci://keppel.eu-de-1.cloud.sap/ccloud-helm
  version: 1.0.0
- name: linkerd-support
  repository: oci://keppel.eu-de-1.cloud.sap/ccloud-helm
  version: 1.1.1
digest: sha256:1b797d9a7b7eba85d0fbf6c29fdb2fd32e3a9eeefc3b6f1e57b23b4b242a1564
generated: "2025-11-07T10:59:19.640723+01:00"
