dependencies:
- name: linkerd-crds
  repository: https://helm.linkerd.io/edge
  version: 2024.11.8
- name: owner-info
  repository: oci://keppel.eu-de-1.cloud.sap/ccloud-helm
  version: 1.0.0
digest: sha256:7b9ad1664fc9b6f1638e4bba66871c89abe8d269532614d05d479ee6069ab603
generated: "2025-01-06T11:57:54.080936835+01:00"
