dependencies:
- name: linkerd-crds
  repository: https://helm.linkerd.io/edge
  version: 2026.1.1
- name: owner-info
  repository: oci://keppel.eu-de-1.cloud.sap/ccloud-helm
  version: 1.0.0
digest: sha256:85e95e3220a7a5683c9bfb300dfdf580c9b86e976aafdaf9bf80d485804ddc1f
generated: "2026-02-02T10:59:20.343663+01:00"
