dependencies:
- name: linkerd-crds
  repository: https://helm.linkerd.io/edge
  version: 2024.8.2
- name: owner-info
  repository: oci://keppel.eu-de-1.cloud.sap/ccloud-helm
  version: 1.0.0
digest: sha256:7d129d0770ad307f084394fd46b9f65c499340d3808af5bb0efc1479cc8d3683
generated: "2024-08-22T15:19:22.485087908+02:00"
