dependencies:
- name: linkerd-support
  repository: oci://keppel.eu-de-1.cloud.sap/ccloud-helm
  version: 1.1.1
- name: postgresql-ng
  repository: oci://keppel.eu-de-1.cloud.sap/ccloud-helm
  version: 2.0.28
- name: pgbackup
  repository: oci://keppel.eu-de-1.cloud.sap/ccloud-helm
  version: 1.2.20
- name: pgmetrics
  repository: oci://keppel.eu-de-1.cloud.sap/ccloud-helm
  version: 2.0.18
- name: owner-info
  repository: oci://keppel.eu-de-1.cloud.sap/ccloud-helm
  version: 1.0.0
digest: sha256:5d1f3035afa27db41b4ff47db72f532ecd010481b015fc22f513d68b3854f29a
generated: "2025-09-29T04:15:03.898158282Z"
