dependencies:
- name: linkerd-support
  repository: oci://keppel.eu-de-1.cloud.sap/ccloud-helm
  version: 1.0.0
- name: postgresql-ng
  repository: oci://keppel.eu-de-1.cloud.sap/ccloud-helm
  version: 1.0.34
- name: pgbackup
  repository: oci://keppel.eu-de-1.cloud.sap/ccloud-helm
  version: 1.0.3
- name: pgmetrics
  repository: oci://keppel.eu-de-1.cloud.sap/ccloud-helm
  version: 1.0.4
- name: owner-info
  repository: oci://keppel.eu-de-1.cloud.sap/ccloud-helm
  version: 1.0.0
digest: sha256:64fec992e6d734a9f77d9c64898e400945f65a3fbcda0714002b860e41516e8e
generated: "2024-06-18T09:57:59.599646993Z"
