dependencies:
- name: prometheus-server
  repository: https://charts.eu-de-2.cloud.sap
  version: 7.4.3
- name: thanos
  repository: https://charts.eu-de-2.cloud.sap
  version: 0.6.4
- name: owner-info
  repository: https://charts.eu-de-2.cloud.sap
  version: 0.2.0
digest: sha256:c8cfca36119424eee6a76a3095e053111d5fb20bc3988e945bccc22f3c7d0577
generated: "2023-11-17T12:15:37.592643+01:00"
