dependencies:
- name: prometheus-server
  repository: oci://keppel.eu-de-1.cloud.sap/ccloud-helm
  version: 8.1.3
- name: thanos
  repository: oci://keppel.eu-de-1.cloud.sap/ccloud-helm
  version: 1.3.1
- name: owner-info
  repository: oci://keppel.eu-de-1.cloud.sap/ccloud-helm
  version: 1.0.0
- name: prometheus-openstack-rules
  repository: oci://keppel.eu-de-1.cloud.sap/ccloud-helm
  version: 1.1.0
- name: linkerd-support
  repository: oci://keppel.eu-de-1.cloud.sap/ccloud-helm
  version: 1.1.1
digest: sha256:8e5e1c71573ce2d4756c9fbb5a671ebac95ffa5ff1a9de8ebbe9e256a6495bfc
generated: "2026-04-21T14:08:57.293025+02:00"
