dependencies:
- name: prometheus-server-test
  repository: https://charts.eu-de-2.cloud.sap
  version: 7.0.13
- name: thanos
  repository: https://charts.eu-de-2.cloud.sap
  version: 0.0.2
- name: kube-state-metrics-exporter
  repository: https://charts.eu-de-2.cloud.sap
  version: 0.1.7
digest: sha256:d2d778c66befa1355033bed5bc34cb26649c305c627fe3bc4ac374804872c614
generated: "2022-06-27T15:20:58.021858+02:00"
