dependencies:
- name: percona_cluster
  repository: oci://keppel.eu-de-1.cloud.sap/ccloud-helm
  version: 1.2.0
- name: pxc-db
  repository: oci://keppel.eu-de-1.cloud.sap/ccloud-helm
  version: 0.5.0
- name: mariadb
  repository: oci://keppel.eu-de-1.cloud.sap/ccloud-helm
  version: 0.27.1
- name: memcached
  repository: oci://keppel.eu-de-1.cloud.sap/ccloud-helm
  version: 0.6.12
- name: mysql_metrics
  repository: oci://keppel.eu-de-1.cloud.sap/ccloud-helm
  version: 0.5.2
- name: rabbitmq
  repository: oci://keppel.eu-de-1.cloud.sap/ccloud-helm
  version: 0.19.1
- name: utils
  repository: oci://keppel.eu-de-1.cloud.sap/ccloud-helm
  version: 0.29.0
- name: owner-info
  repository: oci://keppel.eu-de-1.cloud.sap/ccloud-helm
  version: 1.0.0
- name: linkerd-support
  repository: oci://keppel.eu-de-1.cloud.sap/ccloud-helm
  version: 1.1.0
- name: redis
  repository: oci://keppel.eu-de-1.cloud.sap/ccloud-helm
  version: 2.1.4
digest: sha256:371c2f324c4b172b170ff99c6820e9d927f4eab2f2a5198290fa23830f371ec5
generated: "2025-09-12T15:26:11.495599+02:00"
