dependencies:
- name: percona_cluster
  repository: https://charts.eu-de-2.cloud.sap
  version: 1.1.0
- name: mariadb
  repository: https://charts.eu-de-2.cloud.sap
  version: 0.7.5
- name: memcached
  repository: https://charts.eu-de-2.cloud.sap
  version: 0.0.11
- name: mysql_metrics
  repository: https://charts.eu-de-2.cloud.sap
  version: 0.2.7
- name: rabbitmq
  repository: https://charts.eu-de-2.cloud.sap
  version: 0.4.4
- name: rabbitmq_cluster
  repository: https://charts.eu-de-2.cloud.sap
  version: 0.1.6
- name: utils
  repository: https://charts.eu-de-2.cloud.sap
  version: 0.7.0
- name: owner-info
  repository: https://charts.eu-de-2.cloud.sap
  version: 0.2.0
digest: sha256:e1255ce3c932e4702a46d07a964beaae3c996af3a7841ddaf14ab0d86e98104b
generated: "2022-11-28T16:20:22.151154+01:00"
