dependencies:
- name: mariadb
  repository: file://../../common/mariadb
  version: 0.1.15
- name: memcached
  repository: file://../../common/memcached
  version: 0.0.3
- name: mysql_metrics
  repository: file://../../common/mysql_metrics
  version: 0.1.4
- name: rabbitmq
  repository: file://../../common/rabbitmq
  version: 0.1.6
- name: rabbitmq
  repository: file://../../common/rabbitmq
  version: 0.1.6
- name: region_check
  repository: file://../../common/region_check
  version: 0.1.1
- name: utils
  repository: file://../../openstack/utils
  version: 0.1.1
digest: sha256:864edb13d9a4ff1dfc5fd2bbd7248b772a87a8e86f8365c86a41cf7d9d8ed2af
generated: 2020-07-03T09:33:03.31143+02:00
