dependencies:
- name: percona_cluster
  repository: https://charts.eu-de-2.cloud.sap
  version: 1.0.6
- name: mariadb
  repository: https://charts.eu-de-2.cloud.sap
  version: 0.1.15
- name: memcached
  repository: https://charts.eu-de-2.cloud.sap
  version: 0.0.3
- name: mysql_metrics
  repository: https://charts.eu-de-2.cloud.sap
  version: 0.1.6
- name: rabbitmq
  repository: https://charts.eu-de-2.cloud.sap
  version: 0.1.6
- name: rabbitmq
  repository: https://charts.eu-de-2.cloud.sap
  version: 0.1.6
- name: region_check
  repository: https://charts.eu-de-2.cloud.sap
  version: 0.1.1
- name: utils
  repository: file://../../openstack/utils
  version: 0.1.1
digest: sha256:fcdf8a8749542f047839be8a113e54f5ea98a1ccd4d2202a343907ac7ba03cd4
generated: 2020-08-12T12:16:38.553164+02:00
