dependencies:
- name: percona_cluster
  repository: https://charts.eu-de-2.cloud.sap
  version: 1.0.6
- name: mariadb
  repository: https://charts.eu-de-2.cloud.sap
  version: 0.3.1
- name: memcached
  repository: https://charts.eu-de-2.cloud.sap
  version: 0.0.3
- name: mysql_metrics
  repository: https://charts.eu-de-2.cloud.sap
  version: 0.2.3
- name: rabbitmq
  repository: https://charts.eu-de-2.cloud.sap
  version: 0.1.6
- name: rabbitmq
  repository: https://charts.eu-de-2.cloud.sap
  version: 0.1.6
- name: region_check
  repository: https://charts.eu-de-2.cloud.sap
  version: 0.1.2
- name: utils
  repository: file://../../openstack/utils
  version: 0.1.1
digest: sha256:82aeca3d1d6058dde83c801eef882f5cd0b13c7fd7fa0b90ec8d01b250ee67b6
generated: "2020-11-10T11:20:40.028347+01:00"
