dependencies:
- name: fluent-audit-container
  repository: file://vendor/fluent-audit-container
  version: 2.0.42
- name: fluent-audit-systemd
  repository: file://vendor/fluent-audit-systemd
  version: 2.0.5
- name: logstash-audit-external
  repository: file://vendor/logstash-audit-external
  version: 2.0.22
- name: auditbeat
  repository: https://charts.eu-de-2.cloud.sap
  version: 0.1.20
- name: audit-poller
  repository: file://vendor/audit-poller
  version: 0.0.23
- name: ocb-datain-static-probes
  repository: file://vendor/ocb-datain-static-probes
  version: 0.1.6
- name: owner-info
  repository: https://charts.eu-de-2.cloud.sap
  version: 0.2.0
digest: sha256:c97a1a8c22b3f8bcb84cdaac9d537dffe835d87f62f34f408b0f017cea07bff3
generated: "2023-02-21T15:18:41.256817+01:00"
