dependencies:
- name: fluent-audit-container
  repository: file://vendor/fluent-audit-container
  version: 2.1.6
- name: fluent-audit-systemd
  repository: file://vendor/fluent-audit-systemd
  version: 2.0.12
- name: logstash-audit-external
  repository: file://vendor/logstash-audit-external
  version: 2.1.9
- name: auditbeat
  repository: https://charts.eu-de-2.cloud.sap
  version: 0.3.1
- name: audit-poller
  repository: file://vendor/audit-poller
  version: 0.0.32
- name: ocb-datain-static-probes
  repository: file://vendor/ocb-datain-static-probes
  version: 0.2.4
- name: owner-info
  repository: https://charts.eu-de-2.cloud.sap
  version: 0.2.0
- name: linkerd-support
  repository: oci://keppel.eu-de-1.cloud.sap/ccloud-helm
  version: 0.1.3
digest: sha256:ebb7ce858bcb4d5171f058f8bbd8d56fb20eba81ec51c8b8ca56ae25c69a9c1a
generated: "2024-03-25T11:21:48.527135+01:00"
