dependencies:
- name: fluent-audit-container
  repository: file://vendor/fluent-audit-container
  version: 2.0.39
- name: fluent-audit-systemd
  repository: file://vendor/fluent-audit-systemd
  version: 2.0.3
- name: logstash-audit-external
  repository: file://vendor/logstash-audit-external
  version: 2.0.22
- name: auditbeat
  repository: https://charts.eu-de-2.cloud.sap
  version: 0.1.20
- name: audit-poller
  repository: file://vendor/audit-poller
  version: 0.0.15
- name: ocb-datain-static-probes
  repository: file://vendor/ocb-datain-static-probes
  version: 0.1.4
digest: sha256:757fd0af90780082f657a863f2064d29555ff8c70242ae59229e731773527077
generated: "2022-10-18T11:28:32.575177+02:00"
